
Microsoft Visual Studio Solution File, Format Version 12.00
# Visual Studio Version 16
VisualStudioVersion = 16.0.29911.84
MinimumVisualStudioVersion = 10.0.40219.1
Project("{9A19103F-16F7-4668-BE54-9A1E7A4F7556}") = "Mahwous.API", "src\API\Mahwous.API\Mahwous.API.csproj", "{C434BD5B-C254-469F-9F01-BE0579793689}"
EndProject
Project("{9A19103F-16F7-4668-BE54-9A1E7A4F7556}") = "Mahwous.UI", "src\UI\Mahwous.UI\Mahwous.UI.csproj", "{004DE2C0-598B-440D-AAEE-3093380201A9}"
EndProject
Project("{2150E333-8FDC-42A3-9474-1A3956D46DE8}") = "mobile", "mobile", "{249323A2-1BED-4E22-9A81-D0BF9877B337}"
EndProject
Project("{2150E333-8FDC-42A3-9474-1A3956D46DE8}") = "QuotesApp", "QuotesApp", "{DA2ECCBF-D38D-491A-A073-4DB46D882F09}"
EndProject
Project("{FAE04EC0-301F-11D3-BF4B-00C04F79EFBC}") = "MahwousQuotes.Android", "mobile\MahwousQuotes\MahwousQuotes.Android\MahwousQuotes.Android.csproj", "{01E54A01-366D-4AF0-8E1E-D896BAEF4775}"
EndProject
Project("{FAE04EC0-301F-11D3-BF4B-00C04F79EFBC}") = "MahwousQuotes.iOS", "mobile\MahwousQuotes\MahwousQuotes.iOS\MahwousQuotes.iOS.csproj", "{5BD79099-63E7-43AB-AD82-3FAFF5F0D804}"
EndProject
Project("{9A19103F-16F7-4668-BE54-9A1E7A4F7556}") = "MahwousQuotes", "mobile\MahwousQuotes\MahwousQuotes\MahwousQuotes.csproj", "{5AE58CFB-3D20-46F8-B927-5C1A22FF0BC9}"
EndProject
Project("{2150E333-8FDC-42A3-9474-1A3956D46DE8}") = "VideosApp", "VideosApp", "{41B3B5AD-15E9-4083-9580-E4847A7F8EF9}"
EndProject
Project("{FAE04EC0-301F-11D3-BF4B-00C04F79EFBC}") = "MahwousVideos.Android", "mobile\MahwousVideos\MahwousVideos.Android\MahwousVideos.Android.csproj", "{1DCC40D2-1C58-40A6-A41A-0C616E188569}"
EndProject
Project("{FAE04EC0-301F-11D3-BF4B-00C04F79EFBC}") = "MahwousVideos.iOS", "mobile\MahwousVideos\MahwousVideos.iOS\MahwousVideos.iOS.csproj", "{8927ED03-8CEA-4BA9-A13A-5B6AAB86FDCD}"
EndProject
Project("{9A19103F-16F7-4668-BE54-9A1E7A4F7556}") = "MahwousVideos", "mobile\MahwousVideos\MahwousVideos\MahwousVideos.csproj", "{ABE386F9-E836-41C1-8D48-5193D9250907}"
EndProject
Project("{2150E333-8FDC-42A3-9474-1A3956D46DE8}") = "ImagesApp", "ImagesApp", "{51CD8EC1-364C-46F1-BBA7-E0B83016C292}"
EndProject
Project("{9A19103F-16F7-4668-BE54-9A1E7A4F7556}") = "MahwousMobile.Base", "mobile\MobileBase\MahwousMobile.Base\MahwousMobile.Base.csproj", "{E5B98B9E-9C2E-4E02-BA96-4811FC662F74}"
EndProject
Project("{FAE04EC0-301F-11D3-BF4B-00C04F79EFBC}") = "MahwousImages.Android", "mobile\MahwousImages\MahwousImages.Android\MahwousImages.Android.csproj", "{A2A9623F-48B2-49B7-B8FB-06753BD18C73}"
EndProject
Project("{FAE04EC0-301F-11D3-BF4B-00C04F79EFBC}") = "MahwousImages.iOS", "mobile\MahwousImages\MahwousImages.iOS\MahwousImages.iOS.csproj", "{2B7477A4-01E3-4740-9686-3D4B3BDF50F4}"
EndProject
Project("{9A19103F-16F7-4668-BE54-9A1E7A4F7556}") = "MahwousImages", "mobile\MahwousImages\MahwousImages\MahwousImages.csproj", "{0FD05829-E582-4AB9-A08F-45B5A994586B}"
EndProject
Project("{9A19103F-16F7-4668-BE54-9A1E7A4F7556}") = "Mahwous.Persistence", "src\Infrastructure\Mahwous.Persistence\Mahwous.Persistence.csproj", "{0F73631A-AC32-47DD-A74F-702BF1D01DAF}"
EndProject
Project("{9A19103F-16F7-4668-BE54-9A1E7A4F7556}") = "Mahwous.Service", "src\Services\Mahwous.Service\Mahwous.Service.csproj", "{E1593E2F-04A0-476A-9F81-EE1BC5BF4D0A}"
EndProject
Project("{2150E333-8FDC-42A3-9474-1A3956D46DE8}") = "MahwousApp", "MahwousApp", "{5E12A225-DE29-4F03-9646-98B39A3AF0A0}"
EndProject
Project("{FAE04EC0-301F-11D3-BF4B-00C04F79EFBC}") = "Mahwous.Android", "mobile\Mahwous\Mahwous.Android\Mahwous.Android.csproj", "{A4E80A95-08C5-47C8-98F6-9E36DB959BF2}"
EndProject
Project("{FAE04EC0-301F-11D3-BF4B-00C04F79EFBC}") = "Mahwous.iOS", "mobile\Mahwous\Mahwous.iOS\Mahwous.iOS.csproj", "{E542C639-665B-47AD-ABFE-86D8EEE706CB}"
EndProject
Project("{9A19103F-16F7-4668-BE54-9A1E7A4F7556}") = "Mahwous", "mobile\Mahwous\Mahwous\Mahwous.csproj", "{D65A8E54-8B91-4B5A-8C82-C5A4BB84A0F3}"
EndProject
Project("{2150E333-8FDC-42A3-9474-1A3956D46DE8}") = "MobileBase", "MobileBase", "{09DCEDBE-E8D6-4E0F-A38F-76378E25C814}"
EndProject
Project("{FAE04EC0-301F-11D3-BF4B-00C04F79EFBC}") = "MobileBase.Android", "mobile\MobileBase\MobileBase.Android\MobileBase.Android.csproj", "{57BB6394-2F90-4EE6-93D4-BFE466EEF1C7}"
EndProject
Project("{2150E333-8FDC-42A3-9474-1A3956D46DE8}") = "src", "src", "{7ACFF8EF-68B3-4DD4-9BB3-25025498BF20}"
EndProject
Project("{2150E333-8FDC-42A3-9474-1A3956D46DE8}") = "Infrastructure", "Infrastructure", "{37CC05A6-26C2-43B1-8A22-2927E4A9D8F2}"
EndProject
Project("{2150E333-8FDC-42A3-9474-1A3956D46DE8}") = "UI", "UI", "{642543CC-B5B0-4042-9F09-23C7AC023053}"
EndProject
Project("{2150E333-8FDC-42A3-9474-1A3956D46DE8}") = "API", "API", "{F8641F9B-BE4F-4B8F-842D-A7E9311FA2C2}"
EndProject
Project("{2150E333-8FDC-42A3-9474-1A3956D46DE8}") = "Application", "Application", "{B1837922-F7AB-4D07-A41F-D1466DE69CA9}"
EndProject
Project("{2150E333-8FDC-42A3-9474-1A3956D46DE8}") = "Core", "Core", "{FA7081FE-E79A-4BEA-8ECE-9764C69B3BE7}"
EndProject
Project("{9A19103F-16F7-4668-BE54-9A1E7A4F7556}") = "Mahwous.Core", "src\Core\Mahwous.Core\Mahwous.Core.csproj", "{E2DA9DC7-DC06-4FE2-A556-6496137CF24E}"
EndProject
Project("{9A19103F-16F7-4668-BE54-9A1E7A4F7556}") = "Mahwous.Application", "src\Application\Mahwous.Application\Mahwous.Application.csproj", "{6B3CF09E-E869-4162-9824-FD4E28D116A7}"
EndProject
Project("{2150E333-8FDC-42A3-9474-1A3956D46DE8}") = "test", "test", "{0D480C71-1C9C-4A11-8187-2BE5E12A5A83}"
EndProject
Project("{2150E333-8FDC-42A3-9474-1A3956D46DE8}") = "ClientServices", "ClientServices", "{C7426637-E3A6-4743-B66D-42E4B4E993BA}"
EndProject
Project("{9A19103F-16F7-4668-BE54-9A1E7A4F7556}") = "Mahwous.Test", "tests\Mahwous.Test\Mahwous.Test.csproj", "{3519A74C-33B9-4375-B718-46DC2F8A44C1}"
EndProject
Project("{9A19103F-16F7-4668-BE54-9A1E7A4F7556}") = "Mahwous.DependencyInjection", "src\Infrastructure\Mahwous.DependencyInjection\Mahwous.DependencyInjection.csproj", "{E153145F-6BA9-4148-87B8-C5F92AEC54DA}"
EndProject
Project("{9A19103F-16F7-4668-BE54-9A1E7A4F7556}") = "Mahwous.FileStorageServices", "src\Infrastructure\Mahwous.FileStorageServices\Mahwous.FileStorageServices.csproj", "{42FAB07D-3A8E-487D-9B4F-6C702C3077A7}"
EndProject
Project("{FAE04EC0-301F-11D3-BF4B-00C04F79EFBC}") = "Mahwous.EmailServices", "src\Infrastructure\Mahwous.EmailServices\Mahwous.EmailServices.csproj", "{2AA6039F-1FAB-499E-9E11-EBC9DAD0EFB2}"
EndProject
Global
	GlobalSection(SolutionConfigurationPlatforms) = preSolution
		Debug|Any CPU = Debug|Any CPU
		Debug|ARM = Debug|ARM
		Debug|iPhone = Debug|iPhone
		Debug|iPhoneSimulator = Debug|iPhoneSimulator
		Debug|x64 = Debug|x64
		Debug|x86 = Debug|x86
		Release|Any CPU = Release|Any CPU
		Release|ARM = Release|ARM
		Release|iPhone = Release|iPhone
		Release|iPhoneSimulator = Release|iPhoneSimulator
		Release|x64 = Release|x64
		Release|x86 = Release|x86
	EndGlobalSection
	GlobalSection(ProjectConfigurationPlatforms) = postSolution
		{C434BD5B-C254-469F-9F01-BE0579793689}.Debug|Any CPU.ActiveCfg = Debug|Any CPU
		{C434BD5B-C254-469F-9F01-BE0579793689}.Debug|Any CPU.Build.0 = Debug|Any CPU
		{C434BD5B-C254-469F-9F01-BE0579793689}.Debug|ARM.ActiveCfg = Debug|Any CPU
		{C434BD5B-C254-469F-9F01-BE0579793689}.Debug|ARM.Build.0 = Debug|Any CPU
		{C434BD5B-C254-469F-9F01-BE0579793689}.Debug|iPhone.ActiveCfg = Debug|Any CPU
		{C434BD5B-C254-469F-9F01-BE0579793689}.Debug|iPhone.Build.0 = Debug|Any CPU
		{C434BD5B-C254-469F-9F01-BE0579793689}.Debug|iPhoneSimulator.ActiveCfg = Debug|Any CPU
		{C434BD5B-C254-469F-9F01-BE0579793689}.Debug|iPhoneSimulator.Build.0 = Debug|Any CPU
		{C434BD5B-C254-469F-9F01-BE0579793689}.Debug|x64.ActiveCfg = Debug|Any CPU
		{C434BD5B-C254-469F-9F01-BE0579793689}.Debug|x64.Build.0 = Debug|Any CPU
		{C434BD5B-C254-469F-9F01-BE0579793689}.Debug|x86.ActiveCfg = Debug|Any CPU
		{C434BD5B-C254-469F-9F01-BE0579793689}.Debug|x86.Build.0 = Debug|Any CPU
		{C434BD5B-C254-469F-9F01-BE0579793689}.Release|Any CPU.ActiveCfg = Release|Any CPU
		{C434BD5B-C254-469F-9F01-BE0579793689}.Release|Any CPU.Build.0 = Release|Any CPU
		{C434BD5B-C254-469F-9F01-BE0579793689}.Release|ARM.ActiveCfg = Release|Any CPU
		{C434BD5B-C254-469F-9F01-BE0579793689}.Release|ARM.Build.0 = Release|Any CPU
		{C434BD5B-C254-469F-9F01-BE0579793689}.Release|iPhone.ActiveCfg = Release|Any CPU
		{C434BD5B-C254-469F-9F01-BE0579793689}.Release|iPhone.Build.0 = Release|Any CPU
		{C434BD5B-C254-469F-9F01-BE0579793689}.Release|iPhoneSimulator.ActiveCfg = Release|Any CPU
		{C434BD5B-C254-469F-9F01-BE0579793689}.Release|iPhoneSimulator.Build.0 = Release|Any CPU
		{C434BD5B-C254-469F-9F01-BE0579793689}.Release|x64.ActiveCfg = Release|Any CPU
		{C434BD5B-C254-469F-9F01-BE0579793689}.Release|x64.Build.0 = Release|Any CPU
		{C434BD5B-C254-469F-9F01-BE0579793689}.Release|x86.ActiveCfg = Release|Any CPU
		{C434BD5B-C254-469F-9F01-BE0579793689}.Release|x86.Build.0 = Release|Any CPU
		{004DE2C0-598B-440D-AAEE-3093380201A9}.Debug|Any CPU.ActiveCfg = Debug|Any CPU
		{004DE2C0-598B-440D-AAEE-3093380201A9}.Debug|Any CPU.Build.0 = Debug|Any CPU
		{004DE2C0-598B-440D-AAEE-3093380201A9}.Debug|ARM.ActiveCfg = Debug|Any CPU
		{004DE2C0-598B-440D-AAEE-3093380201A9}.Debug|ARM.Build.0 = Debug|Any CPU
		{004DE2C0-598B-440D-AAEE-3093380201A9}.Debug|iPhone.ActiveCfg = Debug|Any CPU
		{004DE2C0-598B-440D-AAEE-3093380201A9}.Debug|iPhone.Build.0 = Debug|Any CPU
		{004DE2C0-598B-440D-AAEE-3093380201A9}.Debug|iPhoneSimulator.ActiveCfg = Debug|Any CPU
		{004DE2C0-598B-440D-AAEE-3093380201A9}.Debug|iPhoneSimulator.Build.0 = Debug|Any CPU
		{004DE2C0-598B-440D-AAEE-3093380201A9}.Debug|x64.ActiveCfg = Debug|Any CPU
		{004DE2C0-598B-440D-AAEE-3093380201A9}.Debug|x64.Build.0 = Debug|Any CPU
		{004DE2C0-598B-440D-AAEE-3093380201A9}.Debug|x86.ActiveCfg = Debug|Any CPU
		{004DE2C0-598B-440D-AAEE-3093380201A9}.Debug|x86.Build.0 = Debug|Any CPU
		{004DE2C0-598B-440D-AAEE-3093380201A9}.Release|Any CPU.ActiveCfg = Release|Any CPU
		{004DE2C0-598B-440D-AAEE-3093380201A9}.Release|Any CPU.Build.0 = Release|Any CPU
		{004DE2C0-598B-440D-AAEE-3093380201A9}.Release|ARM.ActiveCfg = Release|Any CPU
		{004DE2C0-598B-440D-AAEE-3093380201A9}.Release|ARM.Build.0 = Release|Any CPU
		{004DE2C0-598B-440D-AAEE-3093380201A9}.Release|iPhone.ActiveCfg = Release|Any CPU
		{004DE2C0-598B-440D-AAEE-3093380201A9}.Release|iPhone.Build.0 = Release|Any CPU
		{004DE2C0-598B-440D-AAEE-3093380201A9}.Release|iPhoneSimulator.ActiveCfg = Release|Any CPU
		{004DE2C0-598B-440D-AAEE-3093380201A9}.Release|iPhoneSimulator.Build.0 = Release|Any CPU
		{004DE2C0-598B-440D-AAEE-3093380201A9}.Release|x64.ActiveCfg = Release|Any CPU
		{004DE2C0-598B-440D-AAEE-3093380201A9}.Release|x64.Build.0 = Release|Any CPU
		{004DE2C0-598B-440D-AAEE-3093380201A9}.Release|x86.ActiveCfg = Release|Any CPU
		{004DE2C0-598B-440D-AAEE-3093380201A9}.Release|x86.Build.0 = Release|Any CPU
		{01E54A01-366D-4AF0-8E1E-D896BAEF4775}.Debug|Any CPU.ActiveCfg = Debug|Any CPU
		{01E54A01-366D-4AF0-8E1E-D896BAEF4775}.Debug|Any CPU.Build.0 = Debug|Any CPU
		{01E54A01-366D-4AF0-8E1E-D896BAEF4775}.Debug|Any CPU.Deploy.0 = Debug|Any CPU
		{01E54A01-366D-4AF0-8E1E-D896BAEF4775}.Debug|ARM.ActiveCfg = Debug|Any CPU
		{01E54A01-366D-4AF0-8E1E-D896BAEF4775}.Debug|ARM.Build.0 = Debug|Any CPU
		{01E54A01-366D-4AF0-8E1E-D896BAEF4775}.Debug|ARM.Deploy.0 = Debug|Any CPU
		{01E54A01-366D-4AF0-8E1E-D896BAEF4775}.Debug|iPhone.ActiveCfg = Debug|Any CPU
		{01E54A01-366D-4AF0-8E1E-D896BAEF4775}.Debug|iPhone.Build.0 = Debug|Any CPU
		{01E54A01-366D-4AF0-8E1E-D896BAEF4775}.Debug|iPhone.Deploy.0 = Debug|Any CPU
		{01E54A01-366D-4AF0-8E1E-D896BAEF4775}.Debug|iPhoneSimulator.ActiveCfg = Debug|Any CPU
		{01E54A01-366D-4AF0-8E1E-D896BAEF4775}.Debug|iPhoneSimulator.Build.0 = Debug|Any CPU
		{01E54A01-366D-4AF0-8E1E-D896BAEF4775}.Debug|iPhoneSimulator.Deploy.0 = Debug|Any CPU
		{01E54A01-366D-4AF0-8E1E-D896BAEF4775}.Debug|x64.ActiveCfg = Debug|Any CPU
		{01E54A01-366D-4AF0-8E1E-D896BAEF4775}.Debug|x64.Build.0 = Debug|Any CPU
		{01E54A01-366D-4AF0-8E1E-D896BAEF4775}.Debug|x64.Deploy.0 = Debug|Any CPU
		{01E54A01-366D-4AF0-8E1E-D896BAEF4775}.Debug|x86.ActiveCfg = Debug|Any CPU
		{01E54A01-366D-4AF0-8E1E-D896BAEF4775}.Debug|x86.Build.0 = Debug|Any CPU
		{01E54A01-366D-4AF0-8E1E-D896BAEF4775}.Debug|x86.Deploy.0 = Debug|Any CPU
		{01E54A01-366D-4AF0-8E1E-D896BAEF4775}.Release|Any CPU.ActiveCfg = Release|Any CPU
		{01E54A01-366D-4AF0-8E1E-D896BAEF4775}.Release|Any CPU.Build.0 = Release|Any CPU
		{01E54A01-366D-4AF0-8E1E-D896BAEF4775}.Release|Any CPU.Deploy.0 = Release|Any CPU
		{01E54A01-366D-4AF0-8E1E-D896BAEF4775}.Release|ARM.ActiveCfg = Release|Any CPU
		{01E54A01-366D-4AF0-8E1E-D896BAEF4775}.Release|ARM.Build.0 = Release|Any CPU
		{01E54A01-366D-4AF0-8E1E-D896BAEF4775}.Release|ARM.Deploy.0 = Release|Any CPU
		{01E54A01-366D-4AF0-8E1E-D896BAEF4775}.Release|iPhone.ActiveCfg = Release|Any CPU
		{01E54A01-366D-4AF0-8E1E-D896BAEF4775}.Release|iPhone.Build.0 = Release|Any CPU
		{01E54A01-366D-4AF0-8E1E-D896BAEF4775}.Release|iPhone.Deploy.0 = Release|Any CPU
		{01E54A01-366D-4AF0-8E1E-D896BAEF4775}.Release|iPhoneSimulator.ActiveCfg = Release|Any CPU
		{01E54A01-366D-4AF0-8E1E-D896BAEF4775}.Release|iPhoneSimulator.Build.0 = Release|Any CPU
		{01E54A01-366D-4AF0-8E1E-D896BAEF4775}.Release|iPhoneSimulator.Deploy.0 = Release|Any CPU
		{01E54A01-366D-4AF0-8E1E-D896BAEF4775}.Release|x64.ActiveCfg = Release|Any CPU
		{01E54A01-366D-4AF0-8E1E-D896BAEF4775}.Release|x64.Build.0 = Release|Any CPU
		{01E54A01-366D-4AF0-8E1E-D896BAEF4775}.Release|x64.Deploy.0 = Release|Any CPU
		{01E54A01-366D-4AF0-8E1E-D896BAEF4775}.Release|x86.ActiveCfg = Release|Any CPU
		{01E54A01-366D-4AF0-8E1E-D896BAEF4775}.Release|x86.Build.0 = Release|Any CPU
		{01E54A01-366D-4AF0-8E1E-D896BAEF4775}.Release|x86.Deploy.0 = Release|Any CPU
		{5BD79099-63E7-43AB-AD82-3FAFF5F0D804}.Debug|Any CPU.ActiveCfg = Debug|iPhone
		{5BD79099-63E7-43AB-AD82-3FAFF5F0D804}.Debug|ARM.ActiveCfg = Debug|iPhone
		{5BD79099-63E7-43AB-AD82-3FAFF5F0D804}.Debug|iPhone.ActiveCfg = Debug|iPhone
		{5BD79099-63E7-43AB-AD82-3FAFF5F0D804}.Debug|iPhone.Build.0 = Debug|iPhone
		{5BD79099-63E7-43AB-AD82-3FAFF5F0D804}.Debug|iPhoneSimulator.ActiveCfg = Debug|iPhoneSimulator
		{5BD79099-63E7-43AB-AD82-3FAFF5F0D804}.Debug|iPhoneSimulator.Build.0 = Debug|iPhoneSimulator
		{5BD79099-63E7-43AB-AD82-3FAFF5F0D804}.Debug|x64.ActiveCfg = Debug|iPhone
		{5BD79099-63E7-43AB-AD82-3FAFF5F0D804}.Debug|x86.ActiveCfg = Debug|iPhone
		{5BD79099-63E7-43AB-AD82-3FAFF5F0D804}.Release|Any CPU.ActiveCfg = Release|iPhone
		{5BD79099-63E7-43AB-AD82-3FAFF5F0D804}.Release|ARM.ActiveCfg = Release|iPhone
		{5BD79099-63E7-43AB-AD82-3FAFF5F0D804}.Release|iPhone.ActiveCfg = Release|iPhone
		{5BD79099-63E7-43AB-AD82-3FAFF5F0D804}.Release|iPhone.Build.0 = Release|iPhone
		{5BD79099-63E7-43AB-AD82-3FAFF5F0D804}.Release|iPhoneSimulator.ActiveCfg = Release|iPhoneSimulator
		{5BD79099-63E7-43AB-AD82-3FAFF5F0D804}.Release|iPhoneSimulator.Build.0 = Release|iPhoneSimulator
		{5BD79099-63E7-43AB-AD82-3FAFF5F0D804}.Release|x64.ActiveCfg = Release|iPhone
		{5BD79099-63E7-43AB-AD82-3FAFF5F0D804}.Release|x86.ActiveCfg = Release|iPhone
		{5AE58CFB-3D20-46F8-B927-5C1A22FF0BC9}.Debug|Any CPU.ActiveCfg = Debug|Any CPU
		{5AE58CFB-3D20-46F8-B927-5C1A22FF0BC9}.Debug|Any CPU.Build.0 = Debug|Any CPU
		{5AE58CFB-3D20-46F8-B927-5C1A22FF0BC9}.Debug|ARM.ActiveCfg = Debug|Any CPU
		{5AE58CFB-3D20-46F8-B927-5C1A22FF0BC9}.Debug|ARM.Build.0 = Debug|Any CPU
		{5AE58CFB-3D20-46F8-B927-5C1A22FF0BC9}.Debug|iPhone.ActiveCfg = Debug|Any CPU
		{5AE58CFB-3D20-46F8-B927-5C1A22FF0BC9}.Debug|iPhone.Build.0 = Debug|Any CPU
		{5AE58CFB-3D20-46F8-B927-5C1A22FF0BC9}.Debug|iPhoneSimulator.ActiveCfg = Debug|Any CPU
		{5AE58CFB-3D20-46F8-B927-5C1A22FF0BC9}.Debug|iPhoneSimulator.Build.0 = Debug|Any CPU
		{5AE58CFB-3D20-46F8-B927-5C1A22FF0BC9}.Debug|x64.ActiveCfg = Debug|Any CPU
		{5AE58CFB-3D20-46F8-B927-5C1A22FF0BC9}.Debug|x64.Build.0 = Debug|Any CPU
		{5AE58CFB-3D20-46F8-B927-5C1A22FF0BC9}.Debug|x86.ActiveCfg = Debug|Any CPU
		{5AE58CFB-3D20-46F8-B927-5C1A22FF0BC9}.Debug|x86.Build.0 = Debug|Any CPU
		{5AE58CFB-3D20-46F8-B927-5C1A22FF0BC9}.Release|Any CPU.ActiveCfg = Release|Any CPU
		{5AE58CFB-3D20-46F8-B927-5C1A22FF0BC9}.Release|Any CPU.Build.0 = Release|Any CPU
		{5AE58CFB-3D20-46F8-B927-5C1A22FF0BC9}.Release|ARM.ActiveCfg = Release|Any CPU
		{5AE58CFB-3D20-46F8-B927-5C1A22FF0BC9}.Release|ARM.Build.0 = Release|Any CPU
		{5AE58CFB-3D20-46F8-B927-5C1A22FF0BC9}.Release|iPhone.ActiveCfg = Release|Any CPU
		{5AE58CFB-3D20-46F8-B927-5C1A22FF0BC9}.Release|iPhone.Build.0 = Release|Any CPU
		{5AE58CFB-3D20-46F8-B927-5C1A22FF0BC9}.Release|iPhoneSimulator.ActiveCfg = Release|Any CPU
		{5AE58CFB-3D20-46F8-B927-5C1A22FF0BC9}.Release|iPhoneSimulator.Build.0 = Release|Any CPU
		{5AE58CFB-3D20-46F8-B927-5C1A22FF0BC9}.Release|x64.ActiveCfg = Release|Any CPU
		{5AE58CFB-3D20-46F8-B927-5C1A22FF0BC9}.Release|x64.Build.0 = Release|Any CPU
		{5AE58CFB-3D20-46F8-B927-5C1A22FF0BC9}.Release|x86.ActiveCfg = Release|Any CPU
		{5AE58CFB-3D20-46F8-B927-5C1A22FF0BC9}.Release|x86.Build.0 = Release|Any CPU
		{1DCC40D2-1C58-40A6-A41A-0C616E188569}.Debug|Any CPU.ActiveCfg = Debug|Any CPU
		{1DCC40D2-1C58-40A6-A41A-0C616E188569}.Debug|Any CPU.Build.0 = Debug|Any CPU
		{1DCC40D2-1C58-40A6-A41A-0C616E188569}.Debug|Any CPU.Deploy.0 = Debug|Any CPU
		{1DCC40D2-1C58-40A6-A41A-0C616E188569}.Debug|ARM.ActiveCfg = Debug|Any CPU
		{1DCC40D2-1C58-40A6-A41A-0C616E188569}.Debug|ARM.Build.0 = Debug|Any CPU
		{1DCC40D2-1C58-40A6-A41A-0C616E188569}.Debug|ARM.Deploy.0 = Debug|Any CPU
		{1DCC40D2-1C58-40A6-A41A-0C616E188569}.Debug|iPhone.ActiveCfg = Debug|Any CPU
		{1DCC40D2-1C58-40A6-A41A-0C616E188569}.Debug|iPhone.Build.0 = Debug|Any CPU
		{1DCC40D2-1C58-40A6-A41A-0C616E188569}.Debug|iPhone.Deploy.0 = Debug|Any CPU
		{1DCC40D2-1C58-40A6-A41A-0C616E188569}.Debug|iPhoneSimulator.ActiveCfg = Debug|Any CPU
		{1DCC40D2-1C58-40A6-A41A-0C616E188569}.Debug|iPhoneSimulator.Build.0 = Debug|Any CPU
		{1DCC40D2-1C58-40A6-A41A-0C616E188569}.Debug|iPhoneSimulator.Deploy.0 = Debug|Any CPU
		{1DCC40D2-1C58-40A6-A41A-0C616E188569}.Debug|x64.ActiveCfg = Debug|Any CPU
		{1DCC40D2-1C58-40A6-A41A-0C616E188569}.Debug|x64.Build.0 = Debug|Any CPU
		{1DCC40D2-1C58-40A6-A41A-0C616E188569}.Debug|x64.Deploy.0 = Debug|Any CPU
		{1DCC40D2-1C58-40A6-A41A-0C616E188569}.Debug|x86.ActiveCfg = Debug|Any CPU
		{1DCC40D2-1C58-40A6-A41A-0C616E188569}.Debug|x86.Build.0 = Debug|Any CPU
		{1DCC40D2-1C58-40A6-A41A-0C616E188569}.Debug|x86.Deploy.0 = Debug|Any CPU
		{1DCC40D2-1C58-40A6-A41A-0C616E188569}.Release|Any CPU.ActiveCfg = Release|Any CPU
		{1DCC40D2-1C58-40A6-A41A-0C616E188569}.Release|Any CPU.Build.0 = Release|Any CPU
		{1DCC40D2-1C58-40A6-A41A-0C616E188569}.Release|Any CPU.Deploy.0 = Release|Any CPU
		{1DCC40D2-1C58-40A6-A41A-0C616E188569}.Release|ARM.ActiveCfg = Release|Any CPU
		{1DCC40D2-1C58-40A6-A41A-0C616E188569}.Release|ARM.Build.0 = Release|Any CPU
		{1DCC40D2-1C58-40A6-A41A-0C616E188569}.Release|ARM.Deploy.0 = Release|Any CPU
		{1DCC40D2-1C58-40A6-A41A-0C616E188569}.Release|iPhone.ActiveCfg = Release|Any CPU
		{1DCC40D2-1C58-40A6-A41A-0C616E188569}.Release|iPhone.Build.0 = Release|Any CPU
		{1DCC40D2-1C58-40A6-A41A-0C616E188569}.Release|iPhone.Deploy.0 = Release|Any CPU
		{1DCC40D2-1C58-40A6-A41A-0C616E188569}.Release|iPhoneSimulator.ActiveCfg = Release|Any CPU
		{1DCC40D2-1C58-40A6-A41A-0C616E188569}.Release|iPhoneSimulator.Build.0 = Release|Any CPU
		{1DCC40D2-1C58-40A6-A41A-0C616E188569}.Release|iPhoneSimulator.Deploy.0 = Release|Any CPU
		{1DCC40D2-1C58-40A6-A41A-0C616E188569}.Release|x64.ActiveCfg = Release|Any CPU
		{1DCC40D2-1C58-40A6-A41A-0C616E188569}.Release|x64.Build.0 = Release|Any CPU
		{1DCC40D2-1C58-40A6-A41A-0C616E188569}.Release|x64.Deploy.0 = Release|Any CPU
		{1DCC40D2-1C58-40A6-A41A-0C616E188569}.Release|x86.ActiveCfg = Release|Any CPU
		{1DCC40D2-1C58-40A6-A41A-0C616E188569}.Release|x86.Build.0 = Release|Any CPU
		{1DCC40D2-1C58-40A6-A41A-0C616E188569}.Release|x86.Deploy.0 = Release|Any CPU
		{8927ED03-8CEA-4BA9-A13A-5B6AAB86FDCD}.Debug|Any CPU.ActiveCfg = Debug|iPhone
		{8927ED03-8CEA-4BA9-A13A-5B6AAB86FDCD}.Debug|ARM.ActiveCfg = Debug|iPhone
		{8927ED03-8CEA-4BA9-A13A-5B6AAB86FDCD}.Debug|iPhone.ActiveCfg = Debug|iPhone
		{8927ED03-8CEA-4BA9-A13A-5B6AAB86FDCD}.Debug|iPhone.Build.0 = Debug|iPhone
		{8927ED03-8CEA-4BA9-A13A-5B6AAB86FDCD}.Debug|iPhoneSimulator.ActiveCfg = Debug|iPhoneSimulator
		{8927ED03-8CEA-4BA9-A13A-5B6AAB86FDCD}.Debug|iPhoneSimulator.Build.0 = Debug|iPhoneSimulator
		{8927ED03-8CEA-4BA9-A13A-5B6AAB86FDCD}.Debug|x64.ActiveCfg = Debug|iPhone
		{8927ED03-8CEA-4BA9-A13A-5B6AAB86FDCD}.Debug|x86.ActiveCfg = Debug|iPhone
		{8927ED03-8CEA-4BA9-A13A-5B6AAB86FDCD}.Release|Any CPU.ActiveCfg = Release|iPhone
		{8927ED03-8CEA-4BA9-A13A-5B6AAB86FDCD}.Release|ARM.ActiveCfg = Release|iPhone
		{8927ED03-8CEA-4BA9-A13A-5B6AAB86FDCD}.Release|iPhone.ActiveCfg = Release|iPhone
		{8927ED03-8CEA-4BA9-A13A-5B6AAB86FDCD}.Release|iPhone.Build.0 = Release|iPhone
		{8927ED03-8CEA-4BA9-A13A-5B6AAB86FDCD}.Release|iPhoneSimulator.ActiveCfg = Release|iPhoneSimulator
		{8927ED03-8CEA-4BA9-A13A-5B6AAB86FDCD}.Release|iPhoneSimulator.Build.0 = Release|iPhoneSimulator
		{8927ED03-8CEA-4BA9-A13A-5B6AAB86FDCD}.Release|x64.ActiveCfg = Release|iPhone
		{8927ED03-8CEA-4BA9-A13A-5B6AAB86FDCD}.Release|x86.ActiveCfg = Release|iPhone
		{ABE386F9-E836-41C1-8D48-5193D9250907}.Debug|Any CPU.ActiveCfg = Debug|Any CPU
		{ABE386F9-E836-41C1-8D48-5193D9250907}.Debug|Any CPU.Build.0 = Debug|Any CPU
		{ABE386F9-E836-41C1-8D48-5193D9250907}.Debug|ARM.ActiveCfg = Debug|Any CPU
		{ABE386F9-E836-41C1-8D48-5193D9250907}.Debug|ARM.Build.0 = Debug|Any CPU
		{ABE386F9-E836-41C1-8D48-5193D9250907}.Debug|iPhone.ActiveCfg = Debug|Any CPU
		{ABE386F9-E836-41C1-8D48-5193D9250907}.Debug|iPhone.Build.0 = Debug|Any CPU
		{ABE386F9-E836-41C1-8D48-5193D9250907}.Debug|iPhoneSimulator.ActiveCfg = Debug|Any CPU
		{ABE386F9-E836-41C1-8D48-5193D9250907}.Debug|iPhoneSimulator.Build.0 = Debug|Any CPU
		{ABE386F9-E836-41C1-8D48-5193D9250907}.Debug|x64.ActiveCfg = Debug|Any CPU
		{ABE386F9-E836-41C1-8D48-5193D9250907}.Debug|x64.Build.0 = Debug|Any CPU
		{ABE386F9-E836-41C1-8D48-5193D9250907}.Debug|x86.ActiveCfg = Debug|Any CPU
		{ABE386F9-E836-41C1-8D48-5193D9250907}.Debug|x86.Build.0 = Debug|Any CPU
		{ABE386F9-E836-41C1-8D48-5193D9250907}.Release|Any CPU.ActiveCfg = Release|Any CPU
		{ABE386F9-E836-41C1-8D48-5193D9250907}.Release|Any CPU.Build.0 = Release|Any CPU
		{ABE386F9-E836-41C1-8D48-5193D9250907}.Release|ARM.ActiveCfg = Release|Any CPU
		{ABE386F9-E836-41C1-8D48-5193D9250907}.Release|ARM.Build.0 = Release|Any CPU
		{ABE386F9-E836-41C1-8D48-5193D9250907}.Release|iPhone.ActiveCfg = Release|Any CPU
		{ABE386F9-E836-41C1-8D48-5193D9250907}.Release|iPhone.Build.0 = Release|Any CPU
		{ABE386F9-E836-41C1-8D48-5193D9250907}.Release|iPhoneSimulator.ActiveCfg = Release|Any CPU
		{ABE386F9-E836-41C1-8D48-5193D9250907}.Release|iPhoneSimulator.Build.0 = Release|Any CPU
		{ABE386F9-E836-41C1-8D48-5193D9250907}.Release|x64.ActiveCfg = Release|Any CPU
		{ABE386F9-E836-41C1-8D48-5193D9250907}.Release|x64.Build.0 = Release|Any CPU
		{ABE386F9-E836-41C1-8D48-5193D9250907}.Release|x86.ActiveCfg = Release|Any CPU
		{ABE386F9-E836-41C1-8D48-5193D9250907}.Release|x86.Build.0 = Release|Any CPU
		{E5B98B9E-9C2E-4E02-BA96-4811FC662F74}.Debug|Any CPU.ActiveCfg = Debug|Any CPU
		{E5B98B9E-9C2E-4E02-BA96-4811FC662F74}.Debug|Any CPU.Build.0 = Debug|Any CPU
		{E5B98B9E-9C2E-4E02-BA96-4811FC662F74}.Debug|ARM.ActiveCfg = Debug|Any CPU
		{E5B98B9E-9C2E-4E02-BA96-4811FC662F74}.Debug|ARM.Build.0 = Debug|Any CPU
		{E5B98B9E-9C2E-4E02-BA96-4811FC662F74}.Debug|iPhone.ActiveCfg = Debug|Any CPU
		{E5B98B9E-9C2E-4E02-BA96-4811FC662F74}.Debug|iPhone.Build.0 = Debug|Any CPU
		{E5B98B9E-9C2E-4E02-BA96-4811FC662F74}.Debug|iPhoneSimulator.ActiveCfg = Debug|Any CPU
		{E5B98B9E-9C2E-4E02-BA96-4811FC662F74}.Debug|iPhoneSimulator.Build.0 = Debug|Any CPU
		{E5B98B9E-9C2E-4E02-BA96-4811FC662F74}.Debug|x64.ActiveCfg = Debug|Any CPU
		{E5B98B9E-9C2E-4E02-BA96-4811FC662F74}.Debug|x64.Build.0 = Debug|Any CPU
		{E5B98B9E-9C2E-4E02-BA96-4811FC662F74}.Debug|x86.ActiveCfg = Debug|Any CPU
		{E5B98B9E-9C2E-4E02-BA96-4811FC662F74}.Debug|x86.Build.0 = Debug|Any CPU
		{E5B98B9E-9C2E-4E02-BA96-4811FC662F74}.Release|Any CPU.ActiveCfg = Release|Any CPU
		{E5B98B9E-9C2E-4E02-BA96-4811FC662F74}.Release|Any CPU.Build.0 = Release|Any CPU
		{E5B98B9E-9C2E-4E02-BA96-4811FC662F74}.Release|ARM.ActiveCfg = Release|Any CPU
		{E5B98B9E-9C2E-4E02-BA96-4811FC662F74}.Release|ARM.Build.0 = Release|Any CPU
		{E5B98B9E-9C2E-4E02-BA96-4811FC662F74}.Release|iPhone.ActiveCfg = Release|Any CPU
		{E5B98B9E-9C2E-4E02-BA96-4811FC662F74}.Release|iPhone.Build.0 = Release|Any CPU
		{E5B98B9E-9C2E-4E02-BA96-4811FC662F74}.Release|iPhoneSimulator.ActiveCfg = Release|Any CPU
		{E5B98B9E-9C2E-4E02-BA96-4811FC662F74}.Release|iPhoneSimulator.Build.0 = Release|Any CPU
		{E5B98B9E-9C2E-4E02-BA96-4811FC662F74}.Release|x64.ActiveCfg = Release|Any CPU
		{E5B98B9E-9C2E-4E02-BA96-4811FC662F74}.Release|x64.Build.0 = Release|Any CPU
		{E5B98B9E-9C2E-4E02-BA96-4811FC662F74}.Release|x86.ActiveCfg = Release|Any CPU
		{E5B98B9E-9C2E-4E02-BA96-4811FC662F74}.Release|x86.Build.0 = Release|Any CPU
		{A2A9623F-48B2-49B7-B8FB-06753BD18C73}.Debug|Any CPU.ActiveCfg = Debug|Any CPU
		{A2A9623F-48B2-49B7-B8FB-06753BD18C73}.Debug|Any CPU.Build.0 = Debug|Any CPU
		{A2A9623F-48B2-49B7-B8FB-06753BD18C73}.Debug|Any CPU.Deploy.0 = Debug|Any CPU
		{A2A9623F-48B2-49B7-B8FB-06753BD18C73}.Debug|ARM.ActiveCfg = Debug|Any CPU
		{A2A9623F-48B2-49B7-B8FB-06753BD18C73}.Debug|ARM.Build.0 = Debug|Any CPU
		{A2A9623F-48B2-49B7-B8FB-06753BD18C73}.Debug|ARM.Deploy.0 = Debug|Any CPU
		{A2A9623F-48B2-49B7-B8FB-06753BD18C73}.Debug|iPhone.ActiveCfg = Debug|Any CPU
		{A2A9623F-48B2-49B7-B8FB-06753BD18C73}.Debug|iPhone.Build.0 = Debug|Any CPU
		{A2A9623F-48B2-49B7-B8FB-06753BD18C73}.Debug|iPhone.Deploy.0 = Debug|Any CPU
		{A2A9623F-48B2-49B7-B8FB-06753BD18C73}.Debug|iPhoneSimulator.ActiveCfg = Debug|Any CPU
		{A2A9623F-48B2-49B7-B8FB-06753BD18C73}.Debug|iPhoneSimulator.Build.0 = Debug|Any CPU
		{A2A9623F-48B2-49B7-B8FB-06753BD18C73}.Debug|iPhoneSimulator.Deploy.0 = Debug|Any CPU
		{A2A9623F-48B2-49B7-B8FB-06753BD18C73}.Debug|x64.ActiveCfg = Debug|Any CPU
		{A2A9623F-48B2-49B7-B8FB-06753BD18C73}.Debug|x64.Build.0 = Debug|Any CPU
		{A2A9623F-48B2-49B7-B8FB-06753BD18C73}.Debug|x64.Deploy.0 = Debug|Any CPU
		{A2A9623F-48B2-49B7-B8FB-06753BD18C73}.Debug|x86.ActiveCfg = Debug|Any CPU
		{A2A9623F-48B2-49B7-B8FB-06753BD18C73}.Debug|x86.Build.0 = Debug|Any CPU
		{A2A9623F-48B2-49B7-B8FB-06753BD18C73}.Debug|x86.Deploy.0 = Debug|Any CPU
		{A2A9623F-48B2-49B7-B8FB-06753BD18C73}.Release|Any CPU.ActiveCfg = Release|Any CPU
		{A2A9623F-48B2-49B7-B8FB-06753BD18C73}.Release|Any CPU.Build.0 = Release|Any CPU
		{A2A9623F-48B2-49B7-B8FB-06753BD18C73}.Release|Any CPU.Deploy.0 = Release|Any CPU
		{A2A9623F-48B2-49B7-B8FB-06753BD18C73}.Release|ARM.ActiveCfg = Release|Any CPU
		{A2A9623F-48B2-49B7-B8FB-06753BD18C73}.Release|ARM.Build.0 = Release|Any CPU
		{A2A9623F-48B2-49B7-B8FB-06753BD18C73}.Release|ARM.Deploy.0 = Release|Any CPU
		{A2A9623F-48B2-49B7-B8FB-06753BD18C73}.Release|iPhone.ActiveCfg = Release|Any CPU
		{A2A9623F-48B2-49B7-B8FB-06753BD18C73}.Release|iPhone.Build.0 = Release|Any CPU
		{A2A9623F-48B2-49B7-B8FB-06753BD18C73}.Release|iPhone.Deploy.0 = Release|Any CPU
		{A2A9623F-48B2-49B7-B8FB-06753BD18C73}.Release|iPhoneSimulator.ActiveCfg = Release|Any CPU
		{A2A9623F-48B2-49B7-B8FB-06753BD18C73}.Release|iPhoneSimulator.Build.0 = Release|Any CPU
		{A2A9623F-48B2-49B7-B8FB-06753BD18C73}.Release|iPhoneSimulator.Deploy.0 = Release|Any CPU
		{A2A9623F-48B2-49B7-B8FB-06753BD18C73}.Release|x64.ActiveCfg = Release|Any CPU
		{A2A9623F-48B2-49B7-B8FB-06753BD18C73}.Release|x64.Build.0 = Release|Any CPU
		{A2A9623F-48B2-49B7-B8FB-06753BD18C73}.Release|x64.Deploy.0 = Release|Any CPU
		{A2A9623F-48B2-49B7-B8FB-06753BD18C73}.Release|x86.ActiveCfg = Release|Any CPU
		{A2A9623F-48B2-49B7-B8FB-06753BD18C73}.Release|x86.Build.0 = Release|Any CPU
		{A2A9623F-48B2-49B7-B8FB-06753BD18C73}.Release|x86.Deploy.0 = Release|Any CPU
		{2B7477A4-01E3-4740-9686-3D4B3BDF50F4}.Debug|Any CPU.ActiveCfg = Debug|iPhoneSimulator
		{2B7477A4-01E3-4740-9686-3D4B3BDF50F4}.Debug|ARM.ActiveCfg = Debug|iPhoneSimulator
		{2B7477A4-01E3-4740-9686-3D4B3BDF50F4}.Debug|iPhone.ActiveCfg = Debug|iPhone
		{2B7477A4-01E3-4740-9686-3D4B3BDF50F4}.Debug|iPhone.Build.0 = Debug|iPhone
		{2B7477A4-01E3-4740-9686-3D4B3BDF50F4}.Debug|iPhoneSimulator.ActiveCfg = Debug|iPhoneSimulator
		{2B7477A4-01E3-4740-9686-3D4B3BDF50F4}.Debug|iPhoneSimulator.Build.0 = Debug|iPhoneSimulator
		{2B7477A4-01E3-4740-9686-3D4B3BDF50F4}.Debug|x64.ActiveCfg = Debug|iPhoneSimulator
		{2B7477A4-01E3-4740-9686-3D4B3BDF50F4}.Debug|x86.ActiveCfg = Debug|iPhoneSimulator
		{2B7477A4-01E3-4740-9686-3D4B3BDF50F4}.Release|Any CPU.ActiveCfg = Release|iPhoneSimulator
		{2B7477A4-01E3-4740-9686-3D4B3BDF50F4}.Release|ARM.ActiveCfg = Release|iPhoneSimulator
		{2B7477A4-01E3-4740-9686-3D4B3BDF50F4}.Release|iPhone.ActiveCfg = Release|iPhone
		{2B7477A4-01E3-4740-9686-3D4B3BDF50F4}.Release|iPhone.Build.0 = Release|iPhone
		{2B7477A4-01E3-4740-9686-3D4B3BDF50F4}.Release|iPhoneSimulator.ActiveCfg = Release|iPhoneSimulator
		{2B7477A4-01E3-4740-9686-3D4B3BDF50F4}.Release|iPhoneSimulator.Build.0 = Release|iPhoneSimulator
		{2B7477A4-01E3-4740-9686-3D4B3BDF50F4}.Release|x64.ActiveCfg = Release|iPhoneSimulator
		{2B7477A4-01E3-4740-9686-3D4B3BDF50F4}.Release|x86.ActiveCfg = Release|iPhoneSimulator
		{0FD05829-E582-4AB9-A08F-45B5A994586B}.Debug|Any CPU.ActiveCfg = Debug|Any CPU
		{0FD05829-E582-4AB9-A08F-45B5A994586B}.Debug|Any CPU.Build.0 = Debug|Any CPU
		{0FD05829-E582-4AB9-A08F-45B5A994586B}.Debug|ARM.ActiveCfg = Debug|Any CPU
		{0FD05829-E582-4AB9-A08F-45B5A994586B}.Debug|ARM.Build.0 = Debug|Any CPU
		{0FD05829-E582-4AB9-A08F-45B5A994586B}.Debug|iPhone.ActiveCfg = Debug|Any CPU
		{0FD05829-E582-4AB9-A08F-45B5A994586B}.Debug|iPhone.Build.0 = Debug|Any CPU
		{0FD05829-E582-4AB9-A08F-45B5A994586B}.Debug|iPhoneSimulator.ActiveCfg = Debug|Any CPU
		{0FD05829-E582-4AB9-A08F-45B5A994586B}.Debug|iPhoneSimulator.Build.0 = Debug|Any CPU
		{0FD05829-E582-4AB9-A08F-45B5A994586B}.Debug|x64.ActiveCfg = Debug|Any CPU
		{0FD05829-E582-4AB9-A08F-45B5A994586B}.Debug|x64.Build.0 = Debug|Any CPU
		{0FD05829-E582-4AB9-A08F-45B5A994586B}.Debug|x86.ActiveCfg = Debug|Any CPU
		{0FD05829-E582-4AB9-A08F-45B5A994586B}.Debug|x86.Build.0 = Debug|Any CPU
		{0FD05829-E582-4AB9-A08F-45B5A994586B}.Release|Any CPU.ActiveCfg = Release|Any CPU
		{0FD05829-E582-4AB9-A08F-45B5A994586B}.Release|Any CPU.Build.0 = Release|Any CPU
		{0FD05829-E582-4AB9-A08F-45B5A994586B}.Release|ARM.ActiveCfg = Release|Any CPU
		{0FD05829-E582-4AB9-A08F-45B5A994586B}.Release|ARM.Build.0 = Release|Any CPU
		{0FD05829-E582-4AB9-A08F-45B5A994586B}.Release|iPhone.ActiveCfg = Release|Any CPU
		{0FD05829-E582-4AB9-A08F-45B5A994586B}.Release|iPhone.Build.0 = Release|Any CPU
		{0FD05829-E582-4AB9-A08F-45B5A994586B}.Release|iPhoneSimulator.ActiveCfg = Release|Any CPU
		{0FD05829-E582-4AB9-A08F-45B5A994586B}.Release|iPhoneSimulator.Build.0 = Release|Any CPU
		{0FD05829-E582-4AB9-A08F-45B5A994586B}.Release|x64.ActiveCfg = Release|Any CPU
		{0FD05829-E582-4AB9-A08F-45B5A994586B}.Release|x64.Build.0 = Release|Any CPU
		{0FD05829-E582-4AB9-A08F-45B5A994586B}.Release|x86.ActiveCfg = Release|Any CPU
		{0FD05829-E582-4AB9-A08F-45B5A994586B}.Release|x86.Build.0 = Release|Any CPU
		{0F73631A-AC32-47DD-A74F-702BF1D01DAF}.Debug|Any CPU.ActiveCfg = Debug|Any CPU
		{0F73631A-AC32-47DD-A74F-702BF1D01DAF}.Debug|Any CPU.Build.0 = Debug|Any CPU
		{0F73631A-AC32-47DD-A74F-702BF1D01DAF}.Debug|ARM.ActiveCfg = Debug|Any CPU
		{0F73631A-AC32-47DD-A74F-702BF1D01DAF}.Debug|ARM.Build.0 = Debug|Any CPU
		{0F73631A-AC32-47DD-A74F-702BF1D01DAF}.Debug|iPhone.ActiveCfg = Debug|Any CPU
		{0F73631A-AC32-47DD-A74F-702BF1D01DAF}.Debug|iPhone.Build.0 = Debug|Any CPU
		{0F73631A-AC32-47DD-A74F-702BF1D01DAF}.Debug|iPhoneSimulator.ActiveCfg = Debug|Any CPU
		{0F73631A-AC32-47DD-A74F-702BF1D01DAF}.Debug|iPhoneSimulator.Build.0 = Debug|Any CPU
		{0F73631A-AC32-47DD-A74F-702BF1D01DAF}.Debug|x64.ActiveCfg = Debug|Any CPU
		{0F73631A-AC32-47DD-A74F-702BF1D01DAF}.Debug|x64.Build.0 = Debug|Any CPU
		{0F73631A-AC32-47DD-A74F-702BF1D01DAF}.Debug|x86.ActiveCfg = Debug|Any CPU
		{0F73631A-AC32-47DD-A74F-702BF1D01DAF}.Debug|x86.Build.0 = Debug|Any CPU
		{0F73631A-AC32-47DD-A74F-702BF1D01DAF}.Release|Any CPU.ActiveCfg = Release|Any CPU
		{0F73631A-AC32-47DD-A74F-702BF1D01DAF}.Release|Any CPU.Build.0 = Release|Any CPU
		{0F73631A-AC32-47DD-A74F-702BF1D01DAF}.Release|ARM.ActiveCfg = Release|Any CPU
		{0F73631A-AC32-47DD-A74F-702BF1D01DAF}.Release|ARM.Build.0 = Release|Any CPU
		{0F73631A-AC32-47DD-A74F-702BF1D01DAF}.Release|iPhone.ActiveCfg = Release|Any CPU
		{0F73631A-AC32-47DD-A74F-702BF1D01DAF}.Release|iPhone.Build.0 = Release|Any CPU
		{0F73631A-AC32-47DD-A74F-702BF1D01DAF}.Release|iPhoneSimulator.ActiveCfg = Release|Any CPU
		{0F73631A-AC32-47DD-A74F-702BF1D01DAF}.Release|iPhoneSimulator.Build.0 = Release|Any CPU
		{0F73631A-AC32-47DD-A74F-702BF1D01DAF}.Release|x64.ActiveCfg = Release|Any CPU
		{0F73631A-AC32-47DD-A74F-702BF1D01DAF}.Release|x64.Build.0 = Release|Any CPU
		{0F73631A-AC32-47DD-A74F-702BF1D01DAF}.Release|x86.ActiveCfg = Release|Any CPU
		{0F73631A-AC32-47DD-A74F-702BF1D01DAF}.Release|x86.Build.0 = Release|Any CPU
		{E1593E2F-04A0-476A-9F81-EE1BC5BF4D0A}.Debug|Any CPU.ActiveCfg = Debug|Any CPU
		{E1593E2F-04A0-476A-9F81-EE1BC5BF4D0A}.Debug|Any CPU.Build.0 = Debug|Any CPU
		{E1593E2F-04A0-476A-9F81-EE1BC5BF4D0A}.Debug|ARM.ActiveCfg = Debug|Any CPU
		{E1593E2F-04A0-476A-9F81-EE1BC5BF4D0A}.Debug|ARM.Build.0 = Debug|Any CPU
		{E1593E2F-04A0-476A-9F81-EE1BC5BF4D0A}.Debug|iPhone.ActiveCfg = Debug|Any CPU
		{E1593E2F-04A0-476A-9F81-EE1BC5BF4D0A}.Debug|iPhone.Build.0 = Debug|Any CPU
		{E1593E2F-04A0-476A-9F81-EE1BC5BF4D0A}.Debug|iPhoneSimulator.ActiveCfg = Debug|Any CPU
		{E1593E2F-04A0-476A-9F81-EE1BC5BF4D0A}.Debug|iPhoneSimulator.Build.0 = Debug|Any CPU
		{E1593E2F-04A0-476A-9F81-EE1BC5BF4D0A}.Debug|x64.ActiveCfg = Debug|Any CPU
		{E1593E2F-04A0-476A-9F81-EE1BC5BF4D0A}.Debug|x64.Build.0 = Debug|Any CPU
		{E1593E2F-04A0-476A-9F81-EE1BC5BF4D0A}.Debug|x86.ActiveCfg = Debug|Any CPU
		{E1593E2F-04A0-476A-9F81-EE1BC5BF4D0A}.Debug|x86.Build.0 = Debug|Any CPU
		{E1593E2F-04A0-476A-9F81-EE1BC5BF4D0A}.Release|Any CPU.ActiveCfg = Release|Any CPU
		{E1593E2F-04A0-476A-9F81-EE1BC5BF4D0A}.Release|Any CPU.Build.0 = Release|Any CPU
		{E1593E2F-04A0-476A-9F81-EE1BC5BF4D0A}.Release|ARM.ActiveCfg = Release|Any CPU
		{E1593E2F-04A0-476A-9F81-EE1BC5BF4D0A}.Release|ARM.Build.0 = Release|Any CPU
		{E1593E2F-04A0-476A-9F81-EE1BC5BF4D0A}.Release|iPhone.ActiveCfg = Release|Any CPU
		{E1593E2F-04A0-476A-9F81-EE1BC5BF4D0A}.Release|iPhone.Build.0 = Release|Any CPU
		{E1593E2F-04A0-476A-9F81-EE1BC5BF4D0A}.Release|iPhoneSimulator.ActiveCfg = Release|Any CPU
		{E1593E2F-04A0-476A-9F81-EE1BC5BF4D0A}.Release|iPhoneSimulator.Build.0 = Release|Any CPU
		{E1593E2F-04A0-476A-9F81-EE1BC5BF4D0A}.Release|x64.ActiveCfg = Release|Any CPU
		{E1593E2F-04A0-476A-9F81-EE1BC5BF4D0A}.Release|x64.Build.0 = Release|Any CPU
		{E1593E2F-04A0-476A-9F81-EE1BC5BF4D0A}.Release|x86.ActiveCfg = Release|Any CPU
		{E1593E2F-04A0-476A-9F81-EE1BC5BF4D0A}.Release|x86.Build.0 = Release|Any CPU
		{A4E80A95-08C5-47C8-98F6-9E36DB959BF2}.Debug|Any CPU.ActiveCfg = Debug|Any CPU
		{A4E80A95-08C5-47C8-98F6-9E36DB959BF2}.Debug|Any CPU.Build.0 = Debug|Any CPU
		{A4E80A95-08C5-47C8-98F6-9E36DB959BF2}.Debug|Any CPU.Deploy.0 = Debug|Any CPU
		{A4E80A95-08C5-47C8-98F6-9E36DB959BF2}.Debug|ARM.ActiveCfg = Debug|Any CPU
		{A4E80A95-08C5-47C8-98F6-9E36DB959BF2}.Debug|ARM.Build.0 = Debug|Any CPU
		{A4E80A95-08C5-47C8-98F6-9E36DB959BF2}.Debug|ARM.Deploy.0 = Debug|Any CPU
		{A4E80A95-08C5-47C8-98F6-9E36DB959BF2}.Debug|iPhone.ActiveCfg = Debug|Any CPU
		{A4E80A95-08C5-47C8-98F6-9E36DB959BF2}.Debug|iPhone.Build.0 = Debug|Any CPU
		{A4E80A95-08C5-47C8-98F6-9E36DB959BF2}.Debug|iPhone.Deploy.0 = Debug|Any CPU
		{A4E80A95-08C5-47C8-98F6-9E36DB959BF2}.Debug|iPhoneSimulator.ActiveCfg = Debug|Any CPU
		{A4E80A95-08C5-47C8-98F6-9E36DB959BF2}.Debug|iPhoneSimulator.Build.0 = Debug|Any CPU
		{A4E80A95-08C5-47C8-98F6-9E36DB959BF2}.Debug|iPhoneSimulator.Deploy.0 = Debug|Any CPU
		{A4E80A95-08C5-47C8-98F6-9E36DB959BF2}.Debug|x64.ActiveCfg = Debug|Any CPU
		{A4E80A95-08C5-47C8-98F6-9E36DB959BF2}.Debug|x64.Build.0 = Debug|Any CPU
		{A4E80A95-08C5-47C8-98F6-9E36DB959BF2}.Debug|x64.Deploy.0 = Debug|Any CPU
		{A4E80A95-08C5-47C8-98F6-9E36DB959BF2}.Debug|x86.ActiveCfg = Debug|Any CPU
		{A4E80A95-08C5-47C8-98F6-9E36DB959BF2}.Debug|x86.Build.0 = Debug|Any CPU
		{A4E80A95-08C5-47C8-98F6-9E36DB959BF2}.Debug|x86.Deploy.0 = Debug|Any CPU
		{A4E80A95-08C5-47C8-98F6-9E36DB959BF2}.Release|Any CPU.ActiveCfg = Release|Any CPU
		{A4E80A95-08C5-47C8-98F6-9E36DB959BF2}.Release|Any CPU.Build.0 = Release|Any CPU
		{A4E80A95-08C5-47C8-98F6-9E36DB959BF2}.Release|Any CPU.Deploy.0 = Release|Any CPU
		{A4E80A95-08C5-47C8-98F6-9E36DB959BF2}.Release|ARM.ActiveCfg = Release|Any CPU
		{A4E80A95-08C5-47C8-98F6-9E36DB959BF2}.Release|ARM.Build.0 = Release|Any CPU
		{A4E80A95-08C5-47C8-98F6-9E36DB959BF2}.Release|ARM.Deploy.0 = Release|Any CPU
		{A4E80A95-08C5-47C8-98F6-9E36DB959BF2}.Release|iPhone.ActiveCfg = Release|Any CPU
		{A4E80A95-08C5-47C8-98F6-9E36DB959BF2}.Release|iPhone.Build.0 = Release|Any CPU
		{A4E80A95-08C5-47C8-98F6-9E36DB959BF2}.Release|iPhone.Deploy.0 = Release|Any CPU
		{A4E80A95-08C5-47C8-98F6-9E36DB959BF2}.Release|iPhoneSimulator.ActiveCfg = Release|Any CPU
		{A4E80A95-08C5-47C8-98F6-9E36DB959BF2}.Release|iPhoneSimulator.Build.0 = Release|Any CPU
		{A4E80A95-08C5-47C8-98F6-9E36DB959BF2}.Release|iPhoneSimulator.Deploy.0 = Release|Any CPU
		{A4E80A95-08C5-47C8-98F6-9E36DB959BF2}.Release|x64.ActiveCfg = Release|Any CPU
		{A4E80A95-08C5-47C8-98F6-9E36DB959BF2}.Release|x64.Build.0 = Release|Any CPU
		{A4E80A95-08C5-47C8-98F6-9E36DB959BF2}.Release|x64.Deploy.0 = Release|Any CPU
		{A4E80A95-08C5-47C8-98F6-9E36DB959BF2}.Release|x86.ActiveCfg = Release|Any CPU
		{A4E80A95-08C5-47C8-98F6-9E36DB959BF2}.Release|x86.Build.0 = Release|Any CPU
		{A4E80A95-08C5-47C8-98F6-9E36DB959BF2}.Release|x86.Deploy.0 = Release|Any CPU
		{E542C639-665B-47AD-ABFE-86D8EEE706CB}.Debug|Any CPU.ActiveCfg = Debug|iPhoneSimulator
		{E542C639-665B-47AD-ABFE-86D8EEE706CB}.Debug|ARM.ActiveCfg = Debug|iPhoneSimulator
		{E542C639-665B-47AD-ABFE-86D8EEE706CB}.Debug|iPhone.ActiveCfg = Debug|iPhone
		{E542C639-665B-47AD-ABFE-86D8EEE706CB}.Debug|iPhone.Build.0 = Debug|iPhone
		{E542C639-665B-47AD-ABFE-86D8EEE706CB}.Debug|iPhoneSimulator.ActiveCfg = Debug|iPhoneSimulator
		{E542C639-665B-47AD-ABFE-86D8EEE706CB}.Debug|iPhoneSimulator.Build.0 = Debug|iPhoneSimulator
		{E542C639-665B-47AD-ABFE-86D8EEE706CB}.Debug|x64.ActiveCfg = Debug|iPhoneSimulator
		{E542C639-665B-47AD-ABFE-86D8EEE706CB}.Debug|x86.ActiveCfg = Debug|iPhoneSimulator
		{E542C639-665B-47AD-ABFE-86D8EEE706CB}.Release|Any CPU.ActiveCfg = Release|iPhoneSimulator
		{E542C639-665B-47AD-ABFE-86D8EEE706CB}.Release|ARM.ActiveCfg = Release|iPhoneSimulator
		{E542C639-665B-47AD-ABFE-86D8EEE706CB}.Release|iPhone.ActiveCfg = Release|iPhone
		{E542C639-665B-47AD-ABFE-86D8EEE706CB}.Release|iPhone.Build.0 = Release|iPhone
		{E542C639-665B-47AD-ABFE-86D8EEE706CB}.Release|iPhoneSimulator.ActiveCfg = Release|iPhoneSimulator
		{E542C639-665B-47AD-ABFE-86D8EEE706CB}.Release|iPhoneSimulator.Build.0 = Release|iPhoneSimulator
		{E542C639-665B-47AD-ABFE-86D8EEE706CB}.Release|x64.ActiveCfg = Release|iPhoneSimulator
		{E542C639-665B-47AD-ABFE-86D8EEE706CB}.Release|x86.ActiveCfg = Release|iPhoneSimulator
		{D65A8E54-8B91-4B5A-8C82-C5A4BB84A0F3}.Debug|Any CPU.ActiveCfg = Debug|Any CPU
		{D65A8E54-8B91-4B5A-8C82-C5A4BB84A0F3}.Debug|Any CPU.Build.0 = Debug|Any CPU
		{D65A8E54-8B91-4B5A-8C82-C5A4BB84A0F3}.Debug|ARM.ActiveCfg = Debug|Any CPU
		{D65A8E54-8B91-4B5A-8C82-C5A4BB84A0F3}.Debug|ARM.Build.0 = Debug|Any CPU
		{D65A8E54-8B91-4B5A-8C82-C5A4BB84A0F3}.Debug|iPhone.ActiveCfg = Debug|Any CPU
		{D65A8E54-8B91-4B5A-8C82-C5A4BB84A0F3}.Debug|iPhone.Build.0 = Debug|Any CPU
		{D65A8E54-8B91-4B5A-8C82-C5A4BB84A0F3}.Debug|iPhoneSimulator.ActiveCfg = Debug|Any CPU
		{D65A8E54-8B91-4B5A-8C82-C5A4BB84A0F3}.Debug|iPhoneSimulator.Build.0 = Debug|Any CPU
		{D65A8E54-8B91-4B5A-8C82-C5A4BB84A0F3}.Debug|x64.ActiveCfg = Debug|Any CPU
		{D65A8E54-8B91-4B5A-8C82-C5A4BB84A0F3}.Debug|x64.Build.0 = Debug|Any CPU
		{D65A8E54-8B91-4B5A-8C82-C5A4BB84A0F3}.Debug|x86.ActiveCfg = Debug|Any CPU
		{D65A8E54-8B91-4B5A-8C82-C5A4BB84A0F3}.Debug|x86.Build.0 = Debug|Any CPU
		{D65A8E54-8B91-4B5A-8C82-C5A4BB84A0F3}.Release|Any CPU.ActiveCfg = Release|Any CPU
		{D65A8E54-8B91-4B5A-8C82-C5A4BB84A0F3}.Release|Any CPU.Build.0 = Release|Any CPU
		{D65A8E54-8B91-4B5A-8C82-C5A4BB84A0F3}.Release|ARM.ActiveCfg = Release|Any CPU
		{D65A8E54-8B91-4B5A-8C82-C5A4BB84A0F3}.Release|ARM.Build.0 = Release|Any CPU
		{D65A8E54-8B91-4B5A-8C82-C5A4BB84A0F3}.Release|iPhone.ActiveCfg = Release|Any CPU
		{D65A8E54-8B91-4B5A-8C82-C5A4BB84A0F3}.Release|iPhone.Build.0 = Release|Any CPU
		{D65A8E54-8B91-4B5A-8C82-C5A4BB84A0F3}.Release|iPhoneSimulator.ActiveCfg = Release|Any CPU
		{D65A8E54-8B91-4B5A-8C82-C5A4BB84A0F3}.Release|iPhoneSimulator.Build.0 = Release|Any CPU
		{D65A8E54-8B91-4B5A-8C82-C5A4BB84A0F3}.Release|x64.ActiveCfg = Release|Any CPU
		{D65A8E54-8B91-4B5A-8C82-C5A4BB84A0F3}.Release|x64.Build.0 = Release|Any CPU
		{D65A8E54-8B91-4B5A-8C82-C5A4BB84A0F3}.Release|x86.ActiveCfg = Release|Any CPU
		{D65A8E54-8B91-4B5A-8C82-C5A4BB84A0F3}.Release|x86.Build.0 = Release|Any CPU
		{57BB6394-2F90-4EE6-93D4-BFE466EEF1C7}.Debug|Any CPU.ActiveCfg = Debug|Any CPU
		{57BB6394-2F90-4EE6-93D4-BFE466EEF1C7}.Debug|Any CPU.Build.0 = Debug|Any CPU
		{57BB6394-2F90-4EE6-93D4-BFE466EEF1C7}.Debug|ARM.ActiveCfg = Debug|Any CPU
		{57BB6394-2F90-4EE6-93D4-BFE466EEF1C7}.Debug|ARM.Build.0 = Debug|Any CPU
		{57BB6394-2F90-4EE6-93D4-BFE466EEF1C7}.Debug|iPhone.ActiveCfg = Debug|Any CPU
		{57BB6394-2F90-4EE6-93D4-BFE466EEF1C7}.Debug|iPhone.Build.0 = Debug|Any CPU
		{57BB6394-2F90-4EE6-93D4-BFE466EEF1C7}.Debug|iPhoneSimulator.ActiveCfg = Debug|Any CPU
		{57BB6394-2F90-4EE6-93D4-BFE466EEF1C7}.Debug|iPhoneSimulator.Build.0 = Debug|Any CPU
		{57BB6394-2F90-4EE6-93D4-BFE466EEF1C7}.Debug|x64.ActiveCfg = Debug|Any CPU
		{57BB6394-2F90-4EE6-93D4-BFE466EEF1C7}.Debug|x64.Build.0 = Debug|Any CPU
		{57BB6394-2F90-4EE6-93D4-BFE466EEF1C7}.Debug|x86.ActiveCfg = Debug|Any CPU
		{57BB6394-2F90-4EE6-93D4-BFE466EEF1C7}.Debug|x86.Build.0 = Debug|Any CPU
		{57BB6394-2F90-4EE6-93D4-BFE466EEF1C7}.Release|Any CPU.ActiveCfg = Release|Any CPU
		{57BB6394-2F90-4EE6-93D4-BFE466EEF1C7}.Release|Any CPU.Build.0 = Release|Any CPU
		{57BB6394-2F90-4EE6-93D4-BFE466EEF1C7}.Release|ARM.ActiveCfg = Release|Any CPU
		{57BB6394-2F90-4EE6-93D4-BFE466EEF1C7}.Release|ARM.Build.0 = Release|Any CPU
		{57BB6394-2F90-4EE6-93D4-BFE466EEF1C7}.Release|iPhone.ActiveCfg = Release|Any CPU
		{57BB6394-2F90-4EE6-93D4-BFE466EEF1C7}.Release|iPhone.Build.0 = Release|Any CPU
		{57BB6394-2F90-4EE6-93D4-BFE466EEF1C7}.Release|iPhoneSimulator.ActiveCfg = Release|Any CPU
		{57BB6394-2F90-4EE6-93D4-BFE466EEF1C7}.Release|iPhoneSimulator.Build.0 = Release|Any CPU
		{57BB6394-2F90-4EE6-93D4-BFE466EEF1C7}.Release|x64.ActiveCfg = Release|Any CPU
		{57BB6394-2F90-4EE6-93D4-BFE466EEF1C7}.Release|x64.Build.0 = Release|Any CPU
		{57BB6394-2F90-4EE6-93D4-BFE466EEF1C7}.Release|x86.ActiveCfg = Release|Any CPU
		{57BB6394-2F90-4EE6-93D4-BFE466EEF1C7}.Release|x86.Build.0 = Release|Any CPU
		{E2DA9DC7-DC06-4FE2-A556-6496137CF24E}.Debug|Any CPU.ActiveCfg = Debug|Any CPU
		{E2DA9DC7-DC06-4FE2-A556-6496137CF24E}.Debug|Any CPU.Build.0 = Debug|Any CPU
		{E2DA9DC7-DC06-4FE2-A556-6496137CF24E}.Debug|ARM.ActiveCfg = Debug|Any CPU
		{E2DA9DC7-DC06-4FE2-A556-6496137CF24E}.Debug|ARM.Build.0 = Debug|Any CPU
		{E2DA9DC7-DC06-4FE2-A556-6496137CF24E}.Debug|iPhone.ActiveCfg = Debug|Any CPU
		{E2DA9DC7-DC06-4FE2-A556-6496137CF24E}.Debug|iPhone.Build.0 = Debug|Any CPU
		{E2DA9DC7-DC06-4FE2-A556-6496137CF24E}.Debug|iPhoneSimulator.ActiveCfg = Debug|Any CPU
		{E2DA9DC7-DC06-4FE2-A556-6496137CF24E}.Debug|iPhoneSimulator.Build.0 = Debug|Any CPU
		{E2DA9DC7-DC06-4FE2-A556-6496137CF24E}.Debug|x64.ActiveCfg = Debug|Any CPU
		{E2DA9DC7-DC06-4FE2-A556-6496137CF24E}.Debug|x64.Build.0 = Debug|Any CPU
		{E2DA9DC7-DC06-4FE2-A556-6496137CF24E}.Debug|x86.ActiveCfg = Debug|Any CPU
		{E2DA9DC7-DC06-4FE2-A556-6496137CF24E}.Debug|x86.Build.0 = Debug|Any CPU
		{E2DA9DC7-DC06-4FE2-A556-6496137CF24E}.Release|Any CPU.ActiveCfg = Release|Any CPU
		{E2DA9DC7-DC06-4FE2-A556-6496137CF24E}.Release|Any CPU.Build.0 = Release|Any CPU
		{E2DA9DC7-DC06-4FE2-A556-6496137CF24E}.Release|ARM.ActiveCfg = Release|Any CPU
		{E2DA9DC7-DC06-4FE2-A556-6496137CF24E}.Release|ARM.Build.0 = Release|Any CPU
		{E2DA9DC7-DC06-4FE2-A556-6496137CF24E}.Release|iPhone.ActiveCfg = Release|Any CPU
		{E2DA9DC7-DC06-4FE2-A556-6496137CF24E}.Release|iPhone.Build.0 = Release|Any CPU
		{E2DA9DC7-DC06-4FE2-A556-6496137CF24E}.Release|iPhoneSimulator.ActiveCfg = Release|Any CPU
		{E2DA9DC7-DC06-4FE2-A556-6496137CF24E}.Release|iPhoneSimulator.Build.0 = Release|Any CPU
		{E2DA9DC7-DC06-4FE2-A556-6496137CF24E}.Release|x64.ActiveCfg = Release|Any CPU
		{E2DA9DC7-DC06-4FE2-A556-6496137CF24E}.Release|x64.Build.0 = Release|Any CPU
		{E2DA9DC7-DC06-4FE2-A556-6496137CF24E}.Release|x86.ActiveCfg = Release|Any CPU
		{E2DA9DC7-DC06-4FE2-A556-6496137CF24E}.Release|x86.Build.0 = Release|Any CPU
		{6B3CF09E-E869-4162-9824-FD4E28D116A7}.Debug|Any CPU.ActiveCfg = Debug|Any CPU
		{6B3CF09E-E869-4162-9824-FD4E28D116A7}.Debug|Any CPU.Build.0 = Debug|Any CPU
		{6B3CF09E-E869-4162-9824-FD4E28D116A7}.Debug|ARM.ActiveCfg = Debug|Any CPU
		{6B3CF09E-E869-4162-9824-FD4E28D116A7}.Debug|ARM.Build.0 = Debug|Any CPU
		{6B3CF09E-E869-4162-9824-FD4E28D116A7}.Debug|iPhone.ActiveCfg = Debug|Any CPU
		{6B3CF09E-E869-4162-9824-FD4E28D116A7}.Debug|iPhone.Build.0 = Debug|Any CPU
		{6B3CF09E-E869-4162-9824-FD4E28D116A7}.Debug|iPhoneSimulator.ActiveCfg = Debug|Any CPU
		{6B3CF09E-E869-4162-9824-FD4E28D116A7}.Debug|iPhoneSimulator.Build.0 = Debug|Any CPU
		{6B3CF09E-E869-4162-9824-FD4E28D116A7}.Debug|x64.ActiveCfg = Debug|Any CPU
		{6B3CF09E-E869-4162-9824-FD4E28D116A7}.Debug|x64.Build.0 = Debug|Any CPU
		{6B3CF09E-E869-4162-9824-FD4E28D116A7}.Debug|x86.ActiveCfg = Debug|Any CPU
		{6B3CF09E-E869-4162-9824-FD4E28D116A7}.Debug|x86.Build.0 = Debug|Any CPU
		{6B3CF09E-E869-4162-9824-FD4E28D116A7}.Release|Any CPU.ActiveCfg = Release|Any CPU
		{6B3CF09E-E869-4162-9824-FD4E28D116A7}.Release|Any CPU.Build.0 = Release|Any CPU
		{6B3CF09E-E869-4162-9824-FD4E28D116A7}.Release|ARM.ActiveCfg = Release|Any CPU
		{6B3CF09E-E869-4162-9824-FD4E28D116A7}.Release|ARM.Build.0 = Release|Any CPU
		{6B3CF09E-E869-4162-9824-FD4E28D116A7}.Release|iPhone.ActiveCfg = Release|Any CPU
		{6B3CF09E-E869-4162-9824-FD4E28D116A7}.Release|iPhone.Build.0 = Release|Any CPU
		{6B3CF09E-E869-4162-9824-FD4E28D116A7}.Release|iPhoneSimulator.ActiveCfg = Release|Any CPU
		{6B3CF09E-E869-4162-9824-FD4E28D116A7}.Release|iPhoneSimulator.Build.0 = Release|Any CPU
		{6B3CF09E-E869-4162-9824-FD4E28D116A7}.Release|x64.ActiveCfg = Release|Any CPU
		{6B3CF09E-E869-4162-9824-FD4E28D116A7}.Release|x64.Build.0 = Release|Any CPU
		{6B3CF09E-E869-4162-9824-FD4E28D116A7}.Release|x86.ActiveCfg = Release|Any CPU
		{6B3CF09E-E869-4162-9824-FD4E28D116A7}.Release|x86.Build.0 = Release|Any CPU
		{3519A74C-33B9-4375-B718-46DC2F8A44C1}.Debug|Any CPU.ActiveCfg = Debug|Any CPU
		{3519A74C-33B9-4375-B718-46DC2F8A44C1}.Debug|Any CPU.Build.0 = Debug|Any CPU
		{3519A74C-33B9-4375-B718-46DC2F8A44C1}.Debug|ARM.ActiveCfg = Debug|Any CPU
		{3519A74C-33B9-4375-B718-46DC2F8A44C1}.Debug|ARM.Build.0 = Debug|Any CPU
		{3519A74C-33B9-4375-B718-46DC2F8A44C1}.Debug|iPhone.ActiveCfg = Debug|Any CPU
		{3519A74C-33B9-4375-B718-46DC2F8A44C1}.Debug|iPhone.Build.0 = Debug|Any CPU
		{3519A74C-33B9-4375-B718-46DC2F8A44C1}.Debug|iPhoneSimulator.ActiveCfg = Debug|Any CPU
		{3519A74C-33B9-4375-B718-46DC2F8A44C1}.Debug|iPhoneSimulator.Build.0 = Debug|Any CPU
		{3519A74C-33B9-4375-B718-46DC2F8A44C1}.Debug|x64.ActiveCfg = Debug|Any CPU
		{3519A74C-33B9-4375-B718-46DC2F8A44C1}.Debug|x64.Build.0 = Debug|Any CPU
		{3519A74C-33B9-4375-B718-46DC2F8A44C1}.Debug|x86.ActiveCfg = Debug|Any CPU
		{3519A74C-33B9-4375-B718-46DC2F8A44C1}.Debug|x86.Build.0 = Debug|Any CPU
		{3519A74C-33B9-4375-B718-46DC2F8A44C1}.Release|Any CPU.ActiveCfg = Release|Any CPU
		{3519A74C-33B9-4375-B718-46DC2F8A44C1}.Release|Any CPU.Build.0 = Release|Any CPU
		{3519A74C-33B9-4375-B718-46DC2F8A44C1}.Release|ARM.ActiveCfg = Release|Any CPU
		{3519A74C-33B9-4375-B718-46DC2F8A44C1}.Release|ARM.Build.0 = Release|Any CPU
		{3519A74C-33B9-4375-B718-46DC2F8A44C1}.Release|iPhone.ActiveCfg = Release|Any CPU
		{3519A74C-33B9-4375-B718-46DC2F8A44C1}.Release|iPhone.Build.0 = Release|Any CPU
		{3519A74C-33B9-4375-B718-46DC2F8A44C1}.Release|iPhoneSimulator.ActiveCfg = Release|Any CPU
		{3519A74C-33B9-4375-B718-46DC2F8A44C1}.Release|iPhoneSimulator.Build.0 = Release|Any CPU
		{3519A74C-33B9-4375-B718-46DC2F8A44C1}.Release|x64.ActiveCfg = Release|Any CPU
		{3519A74C-33B9-4375-B718-46DC2F8A44C1}.Release|x64.Build.0 = Release|Any CPU
		{3519A74C-33B9-4375-B718-46DC2F8A44C1}.Release|x86.ActiveCfg = Release|Any CPU
		{3519A74C-33B9-4375-B718-46DC2F8A44C1}.Release|x86.Build.0 = Release|Any CPU
		{E153145F-6BA9-4148-87B8-C5F92AEC54DA}.Debug|Any CPU.ActiveCfg = Debug|Any CPU
		{E153145F-6BA9-4148-87B8-C5F92AEC54DA}.Debug|Any CPU.Build.0 = Debug|Any CPU
		{E153145F-6BA9-4148-87B8-C5F92AEC54DA}.Debug|ARM.ActiveCfg = Debug|Any CPU
		{E153145F-6BA9-4148-87B8-C5F92AEC54DA}.Debug|ARM.Build.0 = Debug|Any CPU
		{E153145F-6BA9-4148-87B8-C5F92AEC54DA}.Debug|iPhone.ActiveCfg = Debug|Any CPU
		{E153145F-6BA9-4148-87B8-C5F92AEC54DA}.Debug|iPhone.Build.0 = Debug|Any CPU
		{E153145F-6BA9-4148-87B8-C5F92AEC54DA}.Debug|iPhoneSimulator.ActiveCfg = Debug|Any CPU
		{E153145F-6BA9-4148-87B8-C5F92AEC54DA}.Debug|iPhoneSimulator.Build.0 = Debug|Any CPU
		{E153145F-6BA9-4148-87B8-C5F92AEC54DA}.Debug|x64.ActiveCfg = Debug|Any CPU
		{E153145F-6BA9-4148-87B8-C5F92AEC54DA}.Debug|x64.Build.0 = Debug|Any CPU
		{E153145F-6BA9-4148-87B8-C5F92AEC54DA}.Debug|x86.ActiveCfg = Debug|Any CPU
		{E153145F-6BA9-4148-87B8-C5F92AEC54DA}.Debug|x86.Build.0 = Debug|Any CPU
		{E153145F-6BA9-4148-87B8-C5F92AEC54DA}.Release|Any CPU.ActiveCfg = Release|Any CPU
		{E153145F-6BA9-4148-87B8-C5F92AEC54DA}.Release|Any CPU.Build.0 = Release|Any CPU
		{E153145F-6BA9-4148-87B8-C5F92AEC54DA}.Release|ARM.ActiveCfg = Release|Any CPU
		{E153145F-6BA9-4148-87B8-C5F92AEC54DA}.Release|ARM.Build.0 = Release|Any CPU
		{E153145F-6BA9-4148-87B8-C5F92AEC54DA}.Release|iPhone.ActiveCfg = Release|Any CPU
		{E153145F-6BA9-4148-87B8-C5F92AEC54DA}.Release|iPhone.Build.0 = Release|Any CPU
		{E153145F-6BA9-4148-87B8-C5F92AEC54DA}.Release|iPhoneSimulator.ActiveCfg = Release|Any CPU
		{E153145F-6BA9-4148-87B8-C5F92AEC54DA}.Release|iPhoneSimulator.Build.0 = Release|Any CPU
		{E153145F-6BA9-4148-87B8-C5F92AEC54DA}.Release|x64.ActiveCfg = Release|Any CPU
		{E153145F-6BA9-4148-87B8-C5F92AEC54DA}.Release|x64.Build.0 = Release|Any CPU
		{E153145F-6BA9-4148-87B8-C5F92AEC54DA}.Release|x86.ActiveCfg = Release|Any CPU
		{E153145F-6BA9-4148-87B8-C5F92AEC54DA}.Release|x86.Build.0 = Release|Any CPU
		{42FAB07D-3A8E-487D-9B4F-6C702C3077A7}.Debug|Any CPU.ActiveCfg = Debug|Any CPU
		{42FAB07D-3A8E-487D-9B4F-6C702C3077A7}.Debug|Any CPU.Build.0 = Debug|Any CPU
		{42FAB07D-3A8E-487D-9B4F-6C702C3077A7}.Debug|ARM.ActiveCfg = Debug|Any CPU
		{42FAB07D-3A8E-487D-9B4F-6C702C3077A7}.Debug|ARM.Build.0 = Debug|Any CPU
		{42FAB07D-3A8E-487D-9B4F-6C702C3077A7}.Debug|iPhone.ActiveCfg = Debug|Any CPU
		{42FAB07D-3A8E-487D-9B4F-6C702C3077A7}.Debug|iPhone.Build.0 = Debug|Any CPU
		{42FAB07D-3A8E-487D-9B4F-6C702C3077A7}.Debug|iPhoneSimulator.ActiveCfg = Debug|Any CPU
		{42FAB07D-3A8E-487D-9B4F-6C702C3077A7}.Debug|iPhoneSimulator.Build.0 = Debug|Any CPU
		{42FAB07D-3A8E-487D-9B4F-6C702C3077A7}.Debug|x64.ActiveCfg = Debug|Any CPU
		{42FAB07D-3A8E-487D-9B4F-6C702C3077A7}.Debug|x64.Build.0 = Debug|Any CPU
		{42FAB07D-3A8E-487D-9B4F-6C702C3077A7}.Debug|x86.ActiveCfg = Debug|Any CPU
		{42FAB07D-3A8E-487D-9B4F-6C702C3077A7}.Debug|x86.Build.0 = Debug|Any CPU
		{42FAB07D-3A8E-487D-9B4F-6C702C3077A7}.Release|Any CPU.ActiveCfg = Release|Any CPU
		{42FAB07D-3A8E-487D-9B4F-6C702C3077A7}.Release|Any CPU.Build.0 = Release|Any CPU
		{42FAB07D-3A8E-487D-9B4F-6C702C3077A7}.Release|ARM.ActiveCfg = Release|Any CPU
		{42FAB07D-3A8E-487D-9B4F-6C702C3077A7}.Release|ARM.Build.0 = Release|Any CPU
		{42FAB07D-3A8E-487D-9B4F-6C702C3077A7}.Release|iPhone.ActiveCfg = Release|Any CPU
		{42FAB07D-3A8E-487D-9B4F-6C702C3077A7}.Release|iPhone.Build.0 = Release|Any CPU
		{42FAB07D-3A8E-487D-9B4F-6C702C3077A7}.Release|iPhoneSimulator.ActiveCfg = Release|Any CPU
		{42FAB07D-3A8E-487D-9B4F-6C702C3077A7}.Release|iPhoneSimulator.Build.0 = Release|Any CPU
		{42FAB07D-3A8E-487D-9B4F-6C702C3077A7}.Release|x64.ActiveCfg = Release|Any CPU
		{42FAB07D-3A8E-487D-9B4F-6C702C3077A7}.Release|x64.Build.0 = Release|Any CPU
		{42FAB07D-3A8E-487D-9B4F-6C702C3077A7}.Release|x86.ActiveCfg = Release|Any CPU
		{42FAB07D-3A8E-487D-9B4F-6C702C3077A7}.Release|x86.Build.0 = Release|Any CPU
		{2AA6039F-1FAB-499E-9E11-EBC9DAD0EFB2}.Debug|Any CPU.ActiveCfg = Debug|Any CPU
		{2AA6039F-1FAB-499E-9E11-EBC9DAD0EFB2}.Debug|Any CPU.Build.0 = Debug|Any CPU
		{2AA6039F-1FAB-499E-9E11-EBC9DAD0EFB2}.Debug|ARM.ActiveCfg = Debug|Any CPU
		{2AA6039F-1FAB-499E-9E11-EBC9DAD0EFB2}.Debug|ARM.Build.0 = Debug|Any CPU
		{2AA6039F-1FAB-499E-9E11-EBC9DAD0EFB2}.Debug|iPhone.ActiveCfg = Debug|Any CPU
		{2AA6039F-1FAB-499E-9E11-EBC9DAD0EFB2}.Debug|iPhone.Build.0 = Debug|Any CPU
		{2AA6039F-1FAB-499E-9E11-EBC9DAD0EFB2}.Debug|iPhoneSimulator.ActiveCfg = Debug|Any CPU
		{2AA6039F-1FAB-499E-9E11-EBC9DAD0EFB2}.Debug|iPhoneSimulator.Build.0 = Debug|Any CPU
		{2AA6039F-1FAB-499E-9E11-EBC9DAD0EFB2}.Debug|x64.ActiveCfg = Debug|Any CPU
		{2AA6039F-1FAB-499E-9E11-EBC9DAD0EFB2}.Debug|x64.Build.0 = Debug|Any CPU
		{2AA6039F-1FAB-499E-9E11-EBC9DAD0EFB2}.Debug|x86.ActiveCfg = Debug|Any CPU
		{2AA6039F-1FAB-499E-9E11-EBC9DAD0EFB2}.Debug|x86.Build.0 = Debug|Any CPU
		{2AA6039F-1FAB-499E-9E11-EBC9DAD0EFB2}.Release|Any CPU.ActiveCfg = Release|Any CPU
		{2AA6039F-1FAB-499E-9E11-EBC9DAD0EFB2}.Release|Any CPU.Build.0 = Release|Any CPU
		{2AA6039F-1FAB-499E-9E11-EBC9DAD0EFB2}.Release|ARM.ActiveCfg = Release|Any CPU
		{2AA6039F-1FAB-499E-9E11-EBC9DAD0EFB2}.Release|ARM.Build.0 = Release|Any CPU
		{2AA6039F-1FAB-499E-9E11-EBC9DAD0EFB2}.Release|iPhone.ActiveCfg = Release|Any CPU
		{2AA6039F-1FAB-499E-9E11-EBC9DAD0EFB2}.Release|iPhone.Build.0 = Release|Any CPU
		{2AA6039F-1FAB-499E-9E11-EBC9DAD0EFB2}.Release|iPhoneSimulator.ActiveCfg = Release|Any CPU
		{2AA6039F-1FAB-499E-9E11-EBC9DAD0EFB2}.Release|iPhoneSimulator.Build.0 = Release|Any CPU
		{2AA6039F-1FAB-499E-9E11-EBC9DAD0EFB2}.Release|x64.ActiveCfg = Release|Any CPU
		{2AA6039F-1FAB-499E-9E11-EBC9DAD0EFB2}.Release|x64.Build.0 = Release|Any CPU
		{2AA6039F-1FAB-499E-9E11-EBC9DAD0EFB2}.Release|x86.ActiveCfg = Release|Any CPU
		{2AA6039F-1FAB-499E-9E11-EBC9DAD0EFB2}.Release|x86.Build.0 = Release|Any CPU
	EndGlobalSection
	GlobalSection(SolutionProperties) = preSolution
		HideSolutionNode = FALSE
	EndGlobalSection
	GlobalSection(NestedProjects) = preSolution
		{C434BD5B-C254-469F-9F01-BE0579793689} = {F8641F9B-BE4F-4B8F-842D-A7E9311FA2C2}
		{004DE2C0-598B-440D-AAEE-3093380201A9} = {642543CC-B5B0-4042-9F09-23C7AC023053}
		{DA2ECCBF-D38D-491A-A073-4DB46D882F09} = {249323A2-1BED-4E22-9A81-D0BF9877B337}
		{01E54A01-366D-4AF0-8E1E-D896BAEF4775} = {DA2ECCBF-D38D-491A-A073-4DB46D882F09}
		{5BD79099-63E7-43AB-AD82-3FAFF5F0D804} = {DA2ECCBF-D38D-491A-A073-4DB46D882F09}
		{5AE58CFB-3D20-46F8-B927-5C1A22FF0BC9} = {DA2ECCBF-D38D-491A-A073-4DB46D882F09}
		{41B3B5AD-15E9-4083-9580-E4847A7F8EF9} = {249323A2-1BED-4E22-9A81-D0BF9877B337}
		{1DCC40D2-1C58-40A6-A41A-0C616E188569} = {41B3B5AD-15E9-4083-9580-E4847A7F8EF9}
		{8927ED03-8CEA-4BA9-A13A-5B6AAB86FDCD} = {41B3B5AD-15E9-4083-9580-E4847A7F8EF9}
		{ABE386F9-E836-41C1-8D48-5193D9250907} = {41B3B5AD-15E9-4083-9580-E4847A7F8EF9}
		{51CD8EC1-364C-46F1-BBA7-E0B83016C292} = {249323A2-1BED-4E22-9A81-D0BF9877B337}
		{E5B98B9E-9C2E-4E02-BA96-4811FC662F74} = {09DCEDBE-E8D6-4E0F-A38F-76378E25C814}
		{A2A9623F-48B2-49B7-B8FB-06753BD18C73} = {51CD8EC1-364C-46F1-BBA7-E0B83016C292}
		{2B7477A4-01E3-4740-9686-3D4B3BDF50F4} = {51CD8EC1-364C-46F1-BBA7-E0B83016C292}
		{0FD05829-E582-4AB9-A08F-45B5A994586B} = {51CD8EC1-364C-46F1-BBA7-E0B83016C292}
		{0F73631A-AC32-47DD-A74F-702BF1D01DAF} = {37CC05A6-26C2-43B1-8A22-2927E4A9D8F2}
		{E1593E2F-04A0-476A-9F81-EE1BC5BF4D0A} = {C7426637-E3A6-4743-B66D-42E4B4E993BA}
		{5E12A225-DE29-4F03-9646-98B39A3AF0A0} = {249323A2-1BED-4E22-9A81-D0BF9877B337}
		{A4E80A95-08C5-47C8-98F6-9E36DB959BF2} = {5E12A225-DE29-4F03-9646-98B39A3AF0A0}
		{E542C639-665B-47AD-ABFE-86D8EEE706CB} = {5E12A225-DE29-4F03-9646-98B39A3AF0A0}
		{D65A8E54-8B91-4B5A-8C82-C5A4BB84A0F3} = {5E12A225-DE29-4F03-9646-98B39A3AF0A0}
		{09DCEDBE-E8D6-4E0F-A38F-76378E25C814} = {249323A2-1BED-4E22-9A81-D0BF9877B337}
		{57BB6394-2F90-4EE6-93D4-BFE466EEF1C7} = {09DCEDBE-E8D6-4E0F-A38F-76378E25C814}
		{37CC05A6-26C2-43B1-8A22-2927E4A9D8F2} = {7ACFF8EF-68B3-4DD4-9BB3-25025498BF20}
		{642543CC-B5B0-4042-9F09-23C7AC023053} = {7ACFF8EF-68B3-4DD4-9BB3-25025498BF20}
		{F8641F9B-BE4F-4B8F-842D-A7E9311FA2C2} = {7ACFF8EF-68B3-4DD4-9BB3-25025498BF20}
		{B1837922-F7AB-4D07-A41F-D1466DE69CA9} = {7ACFF8EF-68B3-4DD4-9BB3-25025498BF20}
		{FA7081FE-E79A-4BEA-8ECE-9764C69B3BE7} = {7ACFF8EF-68B3-4DD4-9BB3-25025498BF20}
		{E2DA9DC7-DC06-4FE2-A556-6496137CF24E} = {FA7081FE-E79A-4BEA-8ECE-9764C69B3BE7}
		{6B3CF09E-E869-4162-9824-FD4E28D116A7} = {B1837922-F7AB-4D07-A41F-D1466DE69CA9}
		{C7426637-E3A6-4743-B66D-42E4B4E993BA} = {7ACFF8EF-68B3-4DD4-9BB3-25025498BF20}
		{3519A74C-33B9-4375-B718-46DC2F8A44C1} = {0D480C71-1C9C-4A11-8187-2BE5E12A5A83}
		{E153145F-6BA9-4148-87B8-C5F92AEC54DA} = {37CC05A6-26C2-43B1-8A22-2927E4A9D8F2}
		{42FAB07D-3A8E-487D-9B4F-6C702C3077A7} = {37CC05A6-26C2-43B1-8A22-2927E4A9D8F2}
		{2AA6039F-1FAB-499E-9E11-EBC9DAD0EFB2} = {37CC05A6-26C2-43B1-8A22-2927E4A9D8F2}
	EndGlobalSection
	GlobalSection(ExtensibilityGlobals) = postSolution
		SolutionGuid = {C8679901-039A-40C5-A272-FC1A2B47CEE5}
	EndGlobalSection
EndGlobal
