
Microsoft Visual Studio Solution File, Format Version 12.00
# Visual Studio Version 16
VisualStudioVersion = 16.0.29911.84
MinimumVisualStudioVersion = 10.0.40219.1
Project("{2150E333-8FDC-42A3-9474-1A3956D46DE8}") = "Web", "Web", "{4CF24F5B-0AB5-41F6-B711-1EA8C46D0306}"
EndProject
Project("{9A19103F-16F7-4668-BE54-9A1E7A4F7556}") = "MahwousWeb.Server", "MahwousWeb\Server\MahwousWeb.Server.csproj", "{C434BD5B-C254-469F-9F01-BE0579793689}"
EndProject
Project("{9A19103F-16F7-4668-BE54-9A1E7A4F7556}") = "MahwousWeb.Client", "MahwousWeb\Client\MahwousWeb.Client.csproj", "{004DE2C0-598B-440D-AAEE-3093380201A9}"
EndProject
Project("{9A19103F-16F7-4668-BE54-9A1E7A4F7556}") = "MahwousWeb.Shared", "MahwousWeb\Shared\MahwousWeb.Shared.csproj", "{7AAD4C68-4A14-4C35-8FE6-B20456EBCBCD}"
EndProject
Project("{2150E333-8FDC-42A3-9474-1A3956D46DE8}") = "Desktop", "Desktop", "{7B8C626F-75FA-4A01-9E9F-D5EC5FF0BD28}"
EndProject
Project("{9A19103F-16F7-4668-BE54-9A1E7A4F7556}") = "MahwousConsoleCore", "MahwousDesktop\MahwousConsoleCore\MahwousConsoleCore.csproj", "{C96AFB36-6264-4B78-9BBB-B7D75909033D}"
EndProject
Project("{2150E333-8FDC-42A3-9474-1A3956D46DE8}") = "Mobile", "Mobile", "{249323A2-1BED-4E22-9A81-D0BF9877B337}"
EndProject
Project("{2150E333-8FDC-42A3-9474-1A3956D46DE8}") = "QuotesApp", "QuotesApp", "{DA2ECCBF-D38D-491A-A073-4DB46D882F09}"
EndProject
Project("{FAE04EC0-301F-11D3-BF4B-00C04F79EFBC}") = "MahwousQuotes.Android", "MahwousMobile\MahwousQuotes\MahwousQuotes.Android\MahwousQuotes.Android.csproj", "{01E54A01-366D-4AF0-8E1E-D896BAEF4775}"
EndProject
Project("{FAE04EC0-301F-11D3-BF4B-00C04F79EFBC}") = "MahwousQuotes.iOS", "MahwousMobile\MahwousQuotes\MahwousQuotes.iOS\MahwousQuotes.iOS.csproj", "{5BD79099-63E7-43AB-AD82-3FAFF5F0D804}"
EndProject
Project("{9A19103F-16F7-4668-BE54-9A1E7A4F7556}") = "MahwousQuotes", "MahwousMobile\MahwousQuotes\MahwousQuotes\MahwousQuotes.csproj", "{5AE58CFB-3D20-46F8-B927-5C1A22FF0BC9}"
EndProject
Project("{2150E333-8FDC-42A3-9474-1A3956D46DE8}") = "VideosApp", "VideosApp", "{41B3B5AD-15E9-4083-9580-E4847A7F8EF9}"
EndProject
Project("{FAE04EC0-301F-11D3-BF4B-00C04F79EFBC}") = "MahwousVideos.Android", "MahwousMobile\MahwousVideos\MahwousVideos.Android\MahwousVideos.Android.csproj", "{1DCC40D2-1C58-40A6-A41A-0C616E188569}"
EndProject
Project("{FAE04EC0-301F-11D3-BF4B-00C04F79EFBC}") = "MahwousVideos.iOS", "MahwousMobile\MahwousVideos\MahwousVideos.iOS\MahwousVideos.iOS.csproj", "{8927ED03-8CEA-4BA9-A13A-5B6AAB86FDCD}"
EndProject
Project("{9A19103F-16F7-4668-BE54-9A1E7A4F7556}") = "MahwousVideos", "MahwousMobile\MahwousVideos\MahwousVideos\MahwousVideos.csproj", "{ABE386F9-E836-41C1-8D48-5193D9250907}"
EndProject
Project("{2150E333-8FDC-42A3-9474-1A3956D46DE8}") = "ImagesApp", "ImagesApp", "{51CD8EC1-364C-46F1-BBA7-E0B83016C292}"
EndProject
Project("{FAE04EC0-301F-11D3-BF4B-00C04F79EFBC}") = "MahwousImages.Android", "MahwousMobile\MahwousImages\MahwousImages.Android\MahwousImages.Android.csproj", "{43A4BD21-99CA-4641-972C-0C0BB6F00538}"
EndProject
Project("{FAE04EC0-301F-11D3-BF4B-00C04F79EFBC}") = "MahwousImages.iOS", "MahwousMobile\MahwousImages\MahwousImages.iOS\MahwousImages.iOS.csproj", "{B2D28303-BF39-4AFA-AF34-1AF2C970C514}"
EndProject
Project("{9A19103F-16F7-4668-BE54-9A1E7A4F7556}") = "MahwousImages", "MahwousMobile\MahwousImages\MahwousImages\MahwousImages.csproj", "{57302601-6C58-4303-BCAD-8423E56B0B3F}"
EndProject
Project("{FAE04EC0-301F-11D3-BF4B-00C04F79EFBC}") = "MahwousMobile.Base", "MahwousMobile\MahwousMobile.Base\MahwousMobile.Base.csproj", "{E5B98B9E-9C2E-4E02-BA96-4811FC662F74}"
EndProject
Global
	GlobalSection(SolutionConfigurationPlatforms) = preSolution
		Debug|Any CPU = Debug|Any CPU
		Debug|ARM = Debug|ARM
		Debug|iPhone = Debug|iPhone
		Debug|iPhoneSimulator = Debug|iPhoneSimulator
		Debug|x64 = Debug|x64
		Debug|x86 = Debug|x86
		Release|Any CPU = Release|Any CPU
		Release|ARM = Release|ARM
		Release|iPhone = Release|iPhone
		Release|iPhoneSimulator = Release|iPhoneSimulator
		Release|x64 = Release|x64
		Release|x86 = Release|x86
	EndGlobalSection
	GlobalSection(ProjectConfigurationPlatforms) = postSolution
		{C434BD5B-C254-469F-9F01-BE0579793689}.Debug|Any CPU.ActiveCfg = Debug|Any CPU
		{C434BD5B-C254-469F-9F01-BE0579793689}.Debug|Any CPU.Build.0 = Debug|Any CPU
		{C434BD5B-C254-469F-9F01-BE0579793689}.Debug|ARM.ActiveCfg = Debug|Any CPU
		{C434BD5B-C254-469F-9F01-BE0579793689}.Debug|ARM.Build.0 = Debug|Any CPU
		{C434BD5B-C254-469F-9F01-BE0579793689}.Debug|iPhone.ActiveCfg = Debug|Any CPU
		{C434BD5B-C254-469F-9F01-BE0579793689}.Debug|iPhone.Build.0 = Debug|Any CPU
		{C434BD5B-C254-469F-9F01-BE0579793689}.Debug|iPhoneSimulator.ActiveCfg = Debug|Any CPU
		{C434BD5B-C254-469F-9F01-BE0579793689}.Debug|iPhoneSimulator.Build.0 = Debug|Any CPU
		{C434BD5B-C254-469F-9F01-BE0579793689}.Debug|x64.ActiveCfg = Debug|Any CPU
		{C434BD5B-C254-469F-9F01-BE0579793689}.Debug|x64.Build.0 = Debug|Any CPU
		{C434BD5B-C254-469F-9F01-BE0579793689}.Debug|x86.ActiveCfg = Debug|Any CPU
		{C434BD5B-C254-469F-9F01-BE0579793689}.Debug|x86.Build.0 = Debug|Any CPU
		{C434BD5B-C254-469F-9F01-BE0579793689}.Release|Any CPU.ActiveCfg = Release|Any CPU
		{C434BD5B-C254-469F-9F01-BE0579793689}.Release|Any CPU.Build.0 = Release|Any CPU
		{C434BD5B-C254-469F-9F01-BE0579793689}.Release|ARM.ActiveCfg = Release|Any CPU
		{C434BD5B-C254-469F-9F01-BE0579793689}.Release|ARM.Build.0 = Release|Any CPU
		{C434BD5B-C254-469F-9F01-BE0579793689}.Release|iPhone.ActiveCfg = Release|Any CPU
		{C434BD5B-C254-469F-9F01-BE0579793689}.Release|iPhone.Build.0 = Release|Any CPU
		{C434BD5B-C254-469F-9F01-BE0579793689}.Release|iPhoneSimulator.ActiveCfg = Release|Any CPU
		{C434BD5B-C254-469F-9F01-BE0579793689}.Release|iPhoneSimulator.Build.0 = Release|Any CPU
		{C434BD5B-C254-469F-9F01-BE0579793689}.Release|x64.ActiveCfg = Release|Any CPU
		{C434BD5B-C254-469F-9F01-BE0579793689}.Release|x64.Build.0 = Release|Any CPU
		{C434BD5B-C254-469F-9F01-BE0579793689}.Release|x86.ActiveCfg = Release|Any CPU
		{C434BD5B-C254-469F-9F01-BE0579793689}.Release|x86.Build.0 = Release|Any CPU
		{004DE2C0-598B-440D-AAEE-3093380201A9}.Debug|Any CPU.ActiveCfg = Debug|Any CPU
		{004DE2C0-598B-440D-AAEE-3093380201A9}.Debug|Any CPU.Build.0 = Debug|Any CPU
		{004DE2C0-598B-440D-AAEE-3093380201A9}.Debug|ARM.ActiveCfg = Debug|Any CPU
		{004DE2C0-598B-440D-AAEE-3093380201A9}.Debug|ARM.Build.0 = Debug|Any CPU
		{004DE2C0-598B-440D-AAEE-3093380201A9}.Debug|iPhone.ActiveCfg = Debug|Any CPU
		{004DE2C0-598B-440D-AAEE-3093380201A9}.Debug|iPhone.Build.0 = Debug|Any CPU
		{004DE2C0-598B-440D-AAEE-3093380201A9}.Debug|iPhoneSimulator.ActiveCfg = Debug|Any CPU
		{004DE2C0-598B-440D-AAEE-3093380201A9}.Debug|iPhoneSimulator.Build.0 = Debug|Any CPU
		{004DE2C0-598B-440D-AAEE-3093380201A9}.Debug|x64.ActiveCfg = Debug|Any CPU
		{004DE2C0-598B-440D-AAEE-3093380201A9}.Debug|x64.Build.0 = Debug|Any CPU
		{004DE2C0-598B-440D-AAEE-3093380201A9}.Debug|x86.ActiveCfg = Debug|Any CPU
		{004DE2C0-598B-440D-AAEE-3093380201A9}.Debug|x86.Build.0 = Debug|Any CPU
		{004DE2C0-598B-440D-AAEE-3093380201A9}.Release|Any CPU.ActiveCfg = Release|Any CPU
		{004DE2C0-598B-440D-AAEE-3093380201A9}.Release|Any CPU.Build.0 = Release|Any CPU
		{004DE2C0-598B-440D-AAEE-3093380201A9}.Release|ARM.ActiveCfg = Release|Any CPU
		{004DE2C0-598B-440D-AAEE-3093380201A9}.Release|ARM.Build.0 = Release|Any CPU
		{004DE2C0-598B-440D-AAEE-3093380201A9}.Release|iPhone.ActiveCfg = Release|Any CPU
		{004DE2C0-598B-440D-AAEE-3093380201A9}.Release|iPhone.Build.0 = Release|Any CPU
		{004DE2C0-598B-440D-AAEE-3093380201A9}.Release|iPhoneSimulator.ActiveCfg = Release|Any CPU
		{004DE2C0-598B-440D-AAEE-3093380201A9}.Release|iPhoneSimulator.Build.0 = Release|Any CPU
		{004DE2C0-598B-440D-AAEE-3093380201A9}.Release|x64.ActiveCfg = Release|Any CPU
		{004DE2C0-598B-440D-AAEE-3093380201A9}.Release|x64.Build.0 = Release|Any CPU
		{004DE2C0-598B-440D-AAEE-3093380201A9}.Release|x86.ActiveCfg = Release|Any CPU
		{004DE2C0-598B-440D-AAEE-3093380201A9}.Release|x86.Build.0 = Release|Any CPU
		{7AAD4C68-4A14-4C35-8FE6-B20456EBCBCD}.Debug|Any CPU.ActiveCfg = Debug|Any CPU
		{7AAD4C68-4A14-4C35-8FE6-B20456EBCBCD}.Debug|Any CPU.Build.0 = Debug|Any CPU
		{7AAD4C68-4A14-4C35-8FE6-B20456EBCBCD}.Debug|ARM.ActiveCfg = Debug|Any CPU
		{7AAD4C68-4A14-4C35-8FE6-B20456EBCBCD}.Debug|ARM.Build.0 = Debug|Any CPU
		{7AAD4C68-4A14-4C35-8FE6-B20456EBCBCD}.Debug|iPhone.ActiveCfg = Debug|Any CPU
		{7AAD4C68-4A14-4C35-8FE6-B20456EBCBCD}.Debug|iPhone.Build.0 = Debug|Any CPU
		{7AAD4C68-4A14-4C35-8FE6-B20456EBCBCD}.Debug|iPhoneSimulator.ActiveCfg = Debug|Any CPU
		{7AAD4C68-4A14-4C35-8FE6-B20456EBCBCD}.Debug|iPhoneSimulator.Build.0 = Debug|Any CPU
		{7AAD4C68-4A14-4C35-8FE6-B20456EBCBCD}.Debug|x64.ActiveCfg = Debug|Any CPU
		{7AAD4C68-4A14-4C35-8FE6-B20456EBCBCD}.Debug|x64.Build.0 = Debug|Any CPU
		{7AAD4C68-4A14-4C35-8FE6-B20456EBCBCD}.Debug|x86.ActiveCfg = Debug|Any CPU
		{7AAD4C68-4A14-4C35-8FE6-B20456EBCBCD}.Debug|x86.Build.0 = Debug|Any CPU
		{7AAD4C68-4A14-4C35-8FE6-B20456EBCBCD}.Release|Any CPU.ActiveCfg = Release|Any CPU
		{7AAD4C68-4A14-4C35-8FE6-B20456EBCBCD}.Release|Any CPU.Build.0 = Release|Any CPU
		{7AAD4C68-4A14-4C35-8FE6-B20456EBCBCD}.Release|ARM.ActiveCfg = Release|Any CPU
		{7AAD4C68-4A14-4C35-8FE6-B20456EBCBCD}.Release|ARM.Build.0 = Release|Any CPU
		{7AAD4C68-4A14-4C35-8FE6-B20456EBCBCD}.Release|iPhone.ActiveCfg = Release|Any CPU
		{7AAD4C68-4A14-4C35-8FE6-B20456EBCBCD}.Release|iPhone.Build.0 = Release|Any CPU
		{7AAD4C68-4A14-4C35-8FE6-B20456EBCBCD}.Release|iPhoneSimulator.ActiveCfg = Release|Any CPU
		{7AAD4C68-4A14-4C35-8FE6-B20456EBCBCD}.Release|iPhoneSimulator.Build.0 = Release|Any CPU
		{7AAD4C68-4A14-4C35-8FE6-B20456EBCBCD}.Release|x64.ActiveCfg = Release|Any CPU
		{7AAD4C68-4A14-4C35-8FE6-B20456EBCBCD}.Release|x64.Build.0 = Release|Any CPU
		{7AAD4C68-4A14-4C35-8FE6-B20456EBCBCD}.Release|x86.ActiveCfg = Release|Any CPU
		{7AAD4C68-4A14-4C35-8FE6-B20456EBCBCD}.Release|x86.Build.0 = Release|Any CPU
		{C96AFB36-6264-4B78-9BBB-B7D75909033D}.Debug|Any CPU.ActiveCfg = Debug|Any CPU
		{C96AFB36-6264-4B78-9BBB-B7D75909033D}.Debug|Any CPU.Build.0 = Debug|Any CPU
		{C96AFB36-6264-4B78-9BBB-B7D75909033D}.Debug|ARM.ActiveCfg = Debug|Any CPU
		{C96AFB36-6264-4B78-9BBB-B7D75909033D}.Debug|ARM.Build.0 = Debug|Any CPU
		{C96AFB36-6264-4B78-9BBB-B7D75909033D}.Debug|iPhone.ActiveCfg = Debug|Any CPU
		{C96AFB36-6264-4B78-9BBB-B7D75909033D}.Debug|iPhone.Build.0 = Debug|Any CPU
		{C96AFB36-6264-4B78-9BBB-B7D75909033D}.Debug|iPhoneSimulator.ActiveCfg = Debug|Any CPU
		{C96AFB36-6264-4B78-9BBB-B7D75909033D}.Debug|iPhoneSimulator.Build.0 = Debug|Any CPU
		{C96AFB36-6264-4B78-9BBB-B7D75909033D}.Debug|x64.ActiveCfg = Debug|Any CPU
		{C96AFB36-6264-4B78-9BBB-B7D75909033D}.Debug|x64.Build.0 = Debug|Any CPU
		{C96AFB36-6264-4B78-9BBB-B7D75909033D}.Debug|x86.ActiveCfg = Debug|Any CPU
		{C96AFB36-6264-4B78-9BBB-B7D75909033D}.Debug|x86.Build.0 = Debug|Any CPU
		{C96AFB36-6264-4B78-9BBB-B7D75909033D}.Release|Any CPU.ActiveCfg = Release|Any CPU
		{C96AFB36-6264-4B78-9BBB-B7D75909033D}.Release|Any CPU.Build.0 = Release|Any CPU
		{C96AFB36-6264-4B78-9BBB-B7D75909033D}.Release|ARM.ActiveCfg = Release|Any CPU
		{C96AFB36-6264-4B78-9BBB-B7D75909033D}.Release|ARM.Build.0 = Release|Any CPU
		{C96AFB36-6264-4B78-9BBB-B7D75909033D}.Release|iPhone.ActiveCfg = Release|Any CPU
		{C96AFB36-6264-4B78-9BBB-B7D75909033D}.Release|iPhone.Build.0 = Release|Any CPU
		{C96AFB36-6264-4B78-9BBB-B7D75909033D}.Release|iPhoneSimulator.ActiveCfg = Release|Any CPU
		{C96AFB36-6264-4B78-9BBB-B7D75909033D}.Release|iPhoneSimulator.Build.0 = Release|Any CPU
		{C96AFB36-6264-4B78-9BBB-B7D75909033D}.Release|x64.ActiveCfg = Release|Any CPU
		{C96AFB36-6264-4B78-9BBB-B7D75909033D}.Release|x64.Build.0 = Release|Any CPU
		{C96AFB36-6264-4B78-9BBB-B7D75909033D}.Release|x86.ActiveCfg = Release|Any CPU
		{C96AFB36-6264-4B78-9BBB-B7D75909033D}.Release|x86.Build.0 = Release|Any CPU
		{01E54A01-366D-4AF0-8E1E-D896BAEF4775}.Debug|Any CPU.ActiveCfg = Debug|Any CPU
		{01E54A01-366D-4AF0-8E1E-D896BAEF4775}.Debug|Any CPU.Build.0 = Debug|Any CPU
		{01E54A01-366D-4AF0-8E1E-D896BAEF4775}.Debug|Any CPU.Deploy.0 = Debug|Any CPU
		{01E54A01-366D-4AF0-8E1E-D896BAEF4775}.Debug|ARM.ActiveCfg = Debug|Any CPU
		{01E54A01-366D-4AF0-8E1E-D896BAEF4775}.Debug|ARM.Build.0 = Debug|Any CPU
		{01E54A01-366D-4AF0-8E1E-D896BAEF4775}.Debug|ARM.Deploy.0 = Debug|Any CPU
		{01E54A01-366D-4AF0-8E1E-D896BAEF4775}.Debug|iPhone.ActiveCfg = Debug|Any CPU
		{01E54A01-366D-4AF0-8E1E-D896BAEF4775}.Debug|iPhone.Build.0 = Debug|Any CPU
		{01E54A01-366D-4AF0-8E1E-D896BAEF4775}.Debug|iPhone.Deploy.0 = Debug|Any CPU
		{01E54A01-366D-4AF0-8E1E-D896BAEF4775}.Debug|iPhoneSimulator.ActiveCfg = Debug|Any CPU
		{01E54A01-366D-4AF0-8E1E-D896BAEF4775}.Debug|iPhoneSimulator.Build.0 = Debug|Any CPU
		{01E54A01-366D-4AF0-8E1E-D896BAEF4775}.Debug|iPhoneSimulator.Deploy.0 = Debug|Any CPU
		{01E54A01-366D-4AF0-8E1E-D896BAEF4775}.Debug|x64.ActiveCfg = Debug|Any CPU
		{01E54A01-366D-4AF0-8E1E-D896BAEF4775}.Debug|x64.Build.0 = Debug|Any CPU
		{01E54A01-366D-4AF0-8E1E-D896BAEF4775}.Debug|x64.Deploy.0 = Debug|Any CPU
		{01E54A01-366D-4AF0-8E1E-D896BAEF4775}.Debug|x86.ActiveCfg = Debug|Any CPU
		{01E54A01-366D-4AF0-8E1E-D896BAEF4775}.Debug|x86.Build.0 = Debug|Any CPU
		{01E54A01-366D-4AF0-8E1E-D896BAEF4775}.Debug|x86.Deploy.0 = Debug|Any CPU
		{01E54A01-366D-4AF0-8E1E-D896BAEF4775}.Release|Any CPU.ActiveCfg = Release|Any CPU
		{01E54A01-366D-4AF0-8E1E-D896BAEF4775}.Release|Any CPU.Build.0 = Release|Any CPU
		{01E54A01-366D-4AF0-8E1E-D896BAEF4775}.Release|Any CPU.Deploy.0 = Release|Any CPU
		{01E54A01-366D-4AF0-8E1E-D896BAEF4775}.Release|ARM.ActiveCfg = Release|Any CPU
		{01E54A01-366D-4AF0-8E1E-D896BAEF4775}.Release|ARM.Build.0 = Release|Any CPU
		{01E54A01-366D-4AF0-8E1E-D896BAEF4775}.Release|ARM.Deploy.0 = Release|Any CPU
		{01E54A01-366D-4AF0-8E1E-D896BAEF4775}.Release|iPhone.ActiveCfg = Release|Any CPU
		{01E54A01-366D-4AF0-8E1E-D896BAEF4775}.Release|iPhone.Build.0 = Release|Any CPU
		{01E54A01-366D-4AF0-8E1E-D896BAEF4775}.Release|iPhone.Deploy.0 = Release|Any CPU
		{01E54A01-366D-4AF0-8E1E-D896BAEF4775}.Release|iPhoneSimulator.ActiveCfg = Release|Any CPU
		{01E54A01-366D-4AF0-8E1E-D896BAEF4775}.Release|iPhoneSimulator.Build.0 = Release|Any CPU
		{01E54A01-366D-4AF0-8E1E-D896BAEF4775}.Release|iPhoneSimulator.Deploy.0 = Release|Any CPU
		{01E54A01-366D-4AF0-8E1E-D896BAEF4775}.Release|x64.ActiveCfg = Release|Any CPU
		{01E54A01-366D-4AF0-8E1E-D896BAEF4775}.Release|x64.Build.0 = Release|Any CPU
		{01E54A01-366D-4AF0-8E1E-D896BAEF4775}.Release|x64.Deploy.0 = Release|Any CPU
		{01E54A01-366D-4AF0-8E1E-D896BAEF4775}.Release|x86.ActiveCfg = Release|Any CPU
		{01E54A01-366D-4AF0-8E1E-D896BAEF4775}.Release|x86.Build.0 = Release|Any CPU
		{01E54A01-366D-4AF0-8E1E-D896BAEF4775}.Release|x86.Deploy.0 = Release|Any CPU
		{5BD79099-63E7-43AB-AD82-3FAFF5F0D804}.Debug|Any CPU.ActiveCfg = Debug|iPhone
		{5BD79099-63E7-43AB-AD82-3FAFF5F0D804}.Debug|ARM.ActiveCfg = Debug|iPhone
		{5BD79099-63E7-43AB-AD82-3FAFF5F0D804}.Debug|iPhone.ActiveCfg = Debug|iPhone
		{5BD79099-63E7-43AB-AD82-3FAFF5F0D804}.Debug|iPhone.Build.0 = Debug|iPhone
		{5BD79099-63E7-43AB-AD82-3FAFF5F0D804}.Debug|iPhoneSimulator.ActiveCfg = Debug|iPhoneSimulator
		{5BD79099-63E7-43AB-AD82-3FAFF5F0D804}.Debug|iPhoneSimulator.Build.0 = Debug|iPhoneSimulator
		{5BD79099-63E7-43AB-AD82-3FAFF5F0D804}.Debug|x64.ActiveCfg = Debug|iPhone
		{5BD79099-63E7-43AB-AD82-3FAFF5F0D804}.Debug|x86.ActiveCfg = Debug|iPhone
		{5BD79099-63E7-43AB-AD82-3FAFF5F0D804}.Release|Any CPU.ActiveCfg = Release|iPhone
		{5BD79099-63E7-43AB-AD82-3FAFF5F0D804}.Release|ARM.ActiveCfg = Release|iPhone
		{5BD79099-63E7-43AB-AD82-3FAFF5F0D804}.Release|iPhone.ActiveCfg = Release|iPhone
		{5BD79099-63E7-43AB-AD82-3FAFF5F0D804}.Release|iPhone.Build.0 = Release|iPhone
		{5BD79099-63E7-43AB-AD82-3FAFF5F0D804}.Release|iPhoneSimulator.ActiveCfg = Release|iPhoneSimulator
		{5BD79099-63E7-43AB-AD82-3FAFF5F0D804}.Release|iPhoneSimulator.Build.0 = Release|iPhoneSimulator
		{5BD79099-63E7-43AB-AD82-3FAFF5F0D804}.Release|x64.ActiveCfg = Release|iPhone
		{5BD79099-63E7-43AB-AD82-3FAFF5F0D804}.Release|x86.ActiveCfg = Release|iPhone
		{5AE58CFB-3D20-46F8-B927-5C1A22FF0BC9}.Debug|Any CPU.ActiveCfg = Debug|Any CPU
		{5AE58CFB-3D20-46F8-B927-5C1A22FF0BC9}.Debug|Any CPU.Build.0 = Debug|Any CPU
		{5AE58CFB-3D20-46F8-B927-5C1A22FF0BC9}.Debug|ARM.ActiveCfg = Debug|Any CPU
		{5AE58CFB-3D20-46F8-B927-5C1A22FF0BC9}.Debug|ARM.Build.0 = Debug|Any CPU
		{5AE58CFB-3D20-46F8-B927-5C1A22FF0BC9}.Debug|iPhone.ActiveCfg = Debug|Any CPU
		{5AE58CFB-3D20-46F8-B927-5C1A22FF0BC9}.Debug|iPhone.Build.0 = Debug|Any CPU
		{5AE58CFB-3D20-46F8-B927-5C1A22FF0BC9}.Debug|iPhoneSimulator.ActiveCfg = Debug|Any CPU
		{5AE58CFB-3D20-46F8-B927-5C1A22FF0BC9}.Debug|iPhoneSimulator.Build.0 = Debug|Any CPU
		{5AE58CFB-3D20-46F8-B927-5C1A22FF0BC9}.Debug|x64.ActiveCfg = Debug|Any CPU
		{5AE58CFB-3D20-46F8-B927-5C1A22FF0BC9}.Debug|x64.Build.0 = Debug|Any CPU
		{5AE58CFB-3D20-46F8-B927-5C1A22FF0BC9}.Debug|x86.ActiveCfg = Debug|Any CPU
		{5AE58CFB-3D20-46F8-B927-5C1A22FF0BC9}.Debug|x86.Build.0 = Debug|Any CPU
		{5AE58CFB-3D20-46F8-B927-5C1A22FF0BC9}.Release|Any CPU.ActiveCfg = Release|Any CPU
		{5AE58CFB-3D20-46F8-B927-5C1A22FF0BC9}.Release|Any CPU.Build.0 = Release|Any CPU
		{5AE58CFB-3D20-46F8-B927-5C1A22FF0BC9}.Release|ARM.ActiveCfg = Release|Any CPU
		{5AE58CFB-3D20-46F8-B927-5C1A22FF0BC9}.Release|ARM.Build.0 = Release|Any CPU
		{5AE58CFB-3D20-46F8-B927-5C1A22FF0BC9}.Release|iPhone.ActiveCfg = Release|Any CPU
		{5AE58CFB-3D20-46F8-B927-5C1A22FF0BC9}.Release|iPhone.Build.0 = Release|Any CPU
		{5AE58CFB-3D20-46F8-B927-5C1A22FF0BC9}.Release|iPhoneSimulator.ActiveCfg = Release|Any CPU
		{5AE58CFB-3D20-46F8-B927-5C1A22FF0BC9}.Release|iPhoneSimulator.Build.0 = Release|Any CPU
		{5AE58CFB-3D20-46F8-B927-5C1A22FF0BC9}.Release|x64.ActiveCfg = Release|Any CPU
		{5AE58CFB-3D20-46F8-B927-5C1A22FF0BC9}.Release|x64.Build.0 = Release|Any CPU
		{5AE58CFB-3D20-46F8-B927-5C1A22FF0BC9}.Release|x86.ActiveCfg = Release|Any CPU
		{5AE58CFB-3D20-46F8-B927-5C1A22FF0BC9}.Release|x86.Build.0 = Release|Any CPU
		{1DCC40D2-1C58-40A6-A41A-0C616E188569}.Debug|Any CPU.ActiveCfg = Debug|Any CPU
		{1DCC40D2-1C58-40A6-A41A-0C616E188569}.Debug|Any CPU.Build.0 = Debug|Any CPU
		{1DCC40D2-1C58-40A6-A41A-0C616E188569}.Debug|Any CPU.Deploy.0 = Debug|Any CPU
		{1DCC40D2-1C58-40A6-A41A-0C616E188569}.Debug|ARM.ActiveCfg = Debug|Any CPU
		{1DCC40D2-1C58-40A6-A41A-0C616E188569}.Debug|ARM.Build.0 = Debug|Any CPU
		{1DCC40D2-1C58-40A6-A41A-0C616E188569}.Debug|ARM.Deploy.0 = Debug|Any CPU
		{1DCC40D2-1C58-40A6-A41A-0C616E188569}.Debug|iPhone.ActiveCfg = Debug|Any CPU
		{1DCC40D2-1C58-40A6-A41A-0C616E188569}.Debug|iPhone.Build.0 = Debug|Any CPU
		{1DCC40D2-1C58-40A6-A41A-0C616E188569}.Debug|iPhone.Deploy.0 = Debug|Any CPU
		{1DCC40D2-1C58-40A6-A41A-0C616E188569}.Debug|iPhoneSimulator.ActiveCfg = Debug|Any CPU
		{1DCC40D2-1C58-40A6-A41A-0C616E188569}.Debug|iPhoneSimulator.Build.0 = Debug|Any CPU
		{1DCC40D2-1C58-40A6-A41A-0C616E188569}.Debug|iPhoneSimulator.Deploy.0 = Debug|Any CPU
		{1DCC40D2-1C58-40A6-A41A-0C616E188569}.Debug|x64.ActiveCfg = Debug|Any CPU
		{1DCC40D2-1C58-40A6-A41A-0C616E188569}.Debug|x64.Build.0 = Debug|Any CPU
		{1DCC40D2-1C58-40A6-A41A-0C616E188569}.Debug|x64.Deploy.0 = Debug|Any CPU
		{1DCC40D2-1C58-40A6-A41A-0C616E188569}.Debug|x86.ActiveCfg = Debug|Any CPU
		{1DCC40D2-1C58-40A6-A41A-0C616E188569}.Debug|x86.Build.0 = Debug|Any CPU
		{1DCC40D2-1C58-40A6-A41A-0C616E188569}.Debug|x86.Deploy.0 = Debug|Any CPU
		{1DCC40D2-1C58-40A6-A41A-0C616E188569}.Release|Any CPU.ActiveCfg = Release|Any CPU
		{1DCC40D2-1C58-40A6-A41A-0C616E188569}.Release|Any CPU.Build.0 = Release|Any CPU
		{1DCC40D2-1C58-40A6-A41A-0C616E188569}.Release|Any CPU.Deploy.0 = Release|Any CPU
		{1DCC40D2-1C58-40A6-A41A-0C616E188569}.Release|ARM.ActiveCfg = Release|Any CPU
		{1DCC40D2-1C58-40A6-A41A-0C616E188569}.Release|ARM.Build.0 = Release|Any CPU
		{1DCC40D2-1C58-40A6-A41A-0C616E188569}.Release|ARM.Deploy.0 = Release|Any CPU
		{1DCC40D2-1C58-40A6-A41A-0C616E188569}.Release|iPhone.ActiveCfg = Release|Any CPU
		{1DCC40D2-1C58-40A6-A41A-0C616E188569}.Release|iPhone.Build.0 = Release|Any CPU
		{1DCC40D2-1C58-40A6-A41A-0C616E188569}.Release|iPhone.Deploy.0 = Release|Any CPU
		{1DCC40D2-1C58-40A6-A41A-0C616E188569}.Release|iPhoneSimulator.ActiveCfg = Release|Any CPU
		{1DCC40D2-1C58-40A6-A41A-0C616E188569}.Release|iPhoneSimulator.Build.0 = Release|Any CPU
		{1DCC40D2-1C58-40A6-A41A-0C616E188569}.Release|iPhoneSimulator.Deploy.0 = Release|Any CPU
		{1DCC40D2-1C58-40A6-A41A-0C616E188569}.Release|x64.ActiveCfg = Release|Any CPU
		{1DCC40D2-1C58-40A6-A41A-0C616E188569}.Release|x64.Build.0 = Release|Any CPU
		{1DCC40D2-1C58-40A6-A41A-0C616E188569}.Release|x64.Deploy.0 = Release|Any CPU
		{1DCC40D2-1C58-40A6-A41A-0C616E188569}.Release|x86.ActiveCfg = Release|Any CPU
		{1DCC40D2-1C58-40A6-A41A-0C616E188569}.Release|x86.Build.0 = Release|Any CPU
		{1DCC40D2-1C58-40A6-A41A-0C616E188569}.Release|x86.Deploy.0 = Release|Any CPU
		{8927ED03-8CEA-4BA9-A13A-5B6AAB86FDCD}.Debug|Any CPU.ActiveCfg = Debug|iPhone
		{8927ED03-8CEA-4BA9-A13A-5B6AAB86FDCD}.Debug|ARM.ActiveCfg = Debug|iPhone
		{8927ED03-8CEA-4BA9-A13A-5B6AAB86FDCD}.Debug|iPhone.ActiveCfg = Debug|iPhone
		{8927ED03-8CEA-4BA9-A13A-5B6AAB86FDCD}.Debug|iPhone.Build.0 = Debug|iPhone
		{8927ED03-8CEA-4BA9-A13A-5B6AAB86FDCD}.Debug|iPhoneSimulator.ActiveCfg = Debug|iPhoneSimulator
		{8927ED03-8CEA-4BA9-A13A-5B6AAB86FDCD}.Debug|iPhoneSimulator.Build.0 = Debug|iPhoneSimulator
		{8927ED03-8CEA-4BA9-A13A-5B6AAB86FDCD}.Debug|x64.ActiveCfg = Debug|iPhone
		{8927ED03-8CEA-4BA9-A13A-5B6AAB86FDCD}.Debug|x86.ActiveCfg = Debug|iPhone
		{8927ED03-8CEA-4BA9-A13A-5B6AAB86FDCD}.Release|Any CPU.ActiveCfg = Release|iPhone
		{8927ED03-8CEA-4BA9-A13A-5B6AAB86FDCD}.Release|ARM.ActiveCfg = Release|iPhone
		{8927ED03-8CEA-4BA9-A13A-5B6AAB86FDCD}.Release|iPhone.ActiveCfg = Release|iPhone
		{8927ED03-8CEA-4BA9-A13A-5B6AAB86FDCD}.Release|iPhone.Build.0 = Release|iPhone
		{8927ED03-8CEA-4BA9-A13A-5B6AAB86FDCD}.Release|iPhoneSimulator.ActiveCfg = Release|iPhoneSimulator
		{8927ED03-8CEA-4BA9-A13A-5B6AAB86FDCD}.Release|iPhoneSimulator.Build.0 = Release|iPhoneSimulator
		{8927ED03-8CEA-4BA9-A13A-5B6AAB86FDCD}.Release|x64.ActiveCfg = Release|iPhone
		{8927ED03-8CEA-4BA9-A13A-5B6AAB86FDCD}.Release|x86.ActiveCfg = Release|iPhone
		{ABE386F9-E836-41C1-8D48-5193D9250907}.Debug|Any CPU.ActiveCfg = Debug|Any CPU
		{ABE386F9-E836-41C1-8D48-5193D9250907}.Debug|Any CPU.Build.0 = Debug|Any CPU
		{ABE386F9-E836-41C1-8D48-5193D9250907}.Debug|ARM.ActiveCfg = Debug|Any CPU
		{ABE386F9-E836-41C1-8D48-5193D9250907}.Debug|ARM.Build.0 = Debug|Any CPU
		{ABE386F9-E836-41C1-8D48-5193D9250907}.Debug|iPhone.ActiveCfg = Debug|Any CPU
		{ABE386F9-E836-41C1-8D48-5193D9250907}.Debug|iPhone.Build.0 = Debug|Any CPU
		{ABE386F9-E836-41C1-8D48-5193D9250907}.Debug|iPhoneSimulator.ActiveCfg = Debug|Any CPU
		{ABE386F9-E836-41C1-8D48-5193D9250907}.Debug|iPhoneSimulator.Build.0 = Debug|Any CPU
		{ABE386F9-E836-41C1-8D48-5193D9250907}.Debug|x64.ActiveCfg = Debug|Any CPU
		{ABE386F9-E836-41C1-8D48-5193D9250907}.Debug|x64.Build.0 = Debug|Any CPU
		{ABE386F9-E836-41C1-8D48-5193D9250907}.Debug|x86.ActiveCfg = Debug|Any CPU
		{ABE386F9-E836-41C1-8D48-5193D9250907}.Debug|x86.Build.0 = Debug|Any CPU
		{ABE386F9-E836-41C1-8D48-5193D9250907}.Release|Any CPU.ActiveCfg = Release|Any CPU
		{ABE386F9-E836-41C1-8D48-5193D9250907}.Release|Any CPU.Build.0 = Release|Any CPU
		{ABE386F9-E836-41C1-8D48-5193D9250907}.Release|ARM.ActiveCfg = Release|Any CPU
		{ABE386F9-E836-41C1-8D48-5193D9250907}.Release|ARM.Build.0 = Release|Any CPU
		{ABE386F9-E836-41C1-8D48-5193D9250907}.Release|iPhone.ActiveCfg = Release|Any CPU
		{ABE386F9-E836-41C1-8D48-5193D9250907}.Release|iPhone.Build.0 = Release|Any CPU
		{ABE386F9-E836-41C1-8D48-5193D9250907}.Release|iPhoneSimulator.ActiveCfg = Release|Any CPU
		{ABE386F9-E836-41C1-8D48-5193D9250907}.Release|iPhoneSimulator.Build.0 = Release|Any CPU
		{ABE386F9-E836-41C1-8D48-5193D9250907}.Release|x64.ActiveCfg = Release|Any CPU
		{ABE386F9-E836-41C1-8D48-5193D9250907}.Release|x64.Build.0 = Release|Any CPU
		{ABE386F9-E836-41C1-8D48-5193D9250907}.Release|x86.ActiveCfg = Release|Any CPU
		{ABE386F9-E836-41C1-8D48-5193D9250907}.Release|x86.Build.0 = Release|Any CPU
		{43A4BD21-99CA-4641-972C-0C0BB6F00538}.Debug|Any CPU.ActiveCfg = Debug|Any CPU
		{43A4BD21-99CA-4641-972C-0C0BB6F00538}.Debug|Any CPU.Build.0 = Debug|Any CPU
		{43A4BD21-99CA-4641-972C-0C0BB6F00538}.Debug|Any CPU.Deploy.0 = Debug|Any CPU
		{43A4BD21-99CA-4641-972C-0C0BB6F00538}.Debug|ARM.ActiveCfg = Debug|Any CPU
		{43A4BD21-99CA-4641-972C-0C0BB6F00538}.Debug|ARM.Build.0 = Debug|Any CPU
		{43A4BD21-99CA-4641-972C-0C0BB6F00538}.Debug|ARM.Deploy.0 = Debug|Any CPU
		{43A4BD21-99CA-4641-972C-0C0BB6F00538}.Debug|iPhone.ActiveCfg = Debug|Any CPU
		{43A4BD21-99CA-4641-972C-0C0BB6F00538}.Debug|iPhone.Build.0 = Debug|Any CPU
		{43A4BD21-99CA-4641-972C-0C0BB6F00538}.Debug|iPhone.Deploy.0 = Debug|Any CPU
		{43A4BD21-99CA-4641-972C-0C0BB6F00538}.Debug|iPhoneSimulator.ActiveCfg = Debug|Any CPU
		{43A4BD21-99CA-4641-972C-0C0BB6F00538}.Debug|iPhoneSimulator.Build.0 = Debug|Any CPU
		{43A4BD21-99CA-4641-972C-0C0BB6F00538}.Debug|iPhoneSimulator.Deploy.0 = Debug|Any CPU
		{43A4BD21-99CA-4641-972C-0C0BB6F00538}.Debug|x64.ActiveCfg = Debug|Any CPU
		{43A4BD21-99CA-4641-972C-0C0BB6F00538}.Debug|x64.Build.0 = Debug|Any CPU
		{43A4BD21-99CA-4641-972C-0C0BB6F00538}.Debug|x64.Deploy.0 = Debug|Any CPU
		{43A4BD21-99CA-4641-972C-0C0BB6F00538}.Debug|x86.ActiveCfg = Debug|Any CPU
		{43A4BD21-99CA-4641-972C-0C0BB6F00538}.Debug|x86.Build.0 = Debug|Any CPU
		{43A4BD21-99CA-4641-972C-0C0BB6F00538}.Debug|x86.Deploy.0 = Debug|Any CPU
		{43A4BD21-99CA-4641-972C-0C0BB6F00538}.Release|Any CPU.ActiveCfg = Release|Any CPU
		{43A4BD21-99CA-4641-972C-0C0BB6F00538}.Release|Any CPU.Build.0 = Release|Any CPU
		{43A4BD21-99CA-4641-972C-0C0BB6F00538}.Release|Any CPU.Deploy.0 = Release|Any CPU
		{43A4BD21-99CA-4641-972C-0C0BB6F00538}.Release|ARM.ActiveCfg = Release|Any CPU
		{43A4BD21-99CA-4641-972C-0C0BB6F00538}.Release|ARM.Build.0 = Release|Any CPU
		{43A4BD21-99CA-4641-972C-0C0BB6F00538}.Release|ARM.Deploy.0 = Release|Any CPU
		{43A4BD21-99CA-4641-972C-0C0BB6F00538}.Release|iPhone.ActiveCfg = Release|Any CPU
		{43A4BD21-99CA-4641-972C-0C0BB6F00538}.Release|iPhone.Build.0 = Release|Any CPU
		{43A4BD21-99CA-4641-972C-0C0BB6F00538}.Release|iPhone.Deploy.0 = Release|Any CPU
		{43A4BD21-99CA-4641-972C-0C0BB6F00538}.Release|iPhoneSimulator.ActiveCfg = Release|Any CPU
		{43A4BD21-99CA-4641-972C-0C0BB6F00538}.Release|iPhoneSimulator.Build.0 = Release|Any CPU
		{43A4BD21-99CA-4641-972C-0C0BB6F00538}.Release|iPhoneSimulator.Deploy.0 = Release|Any CPU
		{43A4BD21-99CA-4641-972C-0C0BB6F00538}.Release|x64.ActiveCfg = Release|Any CPU
		{43A4BD21-99CA-4641-972C-0C0BB6F00538}.Release|x64.Build.0 = Release|Any CPU
		{43A4BD21-99CA-4641-972C-0C0BB6F00538}.Release|x64.Deploy.0 = Release|Any CPU
		{43A4BD21-99CA-4641-972C-0C0BB6F00538}.Release|x86.ActiveCfg = Release|Any CPU
		{43A4BD21-99CA-4641-972C-0C0BB6F00538}.Release|x86.Build.0 = Release|Any CPU
		{43A4BD21-99CA-4641-972C-0C0BB6F00538}.Release|x86.Deploy.0 = Release|Any CPU
		{B2D28303-BF39-4AFA-AF34-1AF2C970C514}.Debug|Any CPU.ActiveCfg = Debug|iPhone
		{B2D28303-BF39-4AFA-AF34-1AF2C970C514}.Debug|ARM.ActiveCfg = Debug|iPhone
		{B2D28303-BF39-4AFA-AF34-1AF2C970C514}.Debug|iPhone.ActiveCfg = Debug|iPhone
		{B2D28303-BF39-4AFA-AF34-1AF2C970C514}.Debug|iPhone.Build.0 = Debug|iPhone
		{B2D28303-BF39-4AFA-AF34-1AF2C970C514}.Debug|iPhoneSimulator.ActiveCfg = Debug|iPhoneSimulator
		{B2D28303-BF39-4AFA-AF34-1AF2C970C514}.Debug|iPhoneSimulator.Build.0 = Debug|iPhoneSimulator
		{B2D28303-BF39-4AFA-AF34-1AF2C970C514}.Debug|x64.ActiveCfg = Debug|iPhone
		{B2D28303-BF39-4AFA-AF34-1AF2C970C514}.Debug|x86.ActiveCfg = Debug|iPhone
		{B2D28303-BF39-4AFA-AF34-1AF2C970C514}.Release|Any CPU.ActiveCfg = Release|iPhone
		{B2D28303-BF39-4AFA-AF34-1AF2C970C514}.Release|ARM.ActiveCfg = Release|iPhone
		{B2D28303-BF39-4AFA-AF34-1AF2C970C514}.Release|iPhone.ActiveCfg = Release|iPhone
		{B2D28303-BF39-4AFA-AF34-1AF2C970C514}.Release|iPhone.Build.0 = Release|iPhone
		{B2D28303-BF39-4AFA-AF34-1AF2C970C514}.Release|iPhoneSimulator.ActiveCfg = Release|iPhoneSimulator
		{B2D28303-BF39-4AFA-AF34-1AF2C970C514}.Release|iPhoneSimulator.Build.0 = Release|iPhoneSimulator
		{B2D28303-BF39-4AFA-AF34-1AF2C970C514}.Release|x64.ActiveCfg = Release|iPhone
		{B2D28303-BF39-4AFA-AF34-1AF2C970C514}.Release|x86.ActiveCfg = Release|iPhone
		{57302601-6C58-4303-BCAD-8423E56B0B3F}.Debug|Any CPU.ActiveCfg = Debug|Any CPU
		{57302601-6C58-4303-BCAD-8423E56B0B3F}.Debug|Any CPU.Build.0 = Debug|Any CPU
		{57302601-6C58-4303-BCAD-8423E56B0B3F}.Debug|ARM.ActiveCfg = Debug|Any CPU
		{57302601-6C58-4303-BCAD-8423E56B0B3F}.Debug|ARM.Build.0 = Debug|Any CPU
		{57302601-6C58-4303-BCAD-8423E56B0B3F}.Debug|iPhone.ActiveCfg = Debug|Any CPU
		{57302601-6C58-4303-BCAD-8423E56B0B3F}.Debug|iPhone.Build.0 = Debug|Any CPU
		{57302601-6C58-4303-BCAD-8423E56B0B3F}.Debug|iPhoneSimulator.ActiveCfg = Debug|Any CPU
		{57302601-6C58-4303-BCAD-8423E56B0B3F}.Debug|iPhoneSimulator.Build.0 = Debug|Any CPU
		{57302601-6C58-4303-BCAD-8423E56B0B3F}.Debug|x64.ActiveCfg = Debug|Any CPU
		{57302601-6C58-4303-BCAD-8423E56B0B3F}.Debug|x64.Build.0 = Debug|Any CPU
		{57302601-6C58-4303-BCAD-8423E56B0B3F}.Debug|x86.ActiveCfg = Debug|Any CPU
		{57302601-6C58-4303-BCAD-8423E56B0B3F}.Debug|x86.Build.0 = Debug|Any CPU
		{57302601-6C58-4303-BCAD-8423E56B0B3F}.Release|Any CPU.ActiveCfg = Release|Any CPU
		{57302601-6C58-4303-BCAD-8423E56B0B3F}.Release|Any CPU.Build.0 = Release|Any CPU
		{57302601-6C58-4303-BCAD-8423E56B0B3F}.Release|ARM.ActiveCfg = Release|Any CPU
		{57302601-6C58-4303-BCAD-8423E56B0B3F}.Release|ARM.Build.0 = Release|Any CPU
		{57302601-6C58-4303-BCAD-8423E56B0B3F}.Release|iPhone.ActiveCfg = Release|Any CPU
		{57302601-6C58-4303-BCAD-8423E56B0B3F}.Release|iPhone.Build.0 = Release|Any CPU
		{57302601-6C58-4303-BCAD-8423E56B0B3F}.Release|iPhoneSimulator.ActiveCfg = Release|Any CPU
		{57302601-6C58-4303-BCAD-8423E56B0B3F}.Release|iPhoneSimulator.Build.0 = Release|Any CPU
		{57302601-6C58-4303-BCAD-8423E56B0B3F}.Release|x64.ActiveCfg = Release|Any CPU
		{57302601-6C58-4303-BCAD-8423E56B0B3F}.Release|x64.Build.0 = Release|Any CPU
		{57302601-6C58-4303-BCAD-8423E56B0B3F}.Release|x86.ActiveCfg = Release|Any CPU
		{57302601-6C58-4303-BCAD-8423E56B0B3F}.Release|x86.Build.0 = Release|Any CPU
		{E5B98B9E-9C2E-4E02-BA96-4811FC662F74}.Debug|Any CPU.ActiveCfg = Debug|Any CPU
		{E5B98B9E-9C2E-4E02-BA96-4811FC662F74}.Debug|Any CPU.Build.0 = Debug|Any CPU
		{E5B98B9E-9C2E-4E02-BA96-4811FC662F74}.Debug|ARM.ActiveCfg = Debug|Any CPU
		{E5B98B9E-9C2E-4E02-BA96-4811FC662F74}.Debug|ARM.Build.0 = Debug|Any CPU
		{E5B98B9E-9C2E-4E02-BA96-4811FC662F74}.Debug|iPhone.ActiveCfg = Debug|Any CPU
		{E5B98B9E-9C2E-4E02-BA96-4811FC662F74}.Debug|iPhone.Build.0 = Debug|Any CPU
		{E5B98B9E-9C2E-4E02-BA96-4811FC662F74}.Debug|iPhoneSimulator.ActiveCfg = Debug|Any CPU
		{E5B98B9E-9C2E-4E02-BA96-4811FC662F74}.Debug|iPhoneSimulator.Build.0 = Debug|Any CPU
		{E5B98B9E-9C2E-4E02-BA96-4811FC662F74}.Debug|x64.ActiveCfg = Debug|Any CPU
		{E5B98B9E-9C2E-4E02-BA96-4811FC662F74}.Debug|x64.Build.0 = Debug|Any CPU
		{E5B98B9E-9C2E-4E02-BA96-4811FC662F74}.Debug|x86.ActiveCfg = Debug|Any CPU
		{E5B98B9E-9C2E-4E02-BA96-4811FC662F74}.Debug|x86.Build.0 = Debug|Any CPU
		{E5B98B9E-9C2E-4E02-BA96-4811FC662F74}.Release|Any CPU.ActiveCfg = Release|Any CPU
		{E5B98B9E-9C2E-4E02-BA96-4811FC662F74}.Release|Any CPU.Build.0 = Release|Any CPU
		{E5B98B9E-9C2E-4E02-BA96-4811FC662F74}.Release|ARM.ActiveCfg = Release|Any CPU
		{E5B98B9E-9C2E-4E02-BA96-4811FC662F74}.Release|ARM.Build.0 = Release|Any CPU
		{E5B98B9E-9C2E-4E02-BA96-4811FC662F74}.Release|iPhone.ActiveCfg = Release|Any CPU
		{E5B98B9E-9C2E-4E02-BA96-4811FC662F74}.Release|iPhone.Build.0 = Release|Any CPU
		{E5B98B9E-9C2E-4E02-BA96-4811FC662F74}.Release|iPhoneSimulator.ActiveCfg = Release|Any CPU
		{E5B98B9E-9C2E-4E02-BA96-4811FC662F74}.Release|iPhoneSimulator.Build.0 = Release|Any CPU
		{E5B98B9E-9C2E-4E02-BA96-4811FC662F74}.Release|x64.ActiveCfg = Release|Any CPU
		{E5B98B9E-9C2E-4E02-BA96-4811FC662F74}.Release|x64.Build.0 = Release|Any CPU
		{E5B98B9E-9C2E-4E02-BA96-4811FC662F74}.Release|x86.ActiveCfg = Release|Any CPU
		{E5B98B9E-9C2E-4E02-BA96-4811FC662F74}.Release|x86.Build.0 = Release|Any CPU
	EndGlobalSection
	GlobalSection(SolutionProperties) = preSolution
		HideSolutionNode = FALSE
	EndGlobalSection
	GlobalSection(NestedProjects) = preSolution
		{C434BD5B-C254-469F-9F01-BE0579793689} = {4CF24F5B-0AB5-41F6-B711-1EA8C46D0306}
		{004DE2C0-598B-440D-AAEE-3093380201A9} = {4CF24F5B-0AB5-41F6-B711-1EA8C46D0306}
		{7AAD4C68-4A14-4C35-8FE6-B20456EBCBCD} = {4CF24F5B-0AB5-41F6-B711-1EA8C46D0306}
		{C96AFB36-6264-4B78-9BBB-B7D75909033D} = {7B8C626F-75FA-4A01-9E9F-D5EC5FF0BD28}
		{DA2ECCBF-D38D-491A-A073-4DB46D882F09} = {249323A2-1BED-4E22-9A81-D0BF9877B337}
		{01E54A01-366D-4AF0-8E1E-D896BAEF4775} = {DA2ECCBF-D38D-491A-A073-4DB46D882F09}
		{5BD79099-63E7-43AB-AD82-3FAFF5F0D804} = {DA2ECCBF-D38D-491A-A073-4DB46D882F09}
		{5AE58CFB-3D20-46F8-B927-5C1A22FF0BC9} = {DA2ECCBF-D38D-491A-A073-4DB46D882F09}
		{41B3B5AD-15E9-4083-9580-E4847A7F8EF9} = {249323A2-1BED-4E22-9A81-D0BF9877B337}
		{1DCC40D2-1C58-40A6-A41A-0C616E188569} = {41B3B5AD-15E9-4083-9580-E4847A7F8EF9}
		{8927ED03-8CEA-4BA9-A13A-5B6AAB86FDCD} = {41B3B5AD-15E9-4083-9580-E4847A7F8EF9}
		{ABE386F9-E836-41C1-8D48-5193D9250907} = {41B3B5AD-15E9-4083-9580-E4847A7F8EF9}
		{51CD8EC1-364C-46F1-BBA7-E0B83016C292} = {249323A2-1BED-4E22-9A81-D0BF9877B337}
		{43A4BD21-99CA-4641-972C-0C0BB6F00538} = {51CD8EC1-364C-46F1-BBA7-E0B83016C292}
		{B2D28303-BF39-4AFA-AF34-1AF2C970C514} = {51CD8EC1-364C-46F1-BBA7-E0B83016C292}
		{57302601-6C58-4303-BCAD-8423E56B0B3F} = {51CD8EC1-364C-46F1-BBA7-E0B83016C292}
		{E5B98B9E-9C2E-4E02-BA96-4811FC662F74} = {249323A2-1BED-4E22-9A81-D0BF9877B337}
	EndGlobalSection
	GlobalSection(ExtensibilityGlobals) = postSolution
		SolutionGuid = {C8679901-039A-40C5-A272-FC1A2B47CEE5}
	EndGlobalSection
EndGlobal
