
Microsoft Visual Studio Solution File, Format Version 12.00
# Visual Studio Version 16
VisualStudioVersion = 16.0.29911.84
MinimumVisualStudioVersion = 10.0.40219.1
Project("{2150E333-8FDC-42A3-9474-1A3956D46DE8}") = "Web", "Web", "{4CF24F5B-0AB5-41F6-B711-1EA8C46D0306}"
EndProject
Project("{2150E333-8FDC-42A3-9474-1A3956D46DE8}") = "Mobile", "Mobile", "{249323A2-1BED-4E22-9A81-D0BF9877B337}"
EndProject
Project("{2150E333-8FDC-42A3-9474-1A3956D46DE8}") = "QuotesApp", "QuotesApp", "{DA2ECCBF-D38D-491A-A073-4DB46D882F09}"
EndProject
Project("{FAE04EC0-301F-11D3-BF4B-00C04F79EFBC}") = "MahwousQuotes.Android", "MahwousMobile\MahwousQuotes\MahwousQuotes.Android\MahwousQuotes.Android.csproj", "{01E54A01-366D-4AF0-8E1E-D896BAEF4775}"
EndProject
Project("{FAE04EC0-301F-11D3-BF4B-00C04F79EFBC}") = "MahwousQuotes.iOS", "MahwousMobile\MahwousQuotes\MahwousQuotes.iOS\MahwousQuotes.iOS.csproj", "{5BD79099-63E7-43AB-AD82-3FAFF5F0D804}"
EndProject
Project("{9A19103F-16F7-4668-BE54-9A1E7A4F7556}") = "MahwousQuotes", "MahwousMobile\MahwousQuotes\MahwousQuotes\MahwousQuotes.csproj", "{5AE58CFB-3D20-46F8-B927-5C1A22FF0BC9}"
EndProject
Project("{9A19103F-16F7-4668-BE54-9A1E7A4F7556}") = "MahwousMobile.Base", "MahwousMobile\MobileBase\MahwousMobile.Base\MahwousMobile.Base.csproj", "{E5B98B9E-9C2E-4E02-BA96-4811FC662F74}"
EndProject
Project("{9A19103F-16F7-4668-BE54-9A1E7A4F7556}") = "MahwousWeb.Models", "MahwousWeb\Models\MahwousWeb.Models.csproj", "{C21F8053-D603-4E6D-A9DA-8CEA0E1423B5}"
EndProject
Project("{9A19103F-16F7-4668-BE54-9A1E7A4F7556}") = "MahwousWeb.Service", "MahwousWeb\Service\MahwousWeb.Service.csproj", "{E1593E2F-04A0-476A-9F81-EE1BC5BF4D0A}"
EndProject
Project("{2150E333-8FDC-42A3-9474-1A3956D46DE8}") = "MobileBase", "MobileBase", "{09DCEDBE-E8D6-4E0F-A38F-76378E25C814}"
EndProject
Project("{FAE04EC0-301F-11D3-BF4B-00C04F79EFBC}") = "MobileBase.Android", "MahwousMobile\MobileBase\MobileBase.Android\MobileBase.Android.csproj", "{57BB6394-2F90-4EE6-93D4-BFE466EEF1C7}"
EndProject
Global
	GlobalSection(SolutionConfigurationPlatforms) = preSolution
		Debug|Any CPU = Debug|Any CPU
		Debug|ARM = Debug|ARM
		Debug|iPhone = Debug|iPhone
		Debug|iPhoneSimulator = Debug|iPhoneSimulator
		Debug|x64 = Debug|x64
		Debug|x86 = Debug|x86
		Release|Any CPU = Release|Any CPU
		Release|ARM = Release|ARM
		Release|iPhone = Release|iPhone
		Release|iPhoneSimulator = Release|iPhoneSimulator
		Release|x64 = Release|x64
		Release|x86 = Release|x86
	EndGlobalSection
	GlobalSection(ProjectConfigurationPlatforms) = postSolution
		{01E54A01-366D-4AF0-8E1E-D896BAEF4775}.Debug|Any CPU.ActiveCfg = Debug|Any CPU
		{01E54A01-366D-4AF0-8E1E-D896BAEF4775}.Debug|Any CPU.Build.0 = Debug|Any CPU
		{01E54A01-366D-4AF0-8E1E-D896BAEF4775}.Debug|Any CPU.Deploy.0 = Debug|Any CPU
		{01E54A01-366D-4AF0-8E1E-D896BAEF4775}.Debug|ARM.ActiveCfg = Debug|Any CPU
		{01E54A01-366D-4AF0-8E1E-D896BAEF4775}.Debug|ARM.Build.0 = Debug|Any CPU
		{01E54A01-366D-4AF0-8E1E-D896BAEF4775}.Debug|ARM.Deploy.0 = Debug|Any CPU
		{01E54A01-366D-4AF0-8E1E-D896BAEF4775}.Debug|iPhone.ActiveCfg = Debug|Any CPU
		{01E54A01-366D-4AF0-8E1E-D896BAEF4775}.Debug|iPhone.Build.0 = Debug|Any CPU
		{01E54A01-366D-4AF0-8E1E-D896BAEF4775}.Debug|iPhone.Deploy.0 = Debug|Any CPU
		{01E54A01-366D-4AF0-8E1E-D896BAEF4775}.Debug|iPhoneSimulator.ActiveCfg = Debug|Any CPU
		{01E54A01-366D-4AF0-8E1E-D896BAEF4775}.Debug|iPhoneSimulator.Build.0 = Debug|Any CPU
		{01E54A01-366D-4AF0-8E1E-D896BAEF4775}.Debug|iPhoneSimulator.Deploy.0 = Debug|Any CPU
		{01E54A01-366D-4AF0-8E1E-D896BAEF4775}.Debug|x64.ActiveCfg = Debug|Any CPU
		{01E54A01-366D-4AF0-8E1E-D896BAEF4775}.Debug|x64.Build.0 = Debug|Any CPU
		{01E54A01-366D-4AF0-8E1E-D896BAEF4775}.Debug|x64.Deploy.0 = Debug|Any CPU
		{01E54A01-366D-4AF0-8E1E-D896BAEF4775}.Debug|x86.ActiveCfg = Debug|Any CPU
		{01E54A01-366D-4AF0-8E1E-D896BAEF4775}.Debug|x86.Build.0 = Debug|Any CPU
		{01E54A01-366D-4AF0-8E1E-D896BAEF4775}.Debug|x86.Deploy.0 = Debug|Any CPU
		{01E54A01-366D-4AF0-8E1E-D896BAEF4775}.Release|Any CPU.ActiveCfg = Release|Any CPU
		{01E54A01-366D-4AF0-8E1E-D896BAEF4775}.Release|Any CPU.Build.0 = Release|Any CPU
		{01E54A01-366D-4AF0-8E1E-D896BAEF4775}.Release|Any CPU.Deploy.0 = Release|Any CPU
		{01E54A01-366D-4AF0-8E1E-D896BAEF4775}.Release|ARM.ActiveCfg = Release|Any CPU
		{01E54A01-366D-4AF0-8E1E-D896BAEF4775}.Release|ARM.Build.0 = Release|Any CPU
		{01E54A01-366D-4AF0-8E1E-D896BAEF4775}.Release|ARM.Deploy.0 = Release|Any CPU
		{01E54A01-366D-4AF0-8E1E-D896BAEF4775}.Release|iPhone.ActiveCfg = Release|Any CPU
		{01E54A01-366D-4AF0-8E1E-D896BAEF4775}.Release|iPhone.Build.0 = Release|Any CPU
		{01E54A01-366D-4AF0-8E1E-D896BAEF4775}.Release|iPhone.Deploy.0 = Release|Any CPU
		{01E54A01-366D-4AF0-8E1E-D896BAEF4775}.Release|iPhoneSimulator.ActiveCfg = Release|Any CPU
		{01E54A01-366D-4AF0-8E1E-D896BAEF4775}.Release|iPhoneSimulator.Build.0 = Release|Any CPU
		{01E54A01-366D-4AF0-8E1E-D896BAEF4775}.Release|iPhoneSimulator.Deploy.0 = Release|Any CPU
		{01E54A01-366D-4AF0-8E1E-D896BAEF4775}.Release|x64.ActiveCfg = Release|Any CPU
		{01E54A01-366D-4AF0-8E1E-D896BAEF4775}.Release|x64.Build.0 = Release|Any CPU
		{01E54A01-366D-4AF0-8E1E-D896BAEF4775}.Release|x64.Deploy.0 = Release|Any CPU
		{01E54A01-366D-4AF0-8E1E-D896BAEF4775}.Release|x86.ActiveCfg = Release|Any CPU
		{01E54A01-366D-4AF0-8E1E-D896BAEF4775}.Release|x86.Build.0 = Release|Any CPU
		{01E54A01-366D-4AF0-8E1E-D896BAEF4775}.Release|x86.Deploy.0 = Release|Any CPU
		{5BD79099-63E7-43AB-AD82-3FAFF5F0D804}.Debug|Any CPU.ActiveCfg = Debug|iPhone
		{5BD79099-63E7-43AB-AD82-3FAFF5F0D804}.Debug|ARM.ActiveCfg = Debug|iPhone
		{5BD79099-63E7-43AB-AD82-3FAFF5F0D804}.Debug|iPhone.ActiveCfg = Debug|iPhone
		{5BD79099-63E7-43AB-AD82-3FAFF5F0D804}.Debug|iPhone.Build.0 = Debug|iPhone
		{5BD79099-63E7-43AB-AD82-3FAFF5F0D804}.Debug|iPhoneSimulator.ActiveCfg = Debug|iPhoneSimulator
		{5BD79099-63E7-43AB-AD82-3FAFF5F0D804}.Debug|iPhoneSimulator.Build.0 = Debug|iPhoneSimulator
		{5BD79099-63E7-43AB-AD82-3FAFF5F0D804}.Debug|x64.ActiveCfg = Debug|iPhone
		{5BD79099-63E7-43AB-AD82-3FAFF5F0D804}.Debug|x86.ActiveCfg = Debug|iPhone
		{5BD79099-63E7-43AB-AD82-3FAFF5F0D804}.Release|Any CPU.ActiveCfg = Release|iPhone
		{5BD79099-63E7-43AB-AD82-3FAFF5F0D804}.Release|ARM.ActiveCfg = Release|iPhone
		{5BD79099-63E7-43AB-AD82-3FAFF5F0D804}.Release|iPhone.ActiveCfg = Release|iPhone
		{5BD79099-63E7-43AB-AD82-3FAFF5F0D804}.Release|iPhone.Build.0 = Release|iPhone
		{5BD79099-63E7-43AB-AD82-3FAFF5F0D804}.Release|iPhoneSimulator.ActiveCfg = Release|iPhoneSimulator
		{5BD79099-63E7-43AB-AD82-3FAFF5F0D804}.Release|iPhoneSimulator.Build.0 = Release|iPhoneSimulator
		{5BD79099-63E7-43AB-AD82-3FAFF5F0D804}.Release|x64.ActiveCfg = Release|iPhone
		{5BD79099-63E7-43AB-AD82-3FAFF5F0D804}.Release|x86.ActiveCfg = Release|iPhone
		{5AE58CFB-3D20-46F8-B927-5C1A22FF0BC9}.Debug|Any CPU.ActiveCfg = Debug|Any CPU
		{5AE58CFB-3D20-46F8-B927-5C1A22FF0BC9}.Debug|Any CPU.Build.0 = Debug|Any CPU
		{5AE58CFB-3D20-46F8-B927-5C1A22FF0BC9}.Debug|ARM.ActiveCfg = Debug|Any CPU
		{5AE58CFB-3D20-46F8-B927-5C1A22FF0BC9}.Debug|ARM.Build.0 = Debug|Any CPU
		{5AE58CFB-3D20-46F8-B927-5C1A22FF0BC9}.Debug|iPhone.ActiveCfg = Debug|Any CPU
		{5AE58CFB-3D20-46F8-B927-5C1A22FF0BC9}.Debug|iPhone.Build.0 = Debug|Any CPU
		{5AE58CFB-3D20-46F8-B927-5C1A22FF0BC9}.Debug|iPhoneSimulator.ActiveCfg = Debug|Any CPU
		{5AE58CFB-3D20-46F8-B927-5C1A22FF0BC9}.Debug|iPhoneSimulator.Build.0 = Debug|Any CPU
		{5AE58CFB-3D20-46F8-B927-5C1A22FF0BC9}.Debug|x64.ActiveCfg = Debug|Any CPU
		{5AE58CFB-3D20-46F8-B927-5C1A22FF0BC9}.Debug|x64.Build.0 = Debug|Any CPU
		{5AE58CFB-3D20-46F8-B927-5C1A22FF0BC9}.Debug|x86.ActiveCfg = Debug|Any CPU
		{5AE58CFB-3D20-46F8-B927-5C1A22FF0BC9}.Debug|x86.Build.0 = Debug|Any CPU
		{5AE58CFB-3D20-46F8-B927-5C1A22FF0BC9}.Release|Any CPU.ActiveCfg = Release|Any CPU
		{5AE58CFB-3D20-46F8-B927-5C1A22FF0BC9}.Release|Any CPU.Build.0 = Release|Any CPU
		{5AE58CFB-3D20-46F8-B927-5C1A22FF0BC9}.Release|ARM.ActiveCfg = Release|Any CPU
		{5AE58CFB-3D20-46F8-B927-5C1A22FF0BC9}.Release|ARM.Build.0 = Release|Any CPU
		{5AE58CFB-3D20-46F8-B927-5C1A22FF0BC9}.Release|iPhone.ActiveCfg = Release|Any CPU
		{5AE58CFB-3D20-46F8-B927-5C1A22FF0BC9}.Release|iPhone.Build.0 = Release|Any CPU
		{5AE58CFB-3D20-46F8-B927-5C1A22FF0BC9}.Release|iPhoneSimulator.ActiveCfg = Release|Any CPU
		{5AE58CFB-3D20-46F8-B927-5C1A22FF0BC9}.Release|iPhoneSimulator.Build.0 = Release|Any CPU
		{5AE58CFB-3D20-46F8-B927-5C1A22FF0BC9}.Release|x64.ActiveCfg = Release|Any CPU
		{5AE58CFB-3D20-46F8-B927-5C1A22FF0BC9}.Release|x64.Build.0 = Release|Any CPU
		{5AE58CFB-3D20-46F8-B927-5C1A22FF0BC9}.Release|x86.ActiveCfg = Release|Any CPU
		{5AE58CFB-3D20-46F8-B927-5C1A22FF0BC9}.Release|x86.Build.0 = Release|Any CPU
		{E5B98B9E-9C2E-4E02-BA96-4811FC662F74}.Debug|Any CPU.ActiveCfg = Debug|Any CPU
		{E5B98B9E-9C2E-4E02-BA96-4811FC662F74}.Debug|Any CPU.Build.0 = Debug|Any CPU
		{E5B98B9E-9C2E-4E02-BA96-4811FC662F74}.Debug|ARM.ActiveCfg = Debug|Any CPU
		{E5B98B9E-9C2E-4E02-BA96-4811FC662F74}.Debug|ARM.Build.0 = Debug|Any CPU
		{E5B98B9E-9C2E-4E02-BA96-4811FC662F74}.Debug|iPhone.ActiveCfg = Debug|Any CPU
		{E5B98B9E-9C2E-4E02-BA96-4811FC662F74}.Debug|iPhone.Build.0 = Debug|Any CPU
		{E5B98B9E-9C2E-4E02-BA96-4811FC662F74}.Debug|iPhoneSimulator.ActiveCfg = Debug|Any CPU
		{E5B98B9E-9C2E-4E02-BA96-4811FC662F74}.Debug|iPhoneSimulator.Build.0 = Debug|Any CPU
		{E5B98B9E-9C2E-4E02-BA96-4811FC662F74}.Debug|x64.ActiveCfg = Debug|Any CPU
		{E5B98B9E-9C2E-4E02-BA96-4811FC662F74}.Debug|x64.Build.0 = Debug|Any CPU
		{E5B98B9E-9C2E-4E02-BA96-4811FC662F74}.Debug|x86.ActiveCfg = Debug|Any CPU
		{E5B98B9E-9C2E-4E02-BA96-4811FC662F74}.Debug|x86.Build.0 = Debug|Any CPU
		{E5B98B9E-9C2E-4E02-BA96-4811FC662F74}.Release|Any CPU.ActiveCfg = Release|Any CPU
		{E5B98B9E-9C2E-4E02-BA96-4811FC662F74}.Release|Any CPU.Build.0 = Release|Any CPU
		{E5B98B9E-9C2E-4E02-BA96-4811FC662F74}.Release|ARM.ActiveCfg = Release|Any CPU
		{E5B98B9E-9C2E-4E02-BA96-4811FC662F74}.Release|ARM.Build.0 = Release|Any CPU
		{E5B98B9E-9C2E-4E02-BA96-4811FC662F74}.Release|iPhone.ActiveCfg = Release|Any CPU
		{E5B98B9E-9C2E-4E02-BA96-4811FC662F74}.Release|iPhone.Build.0 = Release|Any CPU
		{E5B98B9E-9C2E-4E02-BA96-4811FC662F74}.Release|iPhoneSimulator.ActiveCfg = Release|Any CPU
		{E5B98B9E-9C2E-4E02-BA96-4811FC662F74}.Release|iPhoneSimulator.Build.0 = Release|Any CPU
		{E5B98B9E-9C2E-4E02-BA96-4811FC662F74}.Release|x64.ActiveCfg = Release|Any CPU
		{E5B98B9E-9C2E-4E02-BA96-4811FC662F74}.Release|x64.Build.0 = Release|Any CPU
		{E5B98B9E-9C2E-4E02-BA96-4811FC662F74}.Release|x86.ActiveCfg = Release|Any CPU
		{E5B98B9E-9C2E-4E02-BA96-4811FC662F74}.Release|x86.Build.0 = Release|Any CPU
		{C21F8053-D603-4E6D-A9DA-8CEA0E1423B5}.Debug|Any CPU.ActiveCfg = Debug|Any CPU
		{C21F8053-D603-4E6D-A9DA-8CEA0E1423B5}.Debug|Any CPU.Build.0 = Debug|Any CPU
		{C21F8053-D603-4E6D-A9DA-8CEA0E1423B5}.Debug|ARM.ActiveCfg = Debug|Any CPU
		{C21F8053-D603-4E6D-A9DA-8CEA0E1423B5}.Debug|ARM.Build.0 = Debug|Any CPU
		{C21F8053-D603-4E6D-A9DA-8CEA0E1423B5}.Debug|iPhone.ActiveCfg = Debug|Any CPU
		{C21F8053-D603-4E6D-A9DA-8CEA0E1423B5}.Debug|iPhone.Build.0 = Debug|Any CPU
		{C21F8053-D603-4E6D-A9DA-8CEA0E1423B5}.Debug|iPhoneSimulator.ActiveCfg = Debug|Any CPU
		{C21F8053-D603-4E6D-A9DA-8CEA0E1423B5}.Debug|iPhoneSimulator.Build.0 = Debug|Any CPU
		{C21F8053-D603-4E6D-A9DA-8CEA0E1423B5}.Debug|x64.ActiveCfg = Debug|Any CPU
		{C21F8053-D603-4E6D-A9DA-8CEA0E1423B5}.Debug|x64.Build.0 = Debug|Any CPU
		{C21F8053-D603-4E6D-A9DA-8CEA0E1423B5}.Debug|x86.ActiveCfg = Debug|Any CPU
		{C21F8053-D603-4E6D-A9DA-8CEA0E1423B5}.Debug|x86.Build.0 = Debug|Any CPU
		{C21F8053-D603-4E6D-A9DA-8CEA0E1423B5}.Release|Any CPU.ActiveCfg = Release|Any CPU
		{C21F8053-D603-4E6D-A9DA-8CEA0E1423B5}.Release|Any CPU.Build.0 = Release|Any CPU
		{C21F8053-D603-4E6D-A9DA-8CEA0E1423B5}.Release|ARM.ActiveCfg = Release|Any CPU
		{C21F8053-D603-4E6D-A9DA-8CEA0E1423B5}.Release|ARM.Build.0 = Release|Any CPU
		{C21F8053-D603-4E6D-A9DA-8CEA0E1423B5}.Release|iPhone.ActiveCfg = Release|Any CPU
		{C21F8053-D603-4E6D-A9DA-8CEA0E1423B5}.Release|iPhone.Build.0 = Release|Any CPU
		{C21F8053-D603-4E6D-A9DA-8CEA0E1423B5}.Release|iPhoneSimulator.ActiveCfg = Release|Any CPU
		{C21F8053-D603-4E6D-A9DA-8CEA0E1423B5}.Release|iPhoneSimulator.Build.0 = Release|Any CPU
		{C21F8053-D603-4E6D-A9DA-8CEA0E1423B5}.Release|x64.ActiveCfg = Release|Any CPU
		{C21F8053-D603-4E6D-A9DA-8CEA0E1423B5}.Release|x64.Build.0 = Release|Any CPU
		{C21F8053-D603-4E6D-A9DA-8CEA0E1423B5}.Release|x86.ActiveCfg = Release|Any CPU
		{C21F8053-D603-4E6D-A9DA-8CEA0E1423B5}.Release|x86.Build.0 = Release|Any CPU
		{E1593E2F-04A0-476A-9F81-EE1BC5BF4D0A}.Debug|Any CPU.ActiveCfg = Debug|Any CPU
		{E1593E2F-04A0-476A-9F81-EE1BC5BF4D0A}.Debug|Any CPU.Build.0 = Debug|Any CPU
		{E1593E2F-04A0-476A-9F81-EE1BC5BF4D0A}.Debug|ARM.ActiveCfg = Debug|Any CPU
		{E1593E2F-04A0-476A-9F81-EE1BC5BF4D0A}.Debug|ARM.Build.0 = Debug|Any CPU
		{E1593E2F-04A0-476A-9F81-EE1BC5BF4D0A}.Debug|iPhone.ActiveCfg = Debug|Any CPU
		{E1593E2F-04A0-476A-9F81-EE1BC5BF4D0A}.Debug|iPhone.Build.0 = Debug|Any CPU
		{E1593E2F-04A0-476A-9F81-EE1BC5BF4D0A}.Debug|iPhoneSimulator.ActiveCfg = Debug|Any CPU
		{E1593E2F-04A0-476A-9F81-EE1BC5BF4D0A}.Debug|iPhoneSimulator.Build.0 = Debug|Any CPU
		{E1593E2F-04A0-476A-9F81-EE1BC5BF4D0A}.Debug|x64.ActiveCfg = Debug|Any CPU
		{E1593E2F-04A0-476A-9F81-EE1BC5BF4D0A}.Debug|x64.Build.0 = Debug|Any CPU
		{E1593E2F-04A0-476A-9F81-EE1BC5BF4D0A}.Debug|x86.ActiveCfg = Debug|Any CPU
		{E1593E2F-04A0-476A-9F81-EE1BC5BF4D0A}.Debug|x86.Build.0 = Debug|Any CPU
		{E1593E2F-04A0-476A-9F81-EE1BC5BF4D0A}.Release|Any CPU.ActiveCfg = Release|Any CPU
		{E1593E2F-04A0-476A-9F81-EE1BC5BF4D0A}.Release|Any CPU.Build.0 = Release|Any CPU
		{E1593E2F-04A0-476A-9F81-EE1BC5BF4D0A}.Release|ARM.ActiveCfg = Release|Any CPU
		{E1593E2F-04A0-476A-9F81-EE1BC5BF4D0A}.Release|ARM.Build.0 = Release|Any CPU
		{E1593E2F-04A0-476A-9F81-EE1BC5BF4D0A}.Release|iPhone.ActiveCfg = Release|Any CPU
		{E1593E2F-04A0-476A-9F81-EE1BC5BF4D0A}.Release|iPhone.Build.0 = Release|Any CPU
		{E1593E2F-04A0-476A-9F81-EE1BC5BF4D0A}.Release|iPhoneSimulator.ActiveCfg = Release|Any CPU
		{E1593E2F-04A0-476A-9F81-EE1BC5BF4D0A}.Release|iPhoneSimulator.Build.0 = Release|Any CPU
		{E1593E2F-04A0-476A-9F81-EE1BC5BF4D0A}.Release|x64.ActiveCfg = Release|Any CPU
		{E1593E2F-04A0-476A-9F81-EE1BC5BF4D0A}.Release|x64.Build.0 = Release|Any CPU
		{E1593E2F-04A0-476A-9F81-EE1BC5BF4D0A}.Release|x86.ActiveCfg = Release|Any CPU
		{E1593E2F-04A0-476A-9F81-EE1BC5BF4D0A}.Release|x86.Build.0 = Release|Any CPU
		{57BB6394-2F90-4EE6-93D4-BFE466EEF1C7}.Debug|Any CPU.ActiveCfg = Debug|Any CPU
		{57BB6394-2F90-4EE6-93D4-BFE466EEF1C7}.Debug|Any CPU.Build.0 = Debug|Any CPU
		{57BB6394-2F90-4EE6-93D4-BFE466EEF1C7}.Debug|ARM.ActiveCfg = Debug|Any CPU
		{57BB6394-2F90-4EE6-93D4-BFE466EEF1C7}.Debug|ARM.Build.0 = Debug|Any CPU
		{57BB6394-2F90-4EE6-93D4-BFE466EEF1C7}.Debug|iPhone.ActiveCfg = Debug|Any CPU
		{57BB6394-2F90-4EE6-93D4-BFE466EEF1C7}.Debug|iPhone.Build.0 = Debug|Any CPU
		{57BB6394-2F90-4EE6-93D4-BFE466EEF1C7}.Debug|iPhoneSimulator.ActiveCfg = Debug|Any CPU
		{57BB6394-2F90-4EE6-93D4-BFE466EEF1C7}.Debug|iPhoneSimulator.Build.0 = Debug|Any CPU
		{57BB6394-2F90-4EE6-93D4-BFE466EEF1C7}.Debug|x64.ActiveCfg = Debug|Any CPU
		{57BB6394-2F90-4EE6-93D4-BFE466EEF1C7}.Debug|x64.Build.0 = Debug|Any CPU
		{57BB6394-2F90-4EE6-93D4-BFE466EEF1C7}.Debug|x86.ActiveCfg = Debug|Any CPU
		{57BB6394-2F90-4EE6-93D4-BFE466EEF1C7}.Debug|x86.Build.0 = Debug|Any CPU
		{57BB6394-2F90-4EE6-93D4-BFE466EEF1C7}.Release|Any CPU.ActiveCfg = Release|Any CPU
		{57BB6394-2F90-4EE6-93D4-BFE466EEF1C7}.Release|Any CPU.Build.0 = Release|Any CPU
		{57BB6394-2F90-4EE6-93D4-BFE466EEF1C7}.Release|ARM.ActiveCfg = Release|Any CPU
		{57BB6394-2F90-4EE6-93D4-BFE466EEF1C7}.Release|ARM.Build.0 = Release|Any CPU
		{57BB6394-2F90-4EE6-93D4-BFE466EEF1C7}.Release|iPhone.ActiveCfg = Release|Any CPU
		{57BB6394-2F90-4EE6-93D4-BFE466EEF1C7}.Release|iPhone.Build.0 = Release|Any CPU
		{57BB6394-2F90-4EE6-93D4-BFE466EEF1C7}.Release|iPhoneSimulator.ActiveCfg = Release|Any CPU
		{57BB6394-2F90-4EE6-93D4-BFE466EEF1C7}.Release|iPhoneSimulator.Build.0 = Release|Any CPU
		{57BB6394-2F90-4EE6-93D4-BFE466EEF1C7}.Release|x64.ActiveCfg = Release|Any CPU
		{57BB6394-2F90-4EE6-93D4-BFE466EEF1C7}.Release|x64.Build.0 = Release|Any CPU
		{57BB6394-2F90-4EE6-93D4-BFE466EEF1C7}.Release|x86.ActiveCfg = Release|Any CPU
		{57BB6394-2F90-4EE6-93D4-BFE466EEF1C7}.Release|x86.Build.0 = Release|Any CPU
	EndGlobalSection
	GlobalSection(SolutionProperties) = preSolution
		HideSolutionNode = FALSE
	EndGlobalSection
	GlobalSection(NestedProjects) = preSolution
		{DA2ECCBF-D38D-491A-A073-4DB46D882F09} = {249323A2-1BED-4E22-9A81-D0BF9877B337}
		{01E54A01-366D-4AF0-8E1E-D896BAEF4775} = {DA2ECCBF-D38D-491A-A073-4DB46D882F09}
		{5BD79099-63E7-43AB-AD82-3FAFF5F0D804} = {DA2ECCBF-D38D-491A-A073-4DB46D882F09}
		{5AE58CFB-3D20-46F8-B927-5C1A22FF0BC9} = {DA2ECCBF-D38D-491A-A073-4DB46D882F09}
		{E5B98B9E-9C2E-4E02-BA96-4811FC662F74} = {09DCEDBE-E8D6-4E0F-A38F-76378E25C814}
		{C21F8053-D603-4E6D-A9DA-8CEA0E1423B5} = {4CF24F5B-0AB5-41F6-B711-1EA8C46D0306}
		{E1593E2F-04A0-476A-9F81-EE1BC5BF4D0A} = {4CF24F5B-0AB5-41F6-B711-1EA8C46D0306}
		{09DCEDBE-E8D6-4E0F-A38F-76378E25C814} = {249323A2-1BED-4E22-9A81-D0BF9877B337}
		{57BB6394-2F90-4EE6-93D4-BFE466EEF1C7} = {09DCEDBE-E8D6-4E0F-A38F-76378E25C814}
	EndGlobalSection
	GlobalSection(ExtensibilityGlobals) = postSolution
		SolutionGuid = {C8679901-039A-40C5-A272-FC1A2B47CEE5}
	EndGlobalSection
EndGlobal
