
Microsoft Visual Studio Solution File, Format Version 12.00
# Visual Studio Version 16
VisualStudioVersion = 16.0.29911.84
MinimumVisualStudioVersion = 10.0.40219.1
Project("{FAE04EC0-301F-11D3-BF4B-00C04F79EFBC}") = "MahwousQuotes.Android", "MahwousMobile\MahwousQuotes\MahwousQuotes.Android\MahwousQuotes.Android.csproj", "{01E54A01-366D-4AF0-8E1E-D896BAEF4775}"
EndProject
Project("{FAE04EC0-301F-11D3-BF4B-00C04F79EFBC}") = "MahwousQuotes.iOS", "MahwousMobile\MahwousQuotes\MahwousQuotes.iOS\MahwousQuotes.iOS.csproj", "{5BD79099-63E7-43AB-AD82-3FAFF5F0D804}"
EndProject
Project("{9A19103F-16F7-4668-BE54-9A1E7A4F7556}") = "MahwousQuotes", "MahwousMobile\MahwousQuotes\MahwousQuotes\MahwousQuotes.csproj", "{5AE58CFB-3D20-46F8-B927-5C1A22FF0BC9}"
EndProject
Project("{9A19103F-16F7-4668-BE54-9A1E7A4F7556}") = "MahwousWeb.Shared", "MahwousWeb\Shared\MahwousWeb.Shared.csproj", "{36438820-9862-47F4-B4A6-F68CEB605E28}"
EndProject
Global
	GlobalSection(SolutionConfigurationPlatforms) = preSolution
		Debug|Any CPU = Debug|Any CPU
		Debug|ARM = Debug|ARM
		Debug|iPhone = Debug|iPhone
		Debug|iPhoneSimulator = Debug|iPhoneSimulator
		Debug|x64 = Debug|x64
		Debug|x86 = Debug|x86
		Release|Any CPU = Release|Any CPU
		Release|ARM = Release|ARM
		Release|iPhone = Release|iPhone
		Release|iPhoneSimulator = Release|iPhoneSimulator
		Release|x64 = Release|x64
		Release|x86 = Release|x86
	EndGlobalSection
	GlobalSection(ProjectConfigurationPlatforms) = postSolution
		{01E54A01-366D-4AF0-8E1E-D896BAEF4775}.Debug|Any CPU.ActiveCfg = Debug|Any CPU
		{01E54A01-366D-4AF0-8E1E-D896BAEF4775}.Debug|Any CPU.Build.0 = Debug|Any CPU
		{01E54A01-366D-4AF0-8E1E-D896BAEF4775}.Debug|Any CPU.Deploy.0 = Debug|Any CPU
		{01E54A01-366D-4AF0-8E1E-D896BAEF4775}.Debug|ARM.ActiveCfg = Debug|Any CPU
		{01E54A01-366D-4AF0-8E1E-D896BAEF4775}.Debug|ARM.Build.0 = Debug|Any CPU
		{01E54A01-366D-4AF0-8E1E-D896BAEF4775}.Debug|ARM.Deploy.0 = Debug|Any CPU
		{01E54A01-366D-4AF0-8E1E-D896BAEF4775}.Debug|iPhone.ActiveCfg = Debug|Any CPU
		{01E54A01-366D-4AF0-8E1E-D896BAEF4775}.Debug|iPhone.Build.0 = Debug|Any CPU
		{01E54A01-366D-4AF0-8E1E-D896BAEF4775}.Debug|iPhone.Deploy.0 = Debug|Any CPU
		{01E54A01-366D-4AF0-8E1E-D896BAEF4775}.Debug|iPhoneSimulator.ActiveCfg = Debug|Any CPU
		{01E54A01-366D-4AF0-8E1E-D896BAEF4775}.Debug|iPhoneSimulator.Build.0 = Debug|Any CPU
		{01E54A01-366D-4AF0-8E1E-D896BAEF4775}.Debug|iPhoneSimulator.Deploy.0 = Debug|Any CPU
		{01E54A01-366D-4AF0-8E1E-D896BAEF4775}.Debug|x64.ActiveCfg = Debug|Any CPU
		{01E54A01-366D-4AF0-8E1E-D896BAEF4775}.Debug|x64.Build.0 = Debug|Any CPU
		{01E54A01-366D-4AF0-8E1E-D896BAEF4775}.Debug|x64.Deploy.0 = Debug|Any CPU
		{01E54A01-366D-4AF0-8E1E-D896BAEF4775}.Debug|x86.ActiveCfg = Debug|Any CPU
		{01E54A01-366D-4AF0-8E1E-D896BAEF4775}.Debug|x86.Build.0 = Debug|Any CPU
		{01E54A01-366D-4AF0-8E1E-D896BAEF4775}.Debug|x86.Deploy.0 = Debug|Any CPU
		{01E54A01-366D-4AF0-8E1E-D896BAEF4775}.Release|Any CPU.ActiveCfg = Release|Any CPU
		{01E54A01-366D-4AF0-8E1E-D896BAEF4775}.Release|Any CPU.Build.0 = Release|Any CPU
		{01E54A01-366D-4AF0-8E1E-D896BAEF4775}.Release|Any CPU.Deploy.0 = Release|Any CPU
		{01E54A01-366D-4AF0-8E1E-D896BAEF4775}.Release|ARM.ActiveCfg = Release|Any CPU
		{01E54A01-366D-4AF0-8E1E-D896BAEF4775}.Release|ARM.Build.0 = Release|Any CPU
		{01E54A01-366D-4AF0-8E1E-D896BAEF4775}.Release|ARM.Deploy.0 = Release|Any CPU
		{01E54A01-366D-4AF0-8E1E-D896BAEF4775}.Release|iPhone.ActiveCfg = Release|Any CPU
		{01E54A01-366D-4AF0-8E1E-D896BAEF4775}.Release|iPhone.Build.0 = Release|Any CPU
		{01E54A01-366D-4AF0-8E1E-D896BAEF4775}.Release|iPhone.Deploy.0 = Release|Any CPU
		{01E54A01-366D-4AF0-8E1E-D896BAEF4775}.Release|iPhoneSimulator.ActiveCfg = Release|Any CPU
		{01E54A01-366D-4AF0-8E1E-D896BAEF4775}.Release|iPhoneSimulator.Build.0 = Release|Any CPU
		{01E54A01-366D-4AF0-8E1E-D896BAEF4775}.Release|iPhoneSimulator.Deploy.0 = Release|Any CPU
		{01E54A01-366D-4AF0-8E1E-D896BAEF4775}.Release|x64.ActiveCfg = Release|Any CPU
		{01E54A01-366D-4AF0-8E1E-D896BAEF4775}.Release|x64.Build.0 = Release|Any CPU
		{01E54A01-366D-4AF0-8E1E-D896BAEF4775}.Release|x64.Deploy.0 = Release|Any CPU
		{01E54A01-366D-4AF0-8E1E-D896BAEF4775}.Release|x86.ActiveCfg = Release|Any CPU
		{01E54A01-366D-4AF0-8E1E-D896BAEF4775}.Release|x86.Build.0 = Release|Any CPU
		{01E54A01-366D-4AF0-8E1E-D896BAEF4775}.Release|x86.Deploy.0 = Release|Any CPU
		{5BD79099-63E7-43AB-AD82-3FAFF5F0D804}.Debug|Any CPU.ActiveCfg = Debug|iPhone
		{5BD79099-63E7-43AB-AD82-3FAFF5F0D804}.Debug|ARM.ActiveCfg = Debug|iPhone
		{5BD79099-63E7-43AB-AD82-3FAFF5F0D804}.Debug|iPhone.ActiveCfg = Debug|iPhone
		{5BD79099-63E7-43AB-AD82-3FAFF5F0D804}.Debug|iPhone.Build.0 = Debug|iPhone
		{5BD79099-63E7-43AB-AD82-3FAFF5F0D804}.Debug|iPhoneSimulator.ActiveCfg = Debug|iPhoneSimulator
		{5BD79099-63E7-43AB-AD82-3FAFF5F0D804}.Debug|iPhoneSimulator.Build.0 = Debug|iPhoneSimulator
		{5BD79099-63E7-43AB-AD82-3FAFF5F0D804}.Debug|x64.ActiveCfg = Debug|iPhone
		{5BD79099-63E7-43AB-AD82-3FAFF5F0D804}.Debug|x86.ActiveCfg = Debug|iPhone
		{5BD79099-63E7-43AB-AD82-3FAFF5F0D804}.Release|Any CPU.ActiveCfg = Release|iPhone
		{5BD79099-63E7-43AB-AD82-3FAFF5F0D804}.Release|ARM.ActiveCfg = Release|iPhone
		{5BD79099-63E7-43AB-AD82-3FAFF5F0D804}.Release|iPhone.ActiveCfg = Release|iPhone
		{5BD79099-63E7-43AB-AD82-3FAFF5F0D804}.Release|iPhone.Build.0 = Release|iPhone
		{5BD79099-63E7-43AB-AD82-3FAFF5F0D804}.Release|iPhoneSimulator.ActiveCfg = Release|iPhoneSimulator
		{5BD79099-63E7-43AB-AD82-3FAFF5F0D804}.Release|iPhoneSimulator.Build.0 = Release|iPhoneSimulator
		{5BD79099-63E7-43AB-AD82-3FAFF5F0D804}.Release|x64.ActiveCfg = Release|iPhone
		{5BD79099-63E7-43AB-AD82-3FAFF5F0D804}.Release|x86.ActiveCfg = Release|iPhone
		{5AE58CFB-3D20-46F8-B927-5C1A22FF0BC9}.Debug|Any CPU.ActiveCfg = Debug|Any CPU
		{5AE58CFB-3D20-46F8-B927-5C1A22FF0BC9}.Debug|Any CPU.Build.0 = Debug|Any CPU
		{5AE58CFB-3D20-46F8-B927-5C1A22FF0BC9}.Debug|ARM.ActiveCfg = Debug|Any CPU
		{5AE58CFB-3D20-46F8-B927-5C1A22FF0BC9}.Debug|ARM.Build.0 = Debug|Any CPU
		{5AE58CFB-3D20-46F8-B927-5C1A22FF0BC9}.Debug|iPhone.ActiveCfg = Debug|Any CPU
		{5AE58CFB-3D20-46F8-B927-5C1A22FF0BC9}.Debug|iPhone.Build.0 = Debug|Any CPU
		{5AE58CFB-3D20-46F8-B927-5C1A22FF0BC9}.Debug|iPhoneSimulator.ActiveCfg = Debug|Any CPU
		{5AE58CFB-3D20-46F8-B927-5C1A22FF0BC9}.Debug|iPhoneSimulator.Build.0 = Debug|Any CPU
		{5AE58CFB-3D20-46F8-B927-5C1A22FF0BC9}.Debug|x64.ActiveCfg = Debug|Any CPU
		{5AE58CFB-3D20-46F8-B927-5C1A22FF0BC9}.Debug|x64.Build.0 = Debug|Any CPU
		{5AE58CFB-3D20-46F8-B927-5C1A22FF0BC9}.Debug|x86.ActiveCfg = Debug|Any CPU
		{5AE58CFB-3D20-46F8-B927-5C1A22FF0BC9}.Debug|x86.Build.0 = Debug|Any CPU
		{5AE58CFB-3D20-46F8-B927-5C1A22FF0BC9}.Release|Any CPU.ActiveCfg = Release|Any CPU
		{5AE58CFB-3D20-46F8-B927-5C1A22FF0BC9}.Release|Any CPU.Build.0 = Release|Any CPU
		{5AE58CFB-3D20-46F8-B927-5C1A22FF0BC9}.Release|ARM.ActiveCfg = Release|Any CPU
		{5AE58CFB-3D20-46F8-B927-5C1A22FF0BC9}.Release|ARM.Build.0 = Release|Any CPU
		{5AE58CFB-3D20-46F8-B927-5C1A22FF0BC9}.Release|iPhone.ActiveCfg = Release|Any CPU
		{5AE58CFB-3D20-46F8-B927-5C1A22FF0BC9}.Release|iPhone.Build.0 = Release|Any CPU
		{5AE58CFB-3D20-46F8-B927-5C1A22FF0BC9}.Release|iPhoneSimulator.ActiveCfg = Release|Any CPU
		{5AE58CFB-3D20-46F8-B927-5C1A22FF0BC9}.Release|iPhoneSimulator.Build.0 = Release|Any CPU
		{5AE58CFB-3D20-46F8-B927-5C1A22FF0BC9}.Release|x64.ActiveCfg = Release|Any CPU
		{5AE58CFB-3D20-46F8-B927-5C1A22FF0BC9}.Release|x64.Build.0 = Release|Any CPU
		{5AE58CFB-3D20-46F8-B927-5C1A22FF0BC9}.Release|x86.ActiveCfg = Release|Any CPU
		{5AE58CFB-3D20-46F8-B927-5C1A22FF0BC9}.Release|x86.Build.0 = Release|Any CPU
		{36438820-9862-47F4-B4A6-F68CEB605E28}.Debug|Any CPU.ActiveCfg = Debug|Any CPU
		{36438820-9862-47F4-B4A6-F68CEB605E28}.Debug|Any CPU.Build.0 = Debug|Any CPU
		{36438820-9862-47F4-B4A6-F68CEB605E28}.Debug|ARM.ActiveCfg = Debug|Any CPU
		{36438820-9862-47F4-B4A6-F68CEB605E28}.Debug|ARM.Build.0 = Debug|Any CPU
		{36438820-9862-47F4-B4A6-F68CEB605E28}.Debug|iPhone.ActiveCfg = Debug|Any CPU
		{36438820-9862-47F4-B4A6-F68CEB605E28}.Debug|iPhone.Build.0 = Debug|Any CPU
		{36438820-9862-47F4-B4A6-F68CEB605E28}.Debug|iPhoneSimulator.ActiveCfg = Debug|Any CPU
		{36438820-9862-47F4-B4A6-F68CEB605E28}.Debug|iPhoneSimulator.Build.0 = Debug|Any CPU
		{36438820-9862-47F4-B4A6-F68CEB605E28}.Debug|x64.ActiveCfg = Debug|Any CPU
		{36438820-9862-47F4-B4A6-F68CEB605E28}.Debug|x64.Build.0 = Debug|Any CPU
		{36438820-9862-47F4-B4A6-F68CEB605E28}.Debug|x86.ActiveCfg = Debug|Any CPU
		{36438820-9862-47F4-B4A6-F68CEB605E28}.Debug|x86.Build.0 = Debug|Any CPU
		{36438820-9862-47F4-B4A6-F68CEB605E28}.Release|Any CPU.ActiveCfg = Release|Any CPU
		{36438820-9862-47F4-B4A6-F68CEB605E28}.Release|Any CPU.Build.0 = Release|Any CPU
		{36438820-9862-47F4-B4A6-F68CEB605E28}.Release|ARM.ActiveCfg = Release|Any CPU
		{36438820-9862-47F4-B4A6-F68CEB605E28}.Release|ARM.Build.0 = Release|Any CPU
		{36438820-9862-47F4-B4A6-F68CEB605E28}.Release|iPhone.ActiveCfg = Release|Any CPU
		{36438820-9862-47F4-B4A6-F68CEB605E28}.Release|iPhone.Build.0 = Release|Any CPU
		{36438820-9862-47F4-B4A6-F68CEB605E28}.Release|iPhoneSimulator.ActiveCfg = Release|Any CPU
		{36438820-9862-47F4-B4A6-F68CEB605E28}.Release|iPhoneSimulator.Build.0 = Release|Any CPU
		{36438820-9862-47F4-B4A6-F68CEB605E28}.Release|x64.ActiveCfg = Release|Any CPU
		{36438820-9862-47F4-B4A6-F68CEB605E28}.Release|x64.Build.0 = Release|Any CPU
		{36438820-9862-47F4-B4A6-F68CEB605E28}.Release|x86.ActiveCfg = Release|Any CPU
		{36438820-9862-47F4-B4A6-F68CEB605E28}.Release|x86.Build.0 = Release|Any CPU
	EndGlobalSection
	GlobalSection(SolutionProperties) = preSolution
		HideSolutionNode = FALSE
	EndGlobalSection
	GlobalSection(ExtensibilityGlobals) = postSolution
		SolutionGuid = {C8679901-039A-40C5-A272-FC1A2B47CEE5}
	EndGlobalSection
EndGlobal
