
Microsoft Visual Studio Solution File, Format Version 12.00
# Visual Studio Version 16
VisualStudioVersion = 16.0.29911.84
MinimumVisualStudioVersion = 10.0.40219.1
Project("{9A19103F-16F7-4668-BE54-9A1E7A4F7556}") = "MahwousWeb.Shared", "MahwousWeb\Shared\MahwousWeb.Shared.csproj", "{7AAD4C68-4A14-4C35-8FE6-B20456EBCBCD}"
EndProject
Project("{FAE04EC0-301F-11D3-BF4B-00C04F79EFBC}") = "MahwousVideos.Android", "MahwousMobile\MahwousVideos\MahwousVideos.Android\MahwousVideos.Android.csproj", "{1DCC40D2-1C58-40A6-A41A-0C616E188569}"
EndProject
Project("{FAE04EC0-301F-11D3-BF4B-00C04F79EFBC}") = "MahwousVideos.iOS", "MahwousMobile\MahwousVideos\MahwousVideos.iOS\MahwousVideos.iOS.csproj", "{8927ED03-8CEA-4BA9-A13A-5B6AAB86FDCD}"
EndProject
Project("{9A19103F-16F7-4668-BE54-9A1E7A4F7556}") = "MahwousVideos", "MahwousMobile\MahwousVideos\MahwousVideos\MahwousVideos.csproj", "{ABE386F9-E836-41C1-8D48-5193D9250907}"
EndProject
Project("{9A19103F-16F7-4668-BE54-9A1E7A4F7556}") = "MahwousMobile.Base", "MahwousMobile\MahwousMobile.Base\MahwousMobile.Base.csproj", "{71CA636B-8D65-4624-80CE-D1FC3DE74607}"
EndProject
Global
	GlobalSection(SolutionConfigurationPlatforms) = preSolution
		Debug|Any CPU = Debug|Any CPU
		Debug|ARM = Debug|ARM
		Debug|iPhone = Debug|iPhone
		Debug|iPhoneSimulator = Debug|iPhoneSimulator
		Debug|x64 = Debug|x64
		Debug|x86 = Debug|x86
		Release|Any CPU = Release|Any CPU
		Release|ARM = Release|ARM
		Release|iPhone = Release|iPhone
		Release|iPhoneSimulator = Release|iPhoneSimulator
		Release|x64 = Release|x64
		Release|x86 = Release|x86
	EndGlobalSection
	GlobalSection(ProjectConfigurationPlatforms) = postSolution
		{7AAD4C68-4A14-4C35-8FE6-B20456EBCBCD}.Debug|Any CPU.ActiveCfg = Debug|Any CPU
		{7AAD4C68-4A14-4C35-8FE6-B20456EBCBCD}.Debug|Any CPU.Build.0 = Debug|Any CPU
		{7AAD4C68-4A14-4C35-8FE6-B20456EBCBCD}.Debug|ARM.ActiveCfg = Debug|Any CPU
		{7AAD4C68-4A14-4C35-8FE6-B20456EBCBCD}.Debug|ARM.Build.0 = Debug|Any CPU
		{7AAD4C68-4A14-4C35-8FE6-B20456EBCBCD}.Debug|iPhone.ActiveCfg = Debug|Any CPU
		{7AAD4C68-4A14-4C35-8FE6-B20456EBCBCD}.Debug|iPhone.Build.0 = Debug|Any CPU
		{7AAD4C68-4A14-4C35-8FE6-B20456EBCBCD}.Debug|iPhoneSimulator.ActiveCfg = Debug|Any CPU
		{7AAD4C68-4A14-4C35-8FE6-B20456EBCBCD}.Debug|iPhoneSimulator.Build.0 = Debug|Any CPU
		{7AAD4C68-4A14-4C35-8FE6-B20456EBCBCD}.Debug|x64.ActiveCfg = Debug|Any CPU
		{7AAD4C68-4A14-4C35-8FE6-B20456EBCBCD}.Debug|x64.Build.0 = Debug|Any CPU
		{7AAD4C68-4A14-4C35-8FE6-B20456EBCBCD}.Debug|x86.ActiveCfg = Debug|Any CPU
		{7AAD4C68-4A14-4C35-8FE6-B20456EBCBCD}.Debug|x86.Build.0 = Debug|Any CPU
		{7AAD4C68-4A14-4C35-8FE6-B20456EBCBCD}.Release|Any CPU.ActiveCfg = Release|Any CPU
		{7AAD4C68-4A14-4C35-8FE6-B20456EBCBCD}.Release|Any CPU.Build.0 = Release|Any CPU
		{7AAD4C68-4A14-4C35-8FE6-B20456EBCBCD}.Release|ARM.ActiveCfg = Release|Any CPU
		{7AAD4C68-4A14-4C35-8FE6-B20456EBCBCD}.Release|ARM.Build.0 = Release|Any CPU
		{7AAD4C68-4A14-4C35-8FE6-B20456EBCBCD}.Release|iPhone.ActiveCfg = Release|Any CPU
		{7AAD4C68-4A14-4C35-8FE6-B20456EBCBCD}.Release|iPhone.Build.0 = Release|Any CPU
		{7AAD4C68-4A14-4C35-8FE6-B20456EBCBCD}.Release|iPhoneSimulator.ActiveCfg = Release|Any CPU
		{7AAD4C68-4A14-4C35-8FE6-B20456EBCBCD}.Release|iPhoneSimulator.Build.0 = Release|Any CPU
		{7AAD4C68-4A14-4C35-8FE6-B20456EBCBCD}.Release|x64.ActiveCfg = Release|Any CPU
		{7AAD4C68-4A14-4C35-8FE6-B20456EBCBCD}.Release|x64.Build.0 = Release|Any CPU
		{7AAD4C68-4A14-4C35-8FE6-B20456EBCBCD}.Release|x86.ActiveCfg = Release|Any CPU
		{7AAD4C68-4A14-4C35-8FE6-B20456EBCBCD}.Release|x86.Build.0 = Release|Any CPU
		{1DCC40D2-1C58-40A6-A41A-0C616E188569}.Debug|Any CPU.ActiveCfg = Debug|Any CPU
		{1DCC40D2-1C58-40A6-A41A-0C616E188569}.Debug|Any CPU.Build.0 = Debug|Any CPU
		{1DCC40D2-1C58-40A6-A41A-0C616E188569}.Debug|Any CPU.Deploy.0 = Debug|Any CPU
		{1DCC40D2-1C58-40A6-A41A-0C616E188569}.Debug|ARM.ActiveCfg = Debug|Any CPU
		{1DCC40D2-1C58-40A6-A41A-0C616E188569}.Debug|ARM.Build.0 = Debug|Any CPU
		{1DCC40D2-1C58-40A6-A41A-0C616E188569}.Debug|ARM.Deploy.0 = Debug|Any CPU
		{1DCC40D2-1C58-40A6-A41A-0C616E188569}.Debug|iPhone.ActiveCfg = Debug|Any CPU
		{1DCC40D2-1C58-40A6-A41A-0C616E188569}.Debug|iPhone.Build.0 = Debug|Any CPU
		{1DCC40D2-1C58-40A6-A41A-0C616E188569}.Debug|iPhone.Deploy.0 = Debug|Any CPU
		{1DCC40D2-1C58-40A6-A41A-0C616E188569}.Debug|iPhoneSimulator.ActiveCfg = Debug|Any CPU
		{1DCC40D2-1C58-40A6-A41A-0C616E188569}.Debug|iPhoneSimulator.Build.0 = Debug|Any CPU
		{1DCC40D2-1C58-40A6-A41A-0C616E188569}.Debug|iPhoneSimulator.Deploy.0 = Debug|Any CPU
		{1DCC40D2-1C58-40A6-A41A-0C616E188569}.Debug|x64.ActiveCfg = Debug|Any CPU
		{1DCC40D2-1C58-40A6-A41A-0C616E188569}.Debug|x64.Build.0 = Debug|Any CPU
		{1DCC40D2-1C58-40A6-A41A-0C616E188569}.Debug|x64.Deploy.0 = Debug|Any CPU
		{1DCC40D2-1C58-40A6-A41A-0C616E188569}.Debug|x86.ActiveCfg = Debug|Any CPU
		{1DCC40D2-1C58-40A6-A41A-0C616E188569}.Debug|x86.Build.0 = Debug|Any CPU
		{1DCC40D2-1C58-40A6-A41A-0C616E188569}.Debug|x86.Deploy.0 = Debug|Any CPU
		{1DCC40D2-1C58-40A6-A41A-0C616E188569}.Release|Any CPU.ActiveCfg = Release|Any CPU
		{1DCC40D2-1C58-40A6-A41A-0C616E188569}.Release|Any CPU.Build.0 = Release|Any CPU
		{1DCC40D2-1C58-40A6-A41A-0C616E188569}.Release|Any CPU.Deploy.0 = Release|Any CPU
		{1DCC40D2-1C58-40A6-A41A-0C616E188569}.Release|ARM.ActiveCfg = Release|Any CPU
		{1DCC40D2-1C58-40A6-A41A-0C616E188569}.Release|ARM.Build.0 = Release|Any CPU
		{1DCC40D2-1C58-40A6-A41A-0C616E188569}.Release|ARM.Deploy.0 = Release|Any CPU
		{1DCC40D2-1C58-40A6-A41A-0C616E188569}.Release|iPhone.ActiveCfg = Release|Any CPU
		{1DCC40D2-1C58-40A6-A41A-0C616E188569}.Release|iPhone.Build.0 = Release|Any CPU
		{1DCC40D2-1C58-40A6-A41A-0C616E188569}.Release|iPhone.Deploy.0 = Release|Any CPU
		{1DCC40D2-1C58-40A6-A41A-0C616E188569}.Release|iPhoneSimulator.ActiveCfg = Release|Any CPU
		{1DCC40D2-1C58-40A6-A41A-0C616E188569}.Release|iPhoneSimulator.Build.0 = Release|Any CPU
		{1DCC40D2-1C58-40A6-A41A-0C616E188569}.Release|iPhoneSimulator.Deploy.0 = Release|Any CPU
		{1DCC40D2-1C58-40A6-A41A-0C616E188569}.Release|x64.ActiveCfg = Release|Any CPU
		{1DCC40D2-1C58-40A6-A41A-0C616E188569}.Release|x64.Build.0 = Release|Any CPU
		{1DCC40D2-1C58-40A6-A41A-0C616E188569}.Release|x64.Deploy.0 = Release|Any CPU
		{1DCC40D2-1C58-40A6-A41A-0C616E188569}.Release|x86.ActiveCfg = Release|Any CPU
		{1DCC40D2-1C58-40A6-A41A-0C616E188569}.Release|x86.Build.0 = Release|Any CPU
		{1DCC40D2-1C58-40A6-A41A-0C616E188569}.Release|x86.Deploy.0 = Release|Any CPU
		{8927ED03-8CEA-4BA9-A13A-5B6AAB86FDCD}.Debug|Any CPU.ActiveCfg = Debug|iPhone
		{8927ED03-8CEA-4BA9-A13A-5B6AAB86FDCD}.Debug|ARM.ActiveCfg = Debug|iPhone
		{8927ED03-8CEA-4BA9-A13A-5B6AAB86FDCD}.Debug|iPhone.ActiveCfg = Debug|iPhone
		{8927ED03-8CEA-4BA9-A13A-5B6AAB86FDCD}.Debug|iPhone.Build.0 = Debug|iPhone
		{8927ED03-8CEA-4BA9-A13A-5B6AAB86FDCD}.Debug|iPhoneSimulator.ActiveCfg = Debug|iPhoneSimulator
		{8927ED03-8CEA-4BA9-A13A-5B6AAB86FDCD}.Debug|iPhoneSimulator.Build.0 = Debug|iPhoneSimulator
		{8927ED03-8CEA-4BA9-A13A-5B6AAB86FDCD}.Debug|x64.ActiveCfg = Debug|iPhone
		{8927ED03-8CEA-4BA9-A13A-5B6AAB86FDCD}.Debug|x86.ActiveCfg = Debug|iPhone
		{8927ED03-8CEA-4BA9-A13A-5B6AAB86FDCD}.Release|Any CPU.ActiveCfg = Release|iPhone
		{8927ED03-8CEA-4BA9-A13A-5B6AAB86FDCD}.Release|ARM.ActiveCfg = Release|iPhone
		{8927ED03-8CEA-4BA9-A13A-5B6AAB86FDCD}.Release|iPhone.ActiveCfg = Release|iPhone
		{8927ED03-8CEA-4BA9-A13A-5B6AAB86FDCD}.Release|iPhone.Build.0 = Release|iPhone
		{8927ED03-8CEA-4BA9-A13A-5B6AAB86FDCD}.Release|iPhoneSimulator.ActiveCfg = Release|iPhoneSimulator
		{8927ED03-8CEA-4BA9-A13A-5B6AAB86FDCD}.Release|iPhoneSimulator.Build.0 = Release|iPhoneSimulator
		{8927ED03-8CEA-4BA9-A13A-5B6AAB86FDCD}.Release|x64.ActiveCfg = Release|iPhone
		{8927ED03-8CEA-4BA9-A13A-5B6AAB86FDCD}.Release|x86.ActiveCfg = Release|iPhone
		{ABE386F9-E836-41C1-8D48-5193D9250907}.Debug|Any CPU.ActiveCfg = Debug|Any CPU
		{ABE386F9-E836-41C1-8D48-5193D9250907}.Debug|Any CPU.Build.0 = Debug|Any CPU
		{ABE386F9-E836-41C1-8D48-5193D9250907}.Debug|ARM.ActiveCfg = Debug|Any CPU
		{ABE386F9-E836-41C1-8D48-5193D9250907}.Debug|ARM.Build.0 = Debug|Any CPU
		{ABE386F9-E836-41C1-8D48-5193D9250907}.Debug|iPhone.ActiveCfg = Debug|Any CPU
		{ABE386F9-E836-41C1-8D48-5193D9250907}.Debug|iPhone.Build.0 = Debug|Any CPU
		{ABE386F9-E836-41C1-8D48-5193D9250907}.Debug|iPhoneSimulator.ActiveCfg = Debug|Any CPU
		{ABE386F9-E836-41C1-8D48-5193D9250907}.Debug|iPhoneSimulator.Build.0 = Debug|Any CPU
		{ABE386F9-E836-41C1-8D48-5193D9250907}.Debug|x64.ActiveCfg = Debug|Any CPU
		{ABE386F9-E836-41C1-8D48-5193D9250907}.Debug|x64.Build.0 = Debug|Any CPU
		{ABE386F9-E836-41C1-8D48-5193D9250907}.Debug|x86.ActiveCfg = Debug|Any CPU
		{ABE386F9-E836-41C1-8D48-5193D9250907}.Debug|x86.Build.0 = Debug|Any CPU
		{ABE386F9-E836-41C1-8D48-5193D9250907}.Release|Any CPU.ActiveCfg = Release|Any CPU
		{ABE386F9-E836-41C1-8D48-5193D9250907}.Release|Any CPU.Build.0 = Release|Any CPU
		{ABE386F9-E836-41C1-8D48-5193D9250907}.Release|ARM.ActiveCfg = Release|Any CPU
		{ABE386F9-E836-41C1-8D48-5193D9250907}.Release|ARM.Build.0 = Release|Any CPU
		{ABE386F9-E836-41C1-8D48-5193D9250907}.Release|iPhone.ActiveCfg = Release|Any CPU
		{ABE386F9-E836-41C1-8D48-5193D9250907}.Release|iPhone.Build.0 = Release|Any CPU
		{ABE386F9-E836-41C1-8D48-5193D9250907}.Release|iPhoneSimulator.ActiveCfg = Release|Any CPU
		{ABE386F9-E836-41C1-8D48-5193D9250907}.Release|iPhoneSimulator.Build.0 = Release|Any CPU
		{ABE386F9-E836-41C1-8D48-5193D9250907}.Release|x64.ActiveCfg = Release|Any CPU
		{ABE386F9-E836-41C1-8D48-5193D9250907}.Release|x64.Build.0 = Release|Any CPU
		{ABE386F9-E836-41C1-8D48-5193D9250907}.Release|x86.ActiveCfg = Release|Any CPU
		{ABE386F9-E836-41C1-8D48-5193D9250907}.Release|x86.Build.0 = Release|Any CPU
		{71CA636B-8D65-4624-80CE-D1FC3DE74607}.Debug|Any CPU.ActiveCfg = Debug|Any CPU
		{71CA636B-8D65-4624-80CE-D1FC3DE74607}.Debug|Any CPU.Build.0 = Debug|Any CPU
		{71CA636B-8D65-4624-80CE-D1FC3DE74607}.Debug|ARM.ActiveCfg = Debug|Any CPU
		{71CA636B-8D65-4624-80CE-D1FC3DE74607}.Debug|ARM.Build.0 = Debug|Any CPU
		{71CA636B-8D65-4624-80CE-D1FC3DE74607}.Debug|iPhone.ActiveCfg = Debug|Any CPU
		{71CA636B-8D65-4624-80CE-D1FC3DE74607}.Debug|iPhone.Build.0 = Debug|Any CPU
		{71CA636B-8D65-4624-80CE-D1FC3DE74607}.Debug|iPhoneSimulator.ActiveCfg = Debug|Any CPU
		{71CA636B-8D65-4624-80CE-D1FC3DE74607}.Debug|iPhoneSimulator.Build.0 = Debug|Any CPU
		{71CA636B-8D65-4624-80CE-D1FC3DE74607}.Debug|x64.ActiveCfg = Debug|Any CPU
		{71CA636B-8D65-4624-80CE-D1FC3DE74607}.Debug|x64.Build.0 = Debug|Any CPU
		{71CA636B-8D65-4624-80CE-D1FC3DE74607}.Debug|x86.ActiveCfg = Debug|Any CPU
		{71CA636B-8D65-4624-80CE-D1FC3DE74607}.Debug|x86.Build.0 = Debug|Any CPU
		{71CA636B-8D65-4624-80CE-D1FC3DE74607}.Release|Any CPU.ActiveCfg = Release|Any CPU
		{71CA636B-8D65-4624-80CE-D1FC3DE74607}.Release|Any CPU.Build.0 = Release|Any CPU
		{71CA636B-8D65-4624-80CE-D1FC3DE74607}.Release|ARM.ActiveCfg = Release|Any CPU
		{71CA636B-8D65-4624-80CE-D1FC3DE74607}.Release|ARM.Build.0 = Release|Any CPU
		{71CA636B-8D65-4624-80CE-D1FC3DE74607}.Release|iPhone.ActiveCfg = Release|Any CPU
		{71CA636B-8D65-4624-80CE-D1FC3DE74607}.Release|iPhone.Build.0 = Release|Any CPU
		{71CA636B-8D65-4624-80CE-D1FC3DE74607}.Release|iPhoneSimulator.ActiveCfg = Release|Any CPU
		{71CA636B-8D65-4624-80CE-D1FC3DE74607}.Release|iPhoneSimulator.Build.0 = Release|Any CPU
		{71CA636B-8D65-4624-80CE-D1FC3DE74607}.Release|x64.ActiveCfg = Release|Any CPU
		{71CA636B-8D65-4624-80CE-D1FC3DE74607}.Release|x64.Build.0 = Release|Any CPU
		{71CA636B-8D65-4624-80CE-D1FC3DE74607}.Release|x86.ActiveCfg = Release|Any CPU
		{71CA636B-8D65-4624-80CE-D1FC3DE74607}.Release|x86.Build.0 = Release|Any CPU
	EndGlobalSection
	GlobalSection(SolutionProperties) = preSolution
		HideSolutionNode = FALSE
	EndGlobalSection
	GlobalSection(ExtensibilityGlobals) = postSolution
		SolutionGuid = {C8679901-039A-40C5-A272-FC1A2B47CEE5}
	EndGlobalSection
EndGlobal
